
Microsoft Visual Studio Solution File, Format Version 12.00
# Visual Studio Version 17
VisualStudioVersion = 17.4.33213.308
MinimumVisualStudioVersion = 10.0.40219.1
Project("{9A19103F-16F7-4668-BE54-9A1E7A4F7556}") = "arp", "arp\arp.csproj", "{85DAC37F-98A0-419E-988E-FEFD11106FBB}"
EndProject
Project("{9A19103F-16F7-4668-BE54-9A1E7A4F7556}") = "caffeinate", "caffeinate\caffeinate.csproj", "{E76A30C9-DA8F-4B80-9B33-EC42D20746A7}"
EndProject
Project("{9A19103F-16F7-4668-BE54-9A1E7A4F7556}") = "cat", "cat\cat.csproj", "{1DD1E4AC-A5DB-48C5-BB15-D1D69F64E9FC}"
EndProject
Project("{9A19103F-16F7-4668-BE54-9A1E7A4F7556}") = "cd", "cd\cd.csproj", "{137F348D-7A55-4E6D-ADE4-C0A3AA607B3C}"
EndProject
Project("{9A19103F-16F7-4668-BE54-9A1E7A4F7556}") = "coff", "coff\coff.csproj", "{FF152C1E-0E49-41A0-B4EC-7F9BC177410C}"
EndProject
Project("{9A19103F-16F7-4668-BE54-9A1E7A4F7556}") = "config", "config\config.csproj", "{FD262A62-830D-447C-8AE4-AE6B0CE84FA9}"
EndProject
Project("{9A19103F-16F7-4668-BE54-9A1E7A4F7556}") = "cp", "cp\cp.csproj", "{1772FA76-93C7-45EE-913B-E07460D68C42}"
EndProject
Project("{9A19103F-16F7-4668-BE54-9A1E7A4F7556}") = "crop", "crop\crop.csproj", "{C1C4C876-C4EA-4E8C-8381-60AB07271DD0}"
EndProject
Project("{9A19103F-16F7-4668-BE54-9A1E7A4F7556}") = "download", "download\download.csproj", "{D36BDA74-B4C5-4DC4-B85A-C0190D6229A3}"
EndProject
Project("{9A19103F-16F7-4668-BE54-9A1E7A4F7556}") = "drives", "drives\drives.csproj", "{F16AE31D-B570-4514-AF2E-7C38FE51868E}"
EndProject
Project("{9A19103F-16F7-4668-BE54-9A1E7A4F7556}") = "ds", "ds\ds.csproj", "{48D9C98D-6335-4B34-8088-A6C7944EFB27}"
EndProject
Project("{9A19103F-16F7-4668-BE54-9A1E7A4F7556}") = "env", "env\env.csproj", "{B58436CD-6F83-4644-B47B-BC4FA4F487AF}"
EndProject
Project("{9A19103F-16F7-4668-BE54-9A1E7A4F7556}") = "farmer", "farmer\farmer.csproj", "{33EA8B80-3FC2-4D07-A791-3A4903F03F8A}"
EndProject
Project("{9A19103F-16F7-4668-BE54-9A1E7A4F7556}") = "get-clipboard", "get-clipboard\get-clipboard.csproj", "{1A6E9919-8522-41DA-8C56-663F73941075}"
EndProject
Project("{9A19103F-16F7-4668-BE54-9A1E7A4F7556}") = "get-localgroup", "get-localgroup\get-localgroup.csproj", "{3671E540-C078-4C8C-90F4-A90113EEDABB}"
EndProject
Project("{9A19103F-16F7-4668-BE54-9A1E7A4F7556}") = "get-shares", "get-shares\get-shares.csproj", "{151A8D48-EA5A-4D9B-8B03-78483BC079F1}"
EndProject
Project("{9A19103F-16F7-4668-BE54-9A1E7A4F7556}") = "hostname", "hostname\hostname.csproj", "{1B632931-86AB-42B0-A1FE-A83D09B73432}"
EndProject
Project("{9A19103F-16F7-4668-BE54-9A1E7A4F7556}") = "ifconfig", "ifconfig\ifconfig.csproj", "{5F99DE36-F3B6-4BDA-9E48-EC340C7E231A}"
EndProject
Project("{9A19103F-16F7-4668-BE54-9A1E7A4F7556}") = "inject-shellcode", "inject-shellcode\inject-shellcode.csproj", "{F77EEE91-9782-46B3-B622-EF6858BEA7B2}"
EndProject
Project("{9A19103F-16F7-4668-BE54-9A1E7A4F7556}") = "keylogger", "keylogger\keylogger.csproj", "{1838478F-7E9F-433B-91BB-067025075F66}"
EndProject
Project("{9A19103F-16F7-4668-BE54-9A1E7A4F7556}") = "kill", "kill\kill.csproj", "{907EAA53-CE50-48BB-A66A-1573352EA597}"
EndProject
Project("{9A19103F-16F7-4668-BE54-9A1E7A4F7556}") = "ls", "ls\ls.csproj", "{FFCD4AF2-71BC-42A4-90A2-9789F7E635A4}"
EndProject
Project("{9A19103F-16F7-4668-BE54-9A1E7A4F7556}") = "mkdir", "mkdir\mkdir.csproj", "{F99826A8-F053-493E-9BF0-358AC63052A4}"
EndProject
Project("{9A19103F-16F7-4668-BE54-9A1E7A4F7556}") = "mv", "mv\mv.csproj", "{600A3BA8-C5DB-4FE0-87DC-4ECCA4E86A89}"
EndProject
Project("{9A19103F-16F7-4668-BE54-9A1E7A4F7556}") = "nslookup", "nslookup\nslookup.csproj", "{DF2F2ECF-475F-4080-937D-4D3168D2BFD0}"
EndProject
Project("{9A19103F-16F7-4668-BE54-9A1E7A4F7556}") = "ps", "ps\ps.csproj", "{79DA6A7E-6C96-473A-A79C-E649939BC49A}"
EndProject
Project("{9A19103F-16F7-4668-BE54-9A1E7A4F7556}") = "pwd", "pwd\pwd.csproj", "{75C4B17C-A8C7-4915-B8AD-7BBB023D8B34}"
EndProject
Project("{9A19103F-16F7-4668-BE54-9A1E7A4F7556}") = "reg", "reg\reg.csproj", "{FE8BAF2A-AF95-418C-B97C-55FCCCA590AA}"
EndProject
Project("{9A19103F-16F7-4668-BE54-9A1E7A4F7556}") = "rm", "rm\rm.csproj", "{326C44A1-46CE-4683-A516-7A40307970B2}"
EndProject
Project("{9A19103F-16F7-4668-BE54-9A1E7A4F7556}") = "screenshot", "screenshot\screenshot.csproj", "{4671FCBF-6F85-46FD-9765-2F33C9DD2B70}"
EndProject
Project("{9A19103F-16F7-4668-BE54-9A1E7A4F7556}") = "sftp", "sftp\sftp.csproj", "{254849DA-7EB0-4D9D-8E6D-3586C82F7489}"
EndProject
Project("{9A19103F-16F7-4668-BE54-9A1E7A4F7556}") = "shell", "shell\shell.csproj", "{16A7C4C7-989F-4186-B6AF-ED4868EE524D}"
EndProject
Project("{9A19103F-16F7-4668-BE54-9A1E7A4F7556}") = "shellcode", "shellcode\shellcode.csproj", "{F6192843-D529-4466-B4A4-595D8DB1A8A9}"
EndProject
Project("{9A19103F-16F7-4668-BE54-9A1E7A4F7556}") = "smb", "smb\smb.csproj", "{94D328A8-61A0-45C1-92B4-8B8941A8EC76}"
EndProject
Project("{9A19103F-16F7-4668-BE54-9A1E7A4F7556}") = "socks", "socks\socks.csproj", "{1CB195EA-02A1-43CA-B61B-64C8C4F5B57C}"
EndProject
Project("{9A19103F-16F7-4668-BE54-9A1E7A4F7556}") = "ssh", "ssh\ssh.csproj", "{A34C875A-C05C-4B1F-8B88-BF884A57E28B}"
EndProject
Project("{9A19103F-16F7-4668-BE54-9A1E7A4F7556}") = "test-port", "test-port\test-port.csproj", "{4ECB1BCF-7FE9-41C8-BC44-A372621012E6}"
EndProject
Project("{9A19103F-16F7-4668-BE54-9A1E7A4F7556}") = "timestomp", "timestomp\timestomp.csproj", "{7B7EFB08-634A-4E95-889B-193B83A26720}"
EndProject
Project("{9A19103F-16F7-4668-BE54-9A1E7A4F7556}") = "token", "token\token.csproj", "{D8BC8981-13E6-41F7-8AA3-B9395A78C7C6}"
EndProject
Project("{9A19103F-16F7-4668-BE54-9A1E7A4F7556}") = "upload", "upload\upload.csproj", "{623B044E-03DF-4BF5-B2D6-44ACC570E435}"
EndProject
Project("{9A19103F-16F7-4668-BE54-9A1E7A4F7556}") = "wget", "wget\wget.csproj", "{7E1793DC-8014-46DE-8E0B-ED2CB740BD76}"
EndProject
Project("{9A19103F-16F7-4668-BE54-9A1E7A4F7556}") = "whoami", "whoami\whoami.csproj", "{B37B66C4-E205-4AD8-9706-08A70555759E}"
EndProject
Project("{9A19103F-16F7-4668-BE54-9A1E7A4F7556}") = "win-enum-resources", "win-enum-resources\win-enum-resources.csproj", "{2852ADA1-8BC5-4E92-8638-82151BBBEC74}"
EndProject
Project("{9A19103F-16F7-4668-BE54-9A1E7A4F7556}") = "uptime", "uptime\uptime.csproj", "{63E5FE62-D4AA-41E4-B7B2-AC89CA2D394A}"
EndProject
Project("{9A19103F-16F7-4668-BE54-9A1E7A4F7556}") = "tail", "tail\tail.csproj", "{60A0F877-85EA-4E0A-9CDF-78C883B57E9D}"
EndProject
Project("{9A19103F-16F7-4668-BE54-9A1E7A4F7556}") = "get-sessions", "get-sessions\get-sessions.csproj", "{1EA36B12-4F9B-4D59-99C1-8BC806E43317}"
EndProject
Project("{9A19103F-16F7-4668-BE54-9A1E7A4F7556}") = "Agent.Models", "Agent.Models\Agent.Models.csproj", "{C82D80F7-1748-4F9D-935C-CE59FE0B9AF3}"
EndProject
Project("{9A19103F-16F7-4668-BE54-9A1E7A4F7556}") = "http-server", "http-server\http-server.csproj", "{41DF749F-5548-4997-9ADE-E857E01DDAB1}"
EndProject
Project("{9A19103F-16F7-4668-BE54-9A1E7A4F7556}") = "entitlements", "entitlements\entitlements.csproj", "{FF1B18C5-3FE5-4FFA-8ACB-45B94B04D545}"
EndProject
Project("{9A19103F-16F7-4668-BE54-9A1E7A4F7556}") = "exec", "exec\exec.csproj", "{BDA6A047-1CAB-4346-BAAE-F83CF7C5CB4D}"
EndProject
Project("{9A19103F-16F7-4668-BE54-9A1E7A4F7556}") = "cursed", "cursed\cursed.csproj", "{DC592335-A3AC-45B7-81BB-8A0E15C169F8}"
EndProject
Project("{9A19103F-16F7-4668-BE54-9A1E7A4F7556}") = "echo", "echo\echo.csproj", "{11156F16-F087-429A-A6FF-54FAB26E08D6}"
EndProject
Project("{9A19103F-16F7-4668-BE54-9A1E7A4F7556}") = "jxa", "jxa\jxa.csproj", "{EA6FB0AF-28A9-4C84-9FB1-CEF2F3CFA719}"
EndProject
Project("{9A19103F-16F7-4668-BE54-9A1E7A4F7556}") = "keychain", "keychain\keychain.csproj", "{4B4CC910-DC26-4876-8988-1739A868B70D}"
EndProject
Project("{9A19103F-16F7-4668-BE54-9A1E7A4F7556}") = "jobkill", "jobkill\jobkill.csproj", "{8F70FF04-E7F2-4076-96DD-DE3540F7C091}"
EndProject
Project("{9A19103F-16F7-4668-BE54-9A1E7A4F7556}") = "jobs", "jobs\jobs.csproj", "{EACEFD9F-A277-4502-B046-F8FF4A2D2547}"
EndProject
Project("{9A19103F-16F7-4668-BE54-9A1E7A4F7556}") = "port-bender", "port-bender\port-bender.csproj", "{FB25EDD1-9897-4D5C-9934-483ACFD746FC}"
EndProject
Project("{9A19103F-16F7-4668-BE54-9A1E7A4F7556}") = "lnk", "lnk\lnk.csproj", "{BF7538C5-FEF5-48A4-8298-9F05E24ED9F3}"
EndProject
Project("{9A19103F-16F7-4668-BE54-9A1E7A4F7556}") = "rportfwd", "rportfwd\rportfwd.csproj", "{F907FF0F-5BF7-4667-A4B5-B61C00564836}"
EndProject
Project("{9A19103F-16F7-4668-BE54-9A1E7A4F7556}") = "inject-shellcode-linux", "inject-shellcode-linux\inject-shellcode-linux.csproj", "{1802DE71-C9F2-41EC-95C9-C51A5F1CEE5C}"
EndProject
Project("{9A19103F-16F7-4668-BE54-9A1E7A4F7556}") = "execute-assembly", "execute-assembly\execute-assembly.csproj", "{44B96F71-3E1D-4E64-91E5-CC2381F1D34E}"
EndProject
Project("{9A19103F-16F7-4668-BE54-9A1E7A4F7556}") = "netstat", "netstat\netstat.csproj", "{B9C9E474-F279-47EC-AC8E-13A7DC700FA7}"
EndProject
Project("{9A19103F-16F7-4668-BE54-9A1E7A4F7556}") = "nidhogg", "nidhogg\nidhogg.csproj", "{F0B7685F-0B51-4AD8-9997-8C03400C0E25}"
EndProject
Global
	GlobalSection(SolutionConfigurationPlatforms) = preSolution
		Debug|Any CPU = Debug|Any CPU
		LocalDebug|Any CPU = LocalDebug|Any CPU
		Release|Any CPU = Release|Any CPU
	EndGlobalSection
	GlobalSection(ProjectConfigurationPlatforms) = postSolution
		{85DAC37F-98A0-419E-988E-FEFD11106FBB}.Debug|Any CPU.ActiveCfg = Debug|Any CPU
		{85DAC37F-98A0-419E-988E-FEFD11106FBB}.Debug|Any CPU.Build.0 = Debug|Any CPU
		{85DAC37F-98A0-419E-988E-FEFD11106FBB}.LocalDebug|Any CPU.ActiveCfg = LocalDebug|Any CPU
		{85DAC37F-98A0-419E-988E-FEFD11106FBB}.LocalDebug|Any CPU.Build.0 = LocalDebug|Any CPU
		{85DAC37F-98A0-419E-988E-FEFD11106FBB}.Release|Any CPU.ActiveCfg = Release|Any CPU
		{85DAC37F-98A0-419E-988E-FEFD11106FBB}.Release|Any CPU.Build.0 = Release|Any CPU
		{E76A30C9-DA8F-4B80-9B33-EC42D20746A7}.Debug|Any CPU.ActiveCfg = Debug|Any CPU
		{E76A30C9-DA8F-4B80-9B33-EC42D20746A7}.Debug|Any CPU.Build.0 = Debug|Any CPU
		{E76A30C9-DA8F-4B80-9B33-EC42D20746A7}.LocalDebug|Any CPU.ActiveCfg = LocalDebug|Any CPU
		{E76A30C9-DA8F-4B80-9B33-EC42D20746A7}.LocalDebug|Any CPU.Build.0 = LocalDebug|Any CPU
		{E76A30C9-DA8F-4B80-9B33-EC42D20746A7}.Release|Any CPU.ActiveCfg = Release|Any CPU
		{E76A30C9-DA8F-4B80-9B33-EC42D20746A7}.Release|Any CPU.Build.0 = Release|Any CPU
		{1DD1E4AC-A5DB-48C5-BB15-D1D69F64E9FC}.Debug|Any CPU.ActiveCfg = Debug|Any CPU
		{1DD1E4AC-A5DB-48C5-BB15-D1D69F64E9FC}.Debug|Any CPU.Build.0 = Debug|Any CPU
		{1DD1E4AC-A5DB-48C5-BB15-D1D69F64E9FC}.LocalDebug|Any CPU.ActiveCfg = LocalDebug|Any CPU
		{1DD1E4AC-A5DB-48C5-BB15-D1D69F64E9FC}.LocalDebug|Any CPU.Build.0 = LocalDebug|Any CPU
		{1DD1E4AC-A5DB-48C5-BB15-D1D69F64E9FC}.Release|Any CPU.ActiveCfg = Release|Any CPU
		{1DD1E4AC-A5DB-48C5-BB15-D1D69F64E9FC}.Release|Any CPU.Build.0 = Release|Any CPU
		{137F348D-7A55-4E6D-ADE4-C0A3AA607B3C}.Debug|Any CPU.ActiveCfg = Debug|Any CPU
		{137F348D-7A55-4E6D-ADE4-C0A3AA607B3C}.Debug|Any CPU.Build.0 = Debug|Any CPU
		{137F348D-7A55-4E6D-ADE4-C0A3AA607B3C}.LocalDebug|Any CPU.ActiveCfg = LocalDebug|Any CPU
		{137F348D-7A55-4E6D-ADE4-C0A3AA607B3C}.LocalDebug|Any CPU.Build.0 = LocalDebug|Any CPU
		{137F348D-7A55-4E6D-ADE4-C0A3AA607B3C}.Release|Any CPU.ActiveCfg = Release|Any CPU
		{137F348D-7A55-4E6D-ADE4-C0A3AA607B3C}.Release|Any CPU.Build.0 = Release|Any CPU
		{FF152C1E-0E49-41A0-B4EC-7F9BC177410C}.Debug|Any CPU.ActiveCfg = Debug|Any CPU
		{FF152C1E-0E49-41A0-B4EC-7F9BC177410C}.Debug|Any CPU.Build.0 = Debug|Any CPU
		{FF152C1E-0E49-41A0-B4EC-7F9BC177410C}.LocalDebug|Any CPU.ActiveCfg = LocalDebug|Any CPU
		{FF152C1E-0E49-41A0-B4EC-7F9BC177410C}.LocalDebug|Any CPU.Build.0 = LocalDebug|Any CPU
		{FF152C1E-0E49-41A0-B4EC-7F9BC177410C}.Release|Any CPU.ActiveCfg = Release|Any CPU
		{FF152C1E-0E49-41A0-B4EC-7F9BC177410C}.Release|Any CPU.Build.0 = Release|Any CPU
		{FD262A62-830D-447C-8AE4-AE6B0CE84FA9}.Debug|Any CPU.ActiveCfg = Debug|Any CPU
		{FD262A62-830D-447C-8AE4-AE6B0CE84FA9}.Debug|Any CPU.Build.0 = Debug|Any CPU
		{FD262A62-830D-447C-8AE4-AE6B0CE84FA9}.LocalDebug|Any CPU.ActiveCfg = LocalDebug|Any CPU
		{FD262A62-830D-447C-8AE4-AE6B0CE84FA9}.LocalDebug|Any CPU.Build.0 = LocalDebug|Any CPU
		{FD262A62-830D-447C-8AE4-AE6B0CE84FA9}.Release|Any CPU.ActiveCfg = Release|Any CPU
		{FD262A62-830D-447C-8AE4-AE6B0CE84FA9}.Release|Any CPU.Build.0 = Release|Any CPU
		{1772FA76-93C7-45EE-913B-E07460D68C42}.Debug|Any CPU.ActiveCfg = Debug|Any CPU
		{1772FA76-93C7-45EE-913B-E07460D68C42}.Debug|Any CPU.Build.0 = Debug|Any CPU
		{1772FA76-93C7-45EE-913B-E07460D68C42}.LocalDebug|Any CPU.ActiveCfg = LocalDebug|Any CPU
		{1772FA76-93C7-45EE-913B-E07460D68C42}.LocalDebug|Any CPU.Build.0 = LocalDebug|Any CPU
		{1772FA76-93C7-45EE-913B-E07460D68C42}.Release|Any CPU.ActiveCfg = Release|Any CPU
		{1772FA76-93C7-45EE-913B-E07460D68C42}.Release|Any CPU.Build.0 = Release|Any CPU
		{C1C4C876-C4EA-4E8C-8381-60AB07271DD0}.Debug|Any CPU.ActiveCfg = Debug|Any CPU
		{C1C4C876-C4EA-4E8C-8381-60AB07271DD0}.Debug|Any CPU.Build.0 = Debug|Any CPU
		{C1C4C876-C4EA-4E8C-8381-60AB07271DD0}.LocalDebug|Any CPU.ActiveCfg = LocalDebug|Any CPU
		{C1C4C876-C4EA-4E8C-8381-60AB07271DD0}.LocalDebug|Any CPU.Build.0 = LocalDebug|Any CPU
		{C1C4C876-C4EA-4E8C-8381-60AB07271DD0}.Release|Any CPU.ActiveCfg = Release|Any CPU
		{C1C4C876-C4EA-4E8C-8381-60AB07271DD0}.Release|Any CPU.Build.0 = Release|Any CPU
		{D36BDA74-B4C5-4DC4-B85A-C0190D6229A3}.Debug|Any CPU.ActiveCfg = Debug|Any CPU
		{D36BDA74-B4C5-4DC4-B85A-C0190D6229A3}.Debug|Any CPU.Build.0 = Debug|Any CPU
		{D36BDA74-B4C5-4DC4-B85A-C0190D6229A3}.LocalDebug|Any CPU.ActiveCfg = LocalDebug|Any CPU
		{D36BDA74-B4C5-4DC4-B85A-C0190D6229A3}.LocalDebug|Any CPU.Build.0 = LocalDebug|Any CPU
		{D36BDA74-B4C5-4DC4-B85A-C0190D6229A3}.Release|Any CPU.ActiveCfg = Release|Any CPU
		{D36BDA74-B4C5-4DC4-B85A-C0190D6229A3}.Release|Any CPU.Build.0 = Release|Any CPU
		{F16AE31D-B570-4514-AF2E-7C38FE51868E}.Debug|Any CPU.ActiveCfg = Debug|Any CPU
		{F16AE31D-B570-4514-AF2E-7C38FE51868E}.Debug|Any CPU.Build.0 = Debug|Any CPU
		{F16AE31D-B570-4514-AF2E-7C38FE51868E}.LocalDebug|Any CPU.ActiveCfg = LocalDebug|Any CPU
		{F16AE31D-B570-4514-AF2E-7C38FE51868E}.LocalDebug|Any CPU.Build.0 = LocalDebug|Any CPU
		{F16AE31D-B570-4514-AF2E-7C38FE51868E}.Release|Any CPU.ActiveCfg = Release|Any CPU
		{F16AE31D-B570-4514-AF2E-7C38FE51868E}.Release|Any CPU.Build.0 = Release|Any CPU
		{48D9C98D-6335-4B34-8088-A6C7944EFB27}.Debug|Any CPU.ActiveCfg = Debug|Any CPU
		{48D9C98D-6335-4B34-8088-A6C7944EFB27}.Debug|Any CPU.Build.0 = Debug|Any CPU
		{48D9C98D-6335-4B34-8088-A6C7944EFB27}.LocalDebug|Any CPU.ActiveCfg = LocalDebug|Any CPU
		{48D9C98D-6335-4B34-8088-A6C7944EFB27}.LocalDebug|Any CPU.Build.0 = LocalDebug|Any CPU
		{48D9C98D-6335-4B34-8088-A6C7944EFB27}.Release|Any CPU.ActiveCfg = Release|Any CPU
		{48D9C98D-6335-4B34-8088-A6C7944EFB27}.Release|Any CPU.Build.0 = Release|Any CPU
		{B58436CD-6F83-4644-B47B-BC4FA4F487AF}.Debug|Any CPU.ActiveCfg = Debug|Any CPU
		{B58436CD-6F83-4644-B47B-BC4FA4F487AF}.Debug|Any CPU.Build.0 = Debug|Any CPU
		{B58436CD-6F83-4644-B47B-BC4FA4F487AF}.LocalDebug|Any CPU.ActiveCfg = LocalDebug|Any CPU
		{B58436CD-6F83-4644-B47B-BC4FA4F487AF}.LocalDebug|Any CPU.Build.0 = LocalDebug|Any CPU
		{B58436CD-6F83-4644-B47B-BC4FA4F487AF}.Release|Any CPU.ActiveCfg = Release|Any CPU
		{B58436CD-6F83-4644-B47B-BC4FA4F487AF}.Release|Any CPU.Build.0 = Release|Any CPU
		{33EA8B80-3FC2-4D07-A791-3A4903F03F8A}.Debug|Any CPU.ActiveCfg = Debug|Any CPU
		{33EA8B80-3FC2-4D07-A791-3A4903F03F8A}.Debug|Any CPU.Build.0 = Debug|Any CPU
		{33EA8B80-3FC2-4D07-A791-3A4903F03F8A}.LocalDebug|Any CPU.ActiveCfg = LocalDebug|Any CPU
		{33EA8B80-3FC2-4D07-A791-3A4903F03F8A}.LocalDebug|Any CPU.Build.0 = LocalDebug|Any CPU
		{33EA8B80-3FC2-4D07-A791-3A4903F03F8A}.Release|Any CPU.ActiveCfg = Release|Any CPU
		{33EA8B80-3FC2-4D07-A791-3A4903F03F8A}.Release|Any CPU.Build.0 = Release|Any CPU
		{1A6E9919-8522-41DA-8C56-663F73941075}.Debug|Any CPU.ActiveCfg = Debug|Any CPU
		{1A6E9919-8522-41DA-8C56-663F73941075}.Debug|Any CPU.Build.0 = Debug|Any CPU
		{1A6E9919-8522-41DA-8C56-663F73941075}.LocalDebug|Any CPU.ActiveCfg = LocalDebug|Any CPU
		{1A6E9919-8522-41DA-8C56-663F73941075}.LocalDebug|Any CPU.Build.0 = LocalDebug|Any CPU
		{1A6E9919-8522-41DA-8C56-663F73941075}.Release|Any CPU.ActiveCfg = Release|Any CPU
		{1A6E9919-8522-41DA-8C56-663F73941075}.Release|Any CPU.Build.0 = Release|Any CPU
		{3671E540-C078-4C8C-90F4-A90113EEDABB}.Debug|Any CPU.ActiveCfg = Debug|Any CPU
		{3671E540-C078-4C8C-90F4-A90113EEDABB}.Debug|Any CPU.Build.0 = Debug|Any CPU
		{3671E540-C078-4C8C-90F4-A90113EEDABB}.LocalDebug|Any CPU.ActiveCfg = LocalDebug|Any CPU
		{3671E540-C078-4C8C-90F4-A90113EEDABB}.LocalDebug|Any CPU.Build.0 = LocalDebug|Any CPU
		{3671E540-C078-4C8C-90F4-A90113EEDABB}.Release|Any CPU.ActiveCfg = Release|Any CPU
		{3671E540-C078-4C8C-90F4-A90113EEDABB}.Release|Any CPU.Build.0 = Release|Any CPU
		{151A8D48-EA5A-4D9B-8B03-78483BC079F1}.Debug|Any CPU.ActiveCfg = Debug|Any CPU
		{151A8D48-EA5A-4D9B-8B03-78483BC079F1}.Debug|Any CPU.Build.0 = Debug|Any CPU
		{151A8D48-EA5A-4D9B-8B03-78483BC079F1}.LocalDebug|Any CPU.ActiveCfg = LocalDebug|Any CPU
		{151A8D48-EA5A-4D9B-8B03-78483BC079F1}.LocalDebug|Any CPU.Build.0 = LocalDebug|Any CPU
		{151A8D48-EA5A-4D9B-8B03-78483BC079F1}.Release|Any CPU.ActiveCfg = Release|Any CPU
		{151A8D48-EA5A-4D9B-8B03-78483BC079F1}.Release|Any CPU.Build.0 = Release|Any CPU
		{1B632931-86AB-42B0-A1FE-A83D09B73432}.Debug|Any CPU.ActiveCfg = Debug|Any CPU
		{1B632931-86AB-42B0-A1FE-A83D09B73432}.Debug|Any CPU.Build.0 = Debug|Any CPU
		{1B632931-86AB-42B0-A1FE-A83D09B73432}.LocalDebug|Any CPU.ActiveCfg = LocalDebug|Any CPU
		{1B632931-86AB-42B0-A1FE-A83D09B73432}.LocalDebug|Any CPU.Build.0 = LocalDebug|Any CPU
		{1B632931-86AB-42B0-A1FE-A83D09B73432}.Release|Any CPU.ActiveCfg = Release|Any CPU
		{1B632931-86AB-42B0-A1FE-A83D09B73432}.Release|Any CPU.Build.0 = Release|Any CPU
		{5F99DE36-F3B6-4BDA-9E48-EC340C7E231A}.Debug|Any CPU.ActiveCfg = Debug|Any CPU
		{5F99DE36-F3B6-4BDA-9E48-EC340C7E231A}.Debug|Any CPU.Build.0 = Debug|Any CPU
		{5F99DE36-F3B6-4BDA-9E48-EC340C7E231A}.LocalDebug|Any CPU.ActiveCfg = LocalDebug|Any CPU
		{5F99DE36-F3B6-4BDA-9E48-EC340C7E231A}.LocalDebug|Any CPU.Build.0 = LocalDebug|Any CPU
		{5F99DE36-F3B6-4BDA-9E48-EC340C7E231A}.Release|Any CPU.ActiveCfg = Release|Any CPU
		{5F99DE36-F3B6-4BDA-9E48-EC340C7E231A}.Release|Any CPU.Build.0 = Release|Any CPU
		{F77EEE91-9782-46B3-B622-EF6858BEA7B2}.Debug|Any CPU.ActiveCfg = Debug|Any CPU
		{F77EEE91-9782-46B3-B622-EF6858BEA7B2}.Debug|Any CPU.Build.0 = Debug|Any CPU
		{F77EEE91-9782-46B3-B622-EF6858BEA7B2}.LocalDebug|Any CPU.ActiveCfg = LocalDebug|Any CPU
		{F77EEE91-9782-46B3-B622-EF6858BEA7B2}.LocalDebug|Any CPU.Build.0 = LocalDebug|Any CPU
		{F77EEE91-9782-46B3-B622-EF6858BEA7B2}.Release|Any CPU.ActiveCfg = Release|Any CPU
		{F77EEE91-9782-46B3-B622-EF6858BEA7B2}.Release|Any CPU.Build.0 = Release|Any CPU
		{1838478F-7E9F-433B-91BB-067025075F66}.Debug|Any CPU.ActiveCfg = Debug|Any CPU
		{1838478F-7E9F-433B-91BB-067025075F66}.Debug|Any CPU.Build.0 = Debug|Any CPU
		{1838478F-7E9F-433B-91BB-067025075F66}.LocalDebug|Any CPU.ActiveCfg = LocalDebug|Any CPU
		{1838478F-7E9F-433B-91BB-067025075F66}.LocalDebug|Any CPU.Build.0 = LocalDebug|Any CPU
		{1838478F-7E9F-433B-91BB-067025075F66}.Release|Any CPU.ActiveCfg = Release|Any CPU
		{1838478F-7E9F-433B-91BB-067025075F66}.Release|Any CPU.Build.0 = Release|Any CPU
		{907EAA53-CE50-48BB-A66A-1573352EA597}.Debug|Any CPU.ActiveCfg = Debug|Any CPU
		{907EAA53-CE50-48BB-A66A-1573352EA597}.Debug|Any CPU.Build.0 = Debug|Any CPU
		{907EAA53-CE50-48BB-A66A-1573352EA597}.LocalDebug|Any CPU.ActiveCfg = LocalDebug|Any CPU
		{907EAA53-CE50-48BB-A66A-1573352EA597}.LocalDebug|Any CPU.Build.0 = LocalDebug|Any CPU
		{907EAA53-CE50-48BB-A66A-1573352EA597}.Release|Any CPU.ActiveCfg = Release|Any CPU
		{907EAA53-CE50-48BB-A66A-1573352EA597}.Release|Any CPU.Build.0 = Release|Any CPU
		{FFCD4AF2-71BC-42A4-90A2-9789F7E635A4}.Debug|Any CPU.ActiveCfg = Debug|Any CPU
		{FFCD4AF2-71BC-42A4-90A2-9789F7E635A4}.Debug|Any CPU.Build.0 = Debug|Any CPU
		{FFCD4AF2-71BC-42A4-90A2-9789F7E635A4}.LocalDebug|Any CPU.ActiveCfg = LocalDebug|Any CPU
		{FFCD4AF2-71BC-42A4-90A2-9789F7E635A4}.LocalDebug|Any CPU.Build.0 = LocalDebug|Any CPU
		{FFCD4AF2-71BC-42A4-90A2-9789F7E635A4}.Release|Any CPU.ActiveCfg = Release|Any CPU
		{FFCD4AF2-71BC-42A4-90A2-9789F7E635A4}.Release|Any CPU.Build.0 = Release|Any CPU
		{F99826A8-F053-493E-9BF0-358AC63052A4}.Debug|Any CPU.ActiveCfg = Debug|Any CPU
		{F99826A8-F053-493E-9BF0-358AC63052A4}.Debug|Any CPU.Build.0 = Debug|Any CPU
		{F99826A8-F053-493E-9BF0-358AC63052A4}.LocalDebug|Any CPU.ActiveCfg = LocalDebug|Any CPU
		{F99826A8-F053-493E-9BF0-358AC63052A4}.LocalDebug|Any CPU.Build.0 = LocalDebug|Any CPU
		{F99826A8-F053-493E-9BF0-358AC63052A4}.Release|Any CPU.ActiveCfg = Release|Any CPU
		{F99826A8-F053-493E-9BF0-358AC63052A4}.Release|Any CPU.Build.0 = Release|Any CPU
		{600A3BA8-C5DB-4FE0-87DC-4ECCA4E86A89}.Debug|Any CPU.ActiveCfg = Debug|Any CPU
		{600A3BA8-C5DB-4FE0-87DC-4ECCA4E86A89}.Debug|Any CPU.Build.0 = Debug|Any CPU
		{600A3BA8-C5DB-4FE0-87DC-4ECCA4E86A89}.LocalDebug|Any CPU.ActiveCfg = LocalDebug|Any CPU
		{600A3BA8-C5DB-4FE0-87DC-4ECCA4E86A89}.LocalDebug|Any CPU.Build.0 = LocalDebug|Any CPU
		{600A3BA8-C5DB-4FE0-87DC-4ECCA4E86A89}.Release|Any CPU.ActiveCfg = Release|Any CPU
		{600A3BA8-C5DB-4FE0-87DC-4ECCA4E86A89}.Release|Any CPU.Build.0 = Release|Any CPU
		{DF2F2ECF-475F-4080-937D-4D3168D2BFD0}.Debug|Any CPU.ActiveCfg = Debug|Any CPU
		{DF2F2ECF-475F-4080-937D-4D3168D2BFD0}.Debug|Any CPU.Build.0 = Debug|Any CPU
		{DF2F2ECF-475F-4080-937D-4D3168D2BFD0}.LocalDebug|Any CPU.ActiveCfg = LocalDebug|Any CPU
		{DF2F2ECF-475F-4080-937D-4D3168D2BFD0}.LocalDebug|Any CPU.Build.0 = LocalDebug|Any CPU
		{DF2F2ECF-475F-4080-937D-4D3168D2BFD0}.Release|Any CPU.ActiveCfg = Release|Any CPU
		{DF2F2ECF-475F-4080-937D-4D3168D2BFD0}.Release|Any CPU.Build.0 = Release|Any CPU
		{79DA6A7E-6C96-473A-A79C-E649939BC49A}.Debug|Any CPU.ActiveCfg = Debug|Any CPU
		{79DA6A7E-6C96-473A-A79C-E649939BC49A}.Debug|Any CPU.Build.0 = Debug|Any CPU
		{79DA6A7E-6C96-473A-A79C-E649939BC49A}.LocalDebug|Any CPU.ActiveCfg = LocalDebug|Any CPU
		{79DA6A7E-6C96-473A-A79C-E649939BC49A}.LocalDebug|Any CPU.Build.0 = LocalDebug|Any CPU
		{79DA6A7E-6C96-473A-A79C-E649939BC49A}.Release|Any CPU.ActiveCfg = Release|Any CPU
		{79DA6A7E-6C96-473A-A79C-E649939BC49A}.Release|Any CPU.Build.0 = Release|Any CPU
		{75C4B17C-A8C7-4915-B8AD-7BBB023D8B34}.Debug|Any CPU.ActiveCfg = Debug|Any CPU
		{75C4B17C-A8C7-4915-B8AD-7BBB023D8B34}.Debug|Any CPU.Build.0 = Debug|Any CPU
		{75C4B17C-A8C7-4915-B8AD-7BBB023D8B34}.LocalDebug|Any CPU.ActiveCfg = LocalDebug|Any CPU
		{75C4B17C-A8C7-4915-B8AD-7BBB023D8B34}.LocalDebug|Any CPU.Build.0 = LocalDebug|Any CPU
		{75C4B17C-A8C7-4915-B8AD-7BBB023D8B34}.Release|Any CPU.ActiveCfg = Release|Any CPU
		{75C4B17C-A8C7-4915-B8AD-7BBB023D8B34}.Release|Any CPU.Build.0 = Release|Any CPU
		{FE8BAF2A-AF95-418C-B97C-55FCCCA590AA}.Debug|Any CPU.ActiveCfg = Debug|Any CPU
		{FE8BAF2A-AF95-418C-B97C-55FCCCA590AA}.Debug|Any CPU.Build.0 = Debug|Any CPU
		{FE8BAF2A-AF95-418C-B97C-55FCCCA590AA}.LocalDebug|Any CPU.ActiveCfg = LocalDebug|Any CPU
		{FE8BAF2A-AF95-418C-B97C-55FCCCA590AA}.LocalDebug|Any CPU.Build.0 = LocalDebug|Any CPU
		{FE8BAF2A-AF95-418C-B97C-55FCCCA590AA}.Release|Any CPU.ActiveCfg = Release|Any CPU
		{FE8BAF2A-AF95-418C-B97C-55FCCCA590AA}.Release|Any CPU.Build.0 = Release|Any CPU
		{326C44A1-46CE-4683-A516-7A40307970B2}.Debug|Any CPU.ActiveCfg = Debug|Any CPU
		{326C44A1-46CE-4683-A516-7A40307970B2}.Debug|Any CPU.Build.0 = Debug|Any CPU
		{326C44A1-46CE-4683-A516-7A40307970B2}.LocalDebug|Any CPU.ActiveCfg = LocalDebug|Any CPU
		{326C44A1-46CE-4683-A516-7A40307970B2}.LocalDebug|Any CPU.Build.0 = LocalDebug|Any CPU
		{326C44A1-46CE-4683-A516-7A40307970B2}.Release|Any CPU.ActiveCfg = Release|Any CPU
		{326C44A1-46CE-4683-A516-7A40307970B2}.Release|Any CPU.Build.0 = Release|Any CPU
		{4671FCBF-6F85-46FD-9765-2F33C9DD2B70}.Debug|Any CPU.ActiveCfg = Debug|Any CPU
		{4671FCBF-6F85-46FD-9765-2F33C9DD2B70}.Debug|Any CPU.Build.0 = Debug|Any CPU
		{4671FCBF-6F85-46FD-9765-2F33C9DD2B70}.LocalDebug|Any CPU.ActiveCfg = LocalDebug|Any CPU
		{4671FCBF-6F85-46FD-9765-2F33C9DD2B70}.LocalDebug|Any CPU.Build.0 = LocalDebug|Any CPU
		{4671FCBF-6F85-46FD-9765-2F33C9DD2B70}.Release|Any CPU.ActiveCfg = Release|Any CPU
		{4671FCBF-6F85-46FD-9765-2F33C9DD2B70}.Release|Any CPU.Build.0 = Release|Any CPU
		{254849DA-7EB0-4D9D-8E6D-3586C82F7489}.Debug|Any CPU.ActiveCfg = Debug|Any CPU
		{254849DA-7EB0-4D9D-8E6D-3586C82F7489}.Debug|Any CPU.Build.0 = Debug|Any CPU
		{254849DA-7EB0-4D9D-8E6D-3586C82F7489}.LocalDebug|Any CPU.ActiveCfg = LocalDebug|Any CPU
		{254849DA-7EB0-4D9D-8E6D-3586C82F7489}.LocalDebug|Any CPU.Build.0 = LocalDebug|Any CPU
		{254849DA-7EB0-4D9D-8E6D-3586C82F7489}.Release|Any CPU.ActiveCfg = Release|Any CPU
		{254849DA-7EB0-4D9D-8E6D-3586C82F7489}.Release|Any CPU.Build.0 = Release|Any CPU
		{16A7C4C7-989F-4186-B6AF-ED4868EE524D}.Debug|Any CPU.ActiveCfg = Debug|Any CPU
		{16A7C4C7-989F-4186-B6AF-ED4868EE524D}.Debug|Any CPU.Build.0 = Debug|Any CPU
		{16A7C4C7-989F-4186-B6AF-ED4868EE524D}.LocalDebug|Any CPU.ActiveCfg = LocalDebug|Any CPU
		{16A7C4C7-989F-4186-B6AF-ED4868EE524D}.LocalDebug|Any CPU.Build.0 = LocalDebug|Any CPU
		{16A7C4C7-989F-4186-B6AF-ED4868EE524D}.Release|Any CPU.ActiveCfg = Release|Any CPU
		{16A7C4C7-989F-4186-B6AF-ED4868EE524D}.Release|Any CPU.Build.0 = Release|Any CPU
		{F6192843-D529-4466-B4A4-595D8DB1A8A9}.Debug|Any CPU.ActiveCfg = Debug|Any CPU
		{F6192843-D529-4466-B4A4-595D8DB1A8A9}.Debug|Any CPU.Build.0 = Debug|Any CPU
		{F6192843-D529-4466-B4A4-595D8DB1A8A9}.LocalDebug|Any CPU.ActiveCfg = LocalDebug|Any CPU
		{F6192843-D529-4466-B4A4-595D8DB1A8A9}.LocalDebug|Any CPU.Build.0 = LocalDebug|Any CPU
		{F6192843-D529-4466-B4A4-595D8DB1A8A9}.Release|Any CPU.ActiveCfg = Release|Any CPU
		{F6192843-D529-4466-B4A4-595D8DB1A8A9}.Release|Any CPU.Build.0 = Release|Any CPU
		{94D328A8-61A0-45C1-92B4-8B8941A8EC76}.Debug|Any CPU.ActiveCfg = Debug|Any CPU
		{94D328A8-61A0-45C1-92B4-8B8941A8EC76}.Debug|Any CPU.Build.0 = Debug|Any CPU
		{94D328A8-61A0-45C1-92B4-8B8941A8EC76}.LocalDebug|Any CPU.ActiveCfg = LocalDebug|Any CPU
		{94D328A8-61A0-45C1-92B4-8B8941A8EC76}.LocalDebug|Any CPU.Build.0 = LocalDebug|Any CPU
		{94D328A8-61A0-45C1-92B4-8B8941A8EC76}.Release|Any CPU.ActiveCfg = Release|Any CPU
		{94D328A8-61A0-45C1-92B4-8B8941A8EC76}.Release|Any CPU.Build.0 = Release|Any CPU
		{1CB195EA-02A1-43CA-B61B-64C8C4F5B57C}.Debug|Any CPU.ActiveCfg = Debug|Any CPU
		{1CB195EA-02A1-43CA-B61B-64C8C4F5B57C}.Debug|Any CPU.Build.0 = Debug|Any CPU
		{1CB195EA-02A1-43CA-B61B-64C8C4F5B57C}.LocalDebug|Any CPU.ActiveCfg = LocalDebug|Any CPU
		{1CB195EA-02A1-43CA-B61B-64C8C4F5B57C}.LocalDebug|Any CPU.Build.0 = LocalDebug|Any CPU
		{1CB195EA-02A1-43CA-B61B-64C8C4F5B57C}.Release|Any CPU.ActiveCfg = Release|Any CPU
		{1CB195EA-02A1-43CA-B61B-64C8C4F5B57C}.Release|Any CPU.Build.0 = Release|Any CPU
		{A34C875A-C05C-4B1F-8B88-BF884A57E28B}.Debug|Any CPU.ActiveCfg = Debug|Any CPU
		{A34C875A-C05C-4B1F-8B88-BF884A57E28B}.Debug|Any CPU.Build.0 = Debug|Any CPU
		{A34C875A-C05C-4B1F-8B88-BF884A57E28B}.LocalDebug|Any CPU.ActiveCfg = LocalDebug|Any CPU
		{A34C875A-C05C-4B1F-8B88-BF884A57E28B}.LocalDebug|Any CPU.Build.0 = LocalDebug|Any CPU
		{A34C875A-C05C-4B1F-8B88-BF884A57E28B}.Release|Any CPU.ActiveCfg = Release|Any CPU
		{A34C875A-C05C-4B1F-8B88-BF884A57E28B}.Release|Any CPU.Build.0 = Release|Any CPU
		{4ECB1BCF-7FE9-41C8-BC44-A372621012E6}.Debug|Any CPU.ActiveCfg = Debug|Any CPU
		{4ECB1BCF-7FE9-41C8-BC44-A372621012E6}.Debug|Any CPU.Build.0 = Debug|Any CPU
		{4ECB1BCF-7FE9-41C8-BC44-A372621012E6}.LocalDebug|Any CPU.ActiveCfg = LocalDebug|Any CPU
		{4ECB1BCF-7FE9-41C8-BC44-A372621012E6}.LocalDebug|Any CPU.Build.0 = LocalDebug|Any CPU
		{4ECB1BCF-7FE9-41C8-BC44-A372621012E6}.Release|Any CPU.ActiveCfg = Release|Any CPU
		{4ECB1BCF-7FE9-41C8-BC44-A372621012E6}.Release|Any CPU.Build.0 = Release|Any CPU
		{7B7EFB08-634A-4E95-889B-193B83A26720}.Debug|Any CPU.ActiveCfg = Debug|Any CPU
		{7B7EFB08-634A-4E95-889B-193B83A26720}.Debug|Any CPU.Build.0 = Debug|Any CPU
		{7B7EFB08-634A-4E95-889B-193B83A26720}.LocalDebug|Any CPU.ActiveCfg = LocalDebug|Any CPU
		{7B7EFB08-634A-4E95-889B-193B83A26720}.LocalDebug|Any CPU.Build.0 = LocalDebug|Any CPU
		{7B7EFB08-634A-4E95-889B-193B83A26720}.Release|Any CPU.ActiveCfg = Release|Any CPU
		{7B7EFB08-634A-4E95-889B-193B83A26720}.Release|Any CPU.Build.0 = Release|Any CPU
		{D8BC8981-13E6-41F7-8AA3-B9395A78C7C6}.Debug|Any CPU.ActiveCfg = Debug|Any CPU
		{D8BC8981-13E6-41F7-8AA3-B9395A78C7C6}.Debug|Any CPU.Build.0 = Debug|Any CPU
		{D8BC8981-13E6-41F7-8AA3-B9395A78C7C6}.LocalDebug|Any CPU.ActiveCfg = LocalDebug|Any CPU
		{D8BC8981-13E6-41F7-8AA3-B9395A78C7C6}.LocalDebug|Any CPU.Build.0 = LocalDebug|Any CPU
		{D8BC8981-13E6-41F7-8AA3-B9395A78C7C6}.Release|Any CPU.ActiveCfg = Release|Any CPU
		{D8BC8981-13E6-41F7-8AA3-B9395A78C7C6}.Release|Any CPU.Build.0 = Release|Any CPU
		{623B044E-03DF-4BF5-B2D6-44ACC570E435}.Debug|Any CPU.ActiveCfg = Debug|Any CPU
		{623B044E-03DF-4BF5-B2D6-44ACC570E435}.Debug|Any CPU.Build.0 = Debug|Any CPU
		{623B044E-03DF-4BF5-B2D6-44ACC570E435}.LocalDebug|Any CPU.ActiveCfg = LocalDebug|Any CPU
		{623B044E-03DF-4BF5-B2D6-44ACC570E435}.LocalDebug|Any CPU.Build.0 = LocalDebug|Any CPU
		{623B044E-03DF-4BF5-B2D6-44ACC570E435}.Release|Any CPU.ActiveCfg = Release|Any CPU
		{623B044E-03DF-4BF5-B2D6-44ACC570E435}.Release|Any CPU.Build.0 = Release|Any CPU
		{7E1793DC-8014-46DE-8E0B-ED2CB740BD76}.Debug|Any CPU.ActiveCfg = Debug|Any CPU
		{7E1793DC-8014-46DE-8E0B-ED2CB740BD76}.Debug|Any CPU.Build.0 = Debug|Any CPU
		{7E1793DC-8014-46DE-8E0B-ED2CB740BD76}.LocalDebug|Any CPU.ActiveCfg = LocalDebug|Any CPU
		{7E1793DC-8014-46DE-8E0B-ED2CB740BD76}.LocalDebug|Any CPU.Build.0 = LocalDebug|Any CPU
		{7E1793DC-8014-46DE-8E0B-ED2CB740BD76}.Release|Any CPU.ActiveCfg = Release|Any CPU
		{7E1793DC-8014-46DE-8E0B-ED2CB740BD76}.Release|Any CPU.Build.0 = Release|Any CPU
		{B37B66C4-E205-4AD8-9706-08A70555759E}.Debug|Any CPU.ActiveCfg = Debug|Any CPU
		{B37B66C4-E205-4AD8-9706-08A70555759E}.Debug|Any CPU.Build.0 = Debug|Any CPU
		{B37B66C4-E205-4AD8-9706-08A70555759E}.LocalDebug|Any CPU.ActiveCfg = LocalDebug|Any CPU
		{B37B66C4-E205-4AD8-9706-08A70555759E}.LocalDebug|Any CPU.Build.0 = LocalDebug|Any CPU
		{B37B66C4-E205-4AD8-9706-08A70555759E}.Release|Any CPU.ActiveCfg = Release|Any CPU
		{B37B66C4-E205-4AD8-9706-08A70555759E}.Release|Any CPU.Build.0 = Release|Any CPU
		{2852ADA1-8BC5-4E92-8638-82151BBBEC74}.Debug|Any CPU.ActiveCfg = Debug|Any CPU
		{2852ADA1-8BC5-4E92-8638-82151BBBEC74}.Debug|Any CPU.Build.0 = Debug|Any CPU
		{2852ADA1-8BC5-4E92-8638-82151BBBEC74}.LocalDebug|Any CPU.ActiveCfg = Debug|Any CPU
		{2852ADA1-8BC5-4E92-8638-82151BBBEC74}.LocalDebug|Any CPU.Build.0 = Debug|Any CPU
		{2852ADA1-8BC5-4E92-8638-82151BBBEC74}.Release|Any CPU.ActiveCfg = Release|Any CPU
		{2852ADA1-8BC5-4E92-8638-82151BBBEC74}.Release|Any CPU.Build.0 = Release|Any CPU
		{63E5FE62-D4AA-41E4-B7B2-AC89CA2D394A}.Debug|Any CPU.ActiveCfg = Debug|Any CPU
		{63E5FE62-D4AA-41E4-B7B2-AC89CA2D394A}.Debug|Any CPU.Build.0 = Debug|Any CPU
		{63E5FE62-D4AA-41E4-B7B2-AC89CA2D394A}.LocalDebug|Any CPU.ActiveCfg = LocalDebug|Any CPU
		{63E5FE62-D4AA-41E4-B7B2-AC89CA2D394A}.LocalDebug|Any CPU.Build.0 = LocalDebug|Any CPU
		{63E5FE62-D4AA-41E4-B7B2-AC89CA2D394A}.Release|Any CPU.ActiveCfg = Release|Any CPU
		{63E5FE62-D4AA-41E4-B7B2-AC89CA2D394A}.Release|Any CPU.Build.0 = Release|Any CPU
		{60A0F877-85EA-4E0A-9CDF-78C883B57E9D}.Debug|Any CPU.ActiveCfg = Debug|Any CPU
		{60A0F877-85EA-4E0A-9CDF-78C883B57E9D}.Debug|Any CPU.Build.0 = Debug|Any CPU
		{60A0F877-85EA-4E0A-9CDF-78C883B57E9D}.LocalDebug|Any CPU.ActiveCfg = LocalDebug|Any CPU
		{60A0F877-85EA-4E0A-9CDF-78C883B57E9D}.LocalDebug|Any CPU.Build.0 = LocalDebug|Any CPU
		{60A0F877-85EA-4E0A-9CDF-78C883B57E9D}.Release|Any CPU.ActiveCfg = Release|Any CPU
		{60A0F877-85EA-4E0A-9CDF-78C883B57E9D}.Release|Any CPU.Build.0 = Release|Any CPU
		{1EA36B12-4F9B-4D59-99C1-8BC806E43317}.Debug|Any CPU.ActiveCfg = Debug|Any CPU
		{1EA36B12-4F9B-4D59-99C1-8BC806E43317}.Debug|Any CPU.Build.0 = Debug|Any CPU
		{1EA36B12-4F9B-4D59-99C1-8BC806E43317}.LocalDebug|Any CPU.ActiveCfg = LocalDebug|Any CPU
		{1EA36B12-4F9B-4D59-99C1-8BC806E43317}.LocalDebug|Any CPU.Build.0 = LocalDebug|Any CPU
		{1EA36B12-4F9B-4D59-99C1-8BC806E43317}.Release|Any CPU.ActiveCfg = Release|Any CPU
		{1EA36B12-4F9B-4D59-99C1-8BC806E43317}.Release|Any CPU.Build.0 = Release|Any CPU
		{C82D80F7-1748-4F9D-935C-CE59FE0B9AF3}.Debug|Any CPU.ActiveCfg = Debug|Any CPU
		{C82D80F7-1748-4F9D-935C-CE59FE0B9AF3}.Debug|Any CPU.Build.0 = Debug|Any CPU
		{C82D80F7-1748-4F9D-935C-CE59FE0B9AF3}.LocalDebug|Any CPU.ActiveCfg = LocalDebug|Any CPU
		{C82D80F7-1748-4F9D-935C-CE59FE0B9AF3}.LocalDebug|Any CPU.Build.0 = LocalDebug|Any CPU
		{C82D80F7-1748-4F9D-935C-CE59FE0B9AF3}.Release|Any CPU.ActiveCfg = Release|Any CPU
		{C82D80F7-1748-4F9D-935C-CE59FE0B9AF3}.Release|Any CPU.Build.0 = Release|Any CPU
		{41DF749F-5548-4997-9ADE-E857E01DDAB1}.Debug|Any CPU.ActiveCfg = Debug|Any CPU
		{41DF749F-5548-4997-9ADE-E857E01DDAB1}.Debug|Any CPU.Build.0 = Debug|Any CPU
		{41DF749F-5548-4997-9ADE-E857E01DDAB1}.LocalDebug|Any CPU.ActiveCfg = LocalDebug|Any CPU
		{41DF749F-5548-4997-9ADE-E857E01DDAB1}.LocalDebug|Any CPU.Build.0 = LocalDebug|Any CPU
		{41DF749F-5548-4997-9ADE-E857E01DDAB1}.Release|Any CPU.ActiveCfg = Release|Any CPU
		{41DF749F-5548-4997-9ADE-E857E01DDAB1}.Release|Any CPU.Build.0 = Release|Any CPU
		{FF1B18C5-3FE5-4FFA-8ACB-45B94B04D545}.Debug|Any CPU.ActiveCfg = Debug|Any CPU
		{FF1B18C5-3FE5-4FFA-8ACB-45B94B04D545}.Debug|Any CPU.Build.0 = Debug|Any CPU
		{FF1B18C5-3FE5-4FFA-8ACB-45B94B04D545}.LocalDebug|Any CPU.ActiveCfg = LocalDebug|Any CPU
		{FF1B18C5-3FE5-4FFA-8ACB-45B94B04D545}.LocalDebug|Any CPU.Build.0 = LocalDebug|Any CPU
		{FF1B18C5-3FE5-4FFA-8ACB-45B94B04D545}.Release|Any CPU.ActiveCfg = Release|Any CPU
		{FF1B18C5-3FE5-4FFA-8ACB-45B94B04D545}.Release|Any CPU.Build.0 = Release|Any CPU
		{BDA6A047-1CAB-4346-BAAE-F83CF7C5CB4D}.Debug|Any CPU.ActiveCfg = Debug|Any CPU
		{BDA6A047-1CAB-4346-BAAE-F83CF7C5CB4D}.Debug|Any CPU.Build.0 = Debug|Any CPU
		{BDA6A047-1CAB-4346-BAAE-F83CF7C5CB4D}.LocalDebug|Any CPU.ActiveCfg = LocalDebug|Any CPU
		{BDA6A047-1CAB-4346-BAAE-F83CF7C5CB4D}.LocalDebug|Any CPU.Build.0 = LocalDebug|Any CPU
		{BDA6A047-1CAB-4346-BAAE-F83CF7C5CB4D}.Release|Any CPU.ActiveCfg = Release|Any CPU
		{BDA6A047-1CAB-4346-BAAE-F83CF7C5CB4D}.Release|Any CPU.Build.0 = Release|Any CPU
		{DC592335-A3AC-45B7-81BB-8A0E15C169F8}.Debug|Any CPU.ActiveCfg = Debug|Any CPU
		{DC592335-A3AC-45B7-81BB-8A0E15C169F8}.Debug|Any CPU.Build.0 = Debug|Any CPU
		{DC592335-A3AC-45B7-81BB-8A0E15C169F8}.LocalDebug|Any CPU.ActiveCfg = LocalDebug|Any CPU
		{DC592335-A3AC-45B7-81BB-8A0E15C169F8}.LocalDebug|Any CPU.Build.0 = LocalDebug|Any CPU
		{DC592335-A3AC-45B7-81BB-8A0E15C169F8}.Release|Any CPU.ActiveCfg = Release|Any CPU
		{DC592335-A3AC-45B7-81BB-8A0E15C169F8}.Release|Any CPU.Build.0 = Release|Any CPU
		{11156F16-F087-429A-A6FF-54FAB26E08D6}.Debug|Any CPU.ActiveCfg = Debug|Any CPU
		{11156F16-F087-429A-A6FF-54FAB26E08D6}.Debug|Any CPU.Build.0 = Debug|Any CPU
		{11156F16-F087-429A-A6FF-54FAB26E08D6}.LocalDebug|Any CPU.ActiveCfg = LocalDebug|Any CPU
		{11156F16-F087-429A-A6FF-54FAB26E08D6}.LocalDebug|Any CPU.Build.0 = LocalDebug|Any CPU
		{11156F16-F087-429A-A6FF-54FAB26E08D6}.Release|Any CPU.ActiveCfg = Release|Any CPU
		{11156F16-F087-429A-A6FF-54FAB26E08D6}.Release|Any CPU.Build.0 = Release|Any CPU
		{EA6FB0AF-28A9-4C84-9FB1-CEF2F3CFA719}.Debug|Any CPU.ActiveCfg = Debug|Any CPU
		{EA6FB0AF-28A9-4C84-9FB1-CEF2F3CFA719}.Debug|Any CPU.Build.0 = Debug|Any CPU
		{EA6FB0AF-28A9-4C84-9FB1-CEF2F3CFA719}.LocalDebug|Any CPU.ActiveCfg = LocalDebug|Any CPU
		{EA6FB0AF-28A9-4C84-9FB1-CEF2F3CFA719}.LocalDebug|Any CPU.Build.0 = LocalDebug|Any CPU
		{EA6FB0AF-28A9-4C84-9FB1-CEF2F3CFA719}.Release|Any CPU.ActiveCfg = Release|Any CPU
		{EA6FB0AF-28A9-4C84-9FB1-CEF2F3CFA719}.Release|Any CPU.Build.0 = Release|Any CPU
		{4B4CC910-DC26-4876-8988-1739A868B70D}.Debug|Any CPU.ActiveCfg = Debug|Any CPU
		{4B4CC910-DC26-4876-8988-1739A868B70D}.Debug|Any CPU.Build.0 = Debug|Any CPU
		{4B4CC910-DC26-4876-8988-1739A868B70D}.LocalDebug|Any CPU.ActiveCfg = LocalDebug|Any CPU
		{4B4CC910-DC26-4876-8988-1739A868B70D}.LocalDebug|Any CPU.Build.0 = LocalDebug|Any CPU
		{4B4CC910-DC26-4876-8988-1739A868B70D}.Release|Any CPU.ActiveCfg = Release|Any CPU
		{4B4CC910-DC26-4876-8988-1739A868B70D}.Release|Any CPU.Build.0 = Release|Any CPU
		{8F70FF04-E7F2-4076-96DD-DE3540F7C091}.Debug|Any CPU.ActiveCfg = Debug|Any CPU
		{8F70FF04-E7F2-4076-96DD-DE3540F7C091}.Debug|Any CPU.Build.0 = Debug|Any CPU
		{8F70FF04-E7F2-4076-96DD-DE3540F7C091}.LocalDebug|Any CPU.ActiveCfg = LocalDebug|Any CPU
		{8F70FF04-E7F2-4076-96DD-DE3540F7C091}.LocalDebug|Any CPU.Build.0 = LocalDebug|Any CPU
		{8F70FF04-E7F2-4076-96DD-DE3540F7C091}.Release|Any CPU.ActiveCfg = Release|Any CPU
		{8F70FF04-E7F2-4076-96DD-DE3540F7C091}.Release|Any CPU.Build.0 = Release|Any CPU
		{EACEFD9F-A277-4502-B046-F8FF4A2D2547}.Debug|Any CPU.ActiveCfg = Debug|Any CPU
		{EACEFD9F-A277-4502-B046-F8FF4A2D2547}.Debug|Any CPU.Build.0 = Debug|Any CPU
		{EACEFD9F-A277-4502-B046-F8FF4A2D2547}.LocalDebug|Any CPU.ActiveCfg = LocalDebug|Any CPU
		{EACEFD9F-A277-4502-B046-F8FF4A2D2547}.LocalDebug|Any CPU.Build.0 = LocalDebug|Any CPU
		{EACEFD9F-A277-4502-B046-F8FF4A2D2547}.Release|Any CPU.ActiveCfg = Release|Any CPU
		{EACEFD9F-A277-4502-B046-F8FF4A2D2547}.Release|Any CPU.Build.0 = Release|Any CPU
		{FB25EDD1-9897-4D5C-9934-483ACFD746FC}.Debug|Any CPU.ActiveCfg = Debug|Any CPU
		{FB25EDD1-9897-4D5C-9934-483ACFD746FC}.Debug|Any CPU.Build.0 = Debug|Any CPU
		{FB25EDD1-9897-4D5C-9934-483ACFD746FC}.LocalDebug|Any CPU.ActiveCfg = LocalDebug|Any CPU
		{FB25EDD1-9897-4D5C-9934-483ACFD746FC}.LocalDebug|Any CPU.Build.0 = LocalDebug|Any CPU
		{FB25EDD1-9897-4D5C-9934-483ACFD746FC}.Release|Any CPU.ActiveCfg = Release|Any CPU
		{FB25EDD1-9897-4D5C-9934-483ACFD746FC}.Release|Any CPU.Build.0 = Release|Any CPU
		{BF7538C5-FEF5-48A4-8298-9F05E24ED9F3}.Debug|Any CPU.ActiveCfg = Debug|Any CPU
		{BF7538C5-FEF5-48A4-8298-9F05E24ED9F3}.Debug|Any CPU.Build.0 = Debug|Any CPU
		{BF7538C5-FEF5-48A4-8298-9F05E24ED9F3}.LocalDebug|Any CPU.ActiveCfg = LocalDebug|Any CPU
		{BF7538C5-FEF5-48A4-8298-9F05E24ED9F3}.LocalDebug|Any CPU.Build.0 = LocalDebug|Any CPU
		{BF7538C5-FEF5-48A4-8298-9F05E24ED9F3}.Release|Any CPU.ActiveCfg = Release|Any CPU
		{BF7538C5-FEF5-48A4-8298-9F05E24ED9F3}.Release|Any CPU.Build.0 = Release|Any CPU
		{F907FF0F-5BF7-4667-A4B5-B61C00564836}.Debug|Any CPU.ActiveCfg = Debug|Any CPU
		{F907FF0F-5BF7-4667-A4B5-B61C00564836}.Debug|Any CPU.Build.0 = Debug|Any CPU
		{F907FF0F-5BF7-4667-A4B5-B61C00564836}.LocalDebug|Any CPU.ActiveCfg = LocalDebug|Any CPU
		{F907FF0F-5BF7-4667-A4B5-B61C00564836}.LocalDebug|Any CPU.Build.0 = LocalDebug|Any CPU
		{F907FF0F-5BF7-4667-A4B5-B61C00564836}.Release|Any CPU.ActiveCfg = Release|Any CPU
		{F907FF0F-5BF7-4667-A4B5-B61C00564836}.Release|Any CPU.Build.0 = Release|Any CPU
		{1802DE71-C9F2-41EC-95C9-C51A5F1CEE5C}.Debug|Any CPU.ActiveCfg = Debug|Any CPU
		{1802DE71-C9F2-41EC-95C9-C51A5F1CEE5C}.Debug|Any CPU.Build.0 = Debug|Any CPU
		{1802DE71-C9F2-41EC-95C9-C51A5F1CEE5C}.LocalDebug|Any CPU.ActiveCfg = LocalDebug|Any CPU
		{1802DE71-C9F2-41EC-95C9-C51A5F1CEE5C}.LocalDebug|Any CPU.Build.0 = LocalDebug|Any CPU
		{1802DE71-C9F2-41EC-95C9-C51A5F1CEE5C}.Release|Any CPU.ActiveCfg = Release|Any CPU
		{1802DE71-C9F2-41EC-95C9-C51A5F1CEE5C}.Release|Any CPU.Build.0 = Release|Any CPU
		{44B96F71-3E1D-4E64-91E5-CC2381F1D34E}.Debug|Any CPU.ActiveCfg = Debug|Any CPU
		{44B96F71-3E1D-4E64-91E5-CC2381F1D34E}.Debug|Any CPU.Build.0 = Debug|Any CPU
		{44B96F71-3E1D-4E64-91E5-CC2381F1D34E}.LocalDebug|Any CPU.ActiveCfg = LocalDebug|Any CPU
		{44B96F71-3E1D-4E64-91E5-CC2381F1D34E}.LocalDebug|Any CPU.Build.0 = LocalDebug|Any CPU
		{44B96F71-3E1D-4E64-91E5-CC2381F1D34E}.Release|Any CPU.ActiveCfg = Release|Any CPU
		{44B96F71-3E1D-4E64-91E5-CC2381F1D34E}.Release|Any CPU.Build.0 = Release|Any CPU
		{B9C9E474-F279-47EC-AC8E-13A7DC700FA7}.Debug|Any CPU.ActiveCfg = Debug|Any CPU
		{B9C9E474-F279-47EC-AC8E-13A7DC700FA7}.Debug|Any CPU.Build.0 = Debug|Any CPU
		{B9C9E474-F279-47EC-AC8E-13A7DC700FA7}.LocalDebug|Any CPU.ActiveCfg = LocalDebug|Any CPU
		{B9C9E474-F279-47EC-AC8E-13A7DC700FA7}.LocalDebug|Any CPU.Build.0 = LocalDebug|Any CPU
		{B9C9E474-F279-47EC-AC8E-13A7DC700FA7}.Release|Any CPU.ActiveCfg = Release|Any CPU
		{B9C9E474-F279-47EC-AC8E-13A7DC700FA7}.Release|Any CPU.Build.0 = Release|Any CPU
		{F0B7685F-0B51-4AD8-9997-8C03400C0E25}.Debug|Any CPU.ActiveCfg = Debug|Any CPU
		{F0B7685F-0B51-4AD8-9997-8C03400C0E25}.Debug|Any CPU.Build.0 = Debug|Any CPU
		{F0B7685F-0B51-4AD8-9997-8C03400C0E25}.LocalDebug|Any CPU.ActiveCfg = LocalDebug|Any CPU
		{F0B7685F-0B51-4AD8-9997-8C03400C0E25}.LocalDebug|Any CPU.Build.0 = LocalDebug|Any CPU
		{F0B7685F-0B51-4AD8-9997-8C03400C0E25}.Release|Any CPU.ActiveCfg = Release|Any CPU
		{F0B7685F-0B51-4AD8-9997-8C03400C0E25}.Release|Any CPU.Build.0 = Release|Any CPU
	EndGlobalSection
	GlobalSection(SolutionProperties) = preSolution
		HideSolutionNode = FALSE
	EndGlobalSection
	GlobalSection(ExtensibilityGlobals) = postSolution
		SolutionGuid = {EF443DEC-67F0-43C5-8983-B54D520A4179}
	EndGlobalSection
EndGlobal
