
Microsoft Visual Studio Solution File, Format Version 12.00
# Visual Studio Version 17
VisualStudioVersion = 17.4.33213.308
MinimumVisualStudioVersion = 10.0.40219.1
Project("{9A19103F-16F7-4668-BE54-9A1E7A4F7556}") = "Agent", "Agent\Agent.csproj", "{A26A9943-51E9-4242-94A7-F6E0C4F562BF}"
EndProject
Project("{2150E333-8FDC-42A3-9474-1A3956D46DE8}") = "Plugins", "Plugins", "{E014E0E5-A190-4AAF-A0E9-01DA299A4E21}"
EndProject
Project("{9A19103F-16F7-4668-BE54-9A1E7A4F7556}") = "whoami", "whoami\whoami.csproj", "{474A77A6-C6BF-4342-8ECE-91A19C259308}"
EndProject
Project("{2150E333-8FDC-42A3-9474-1A3956D46DE8}") = "lib", "lib", "{F4E7CD8A-A6C2-417F-99C0-C2C3D0687777}"
EndProject
Project("{9A19103F-16F7-4668-BE54-9A1E7A4F7556}") = "Agent.Models", "Agent.Models\Agent.Models.csproj", "{C67EEFE5-2275-4E04-81DF-1057A6F71A02}"
EndProject
Project("{9A19103F-16F7-4668-BE54-9A1E7A4F7556}") = "env", "env\env.csproj", "{AF823C1D-9A77-4F20-A4C8-895EC70F3CAE}"
EndProject
Project("{2150E333-8FDC-42A3-9474-1A3956D46DE8}") = "Managers", "Managers", "{822070E9-1F5F-4F36-B7EA-31C32B680740}"
EndProject
Project("{9A19103F-16F7-4668-BE54-9A1E7A4F7556}") = "Agent.Managers.Windows", "Agent.Managers.Windows\Agent.Managers.Windows.csproj", "{B8B92025-13B5-494F-994E-83E8D09F89DC}"
EndProject
Project("{2150E333-8FDC-42A3-9474-1A3956D46DE8}") = "Profiles", "Profiles", "{3D5BEB82-DF40-44F5-B695-BF47E98A0B98}"
EndProject
Project("{9A19103F-16F7-4668-BE54-9A1E7A4F7556}") = "Agent.Profiles.DebugProfile", "Agent.Profiles.DebugProfile\Agent.Profiles.DebugProfile.csproj", "{A93BC732-41C0-479C-9E4C-ABB6F985790A}"
EndProject
Project("{9A19103F-16F7-4668-BE54-9A1E7A4F7556}") = "Agent.Managers.Linux", "Agent.Managers.Linux\Agent.Managers.Linux.csproj", "{B1BBB2B6-9E1D-49C2-AE1C-F40404CA1FCE}"
EndProject
Project("{9A19103F-16F7-4668-BE54-9A1E7A4F7556}") = "Agent.Managers.Reflection", "Agent.Managers.Reflection\Agent.Managers.Reflection.csproj", "{9EA1EB4C-8F7D-4081-A9A6-3ACD1F8F5843}"
EndProject
Project("{2150E333-8FDC-42A3-9474-1A3956D46DE8}") = "Crypto", "Crypto", "{7CDD50BF-A83C-4195-8E1C-1A21355DE8DA}"
EndProject
Project("{9A19103F-16F7-4668-BE54-9A1E7A4F7556}") = "Agent.Crypto.Aes", "Agent.Crypto.Aes\Agent.Crypto.Aes.csproj", "{2FE9C3D6-2B23-4C6B-B82E-4A286E903DFF}"
EndProject
Project("{9A19103F-16F7-4668-BE54-9A1E7A4F7556}") = "Agent.Crypto.None", "Agent.Crypto.None\Agent.Crypto.None.csproj", "{799E7818-8BA1-4D78-9236-3EB0CC6D4EEE}"
EndProject
Project("{9A19103F-16F7-4668-BE54-9A1E7A4F7556}") = "download", "download\download.csproj", "{86CED5CB-8B36-403A-9F11-5FFA68A9D80F}"
EndProject
Project("{9A19103F-16F7-4668-BE54-9A1E7A4F7556}") = "upload", "upload\upload.csproj", "{3D9501EA-C4BD-4564-8FF6-7EADFA51C0EA}"
EndProject
Project("{9A19103F-16F7-4668-BE54-9A1E7A4F7556}") = "Agent.Profiles.Http", "Agent.Profiles.Http\Agent.Profiles.Http.csproj", "{E1E09FED-7F20-4E91-B834-E42C043000AF}"
EndProject
Project("{9A19103F-16F7-4668-BE54-9A1E7A4F7556}") = "socks", "socks\socks.csproj", "{07CA8476-E528-4BB1-BC99-DA0F578D04DA}"
EndProject
Project("{9A19103F-16F7-4668-BE54-9A1E7A4F7556}") = "smb", "smb\smb.csproj", "{B659B234-A1C9-4A47-9962-261EB80F97CF}"
EndProject
Project("{9A19103F-16F7-4668-BE54-9A1E7A4F7556}") = "Agent.Profiles.Websocket", "Agent.Profiles.Websocket\Agent.Profiles.Websocket.csproj", "{C37E2FA8-FF6C-48CB-A4A0-8946E82D414B}"
EndProject
Project("{9A19103F-16F7-4668-BE54-9A1E7A4F7556}") = "coff", "coff\coff.csproj", "{B9F0C374-0EB9-4204-A9FD-A23F8E97E5DB}"
EndProject
Project("{9A19103F-16F7-4668-BE54-9A1E7A4F7556}") = "arp", "arp\arp.csproj", "{8845AD97-42C6-46AF-BE93-81BD7A95EF8A}"
EndProject
Project("{9A19103F-16F7-4668-BE54-9A1E7A4F7556}") = "caffeinate", "caffeinate\caffeinate.csproj", "{24F82630-FB37-450E-847A-997ADCCDAAA6}"
EndProject
Project("{9A19103F-16F7-4668-BE54-9A1E7A4F7556}") = "cat", "cat\cat.csproj", "{EDC06F99-94D5-4632-A104-2FF08C00EC85}"
EndProject
Project("{9A19103F-16F7-4668-BE54-9A1E7A4F7556}") = "cd", "cd\cd.csproj", "{3EC5555E-2101-443C-9CC4-D3599E7AA8F6}"
EndProject
Project("{9A19103F-16F7-4668-BE54-9A1E7A4F7556}") = "cp", "cp\cp.csproj", "{C14CCC63-A5F4-4A6B-8D9C-FC148598C0EC}"
EndProject
Project("{9A19103F-16F7-4668-BE54-9A1E7A4F7556}") = "crop", "crop\crop.csproj", "{E88229CB-31BE-4FA4-874E-F7DD9052FB09}"
EndProject
Project("{9A19103F-16F7-4668-BE54-9A1E7A4F7556}") = "drives", "drives\drives.csproj", "{94D122AB-5F1A-4ACE-BDCC-FD508062CF2A}"
EndProject
Project("{9A19103F-16F7-4668-BE54-9A1E7A4F7556}") = "ds", "ds\ds.csproj", "{616BFB6A-1D0F-404C-B76C-B2F40A519C13}"
EndProject
Project("{9A19103F-16F7-4668-BE54-9A1E7A4F7556}") = "farmer", "farmer\farmer.csproj", "{1B04A224-B536-4FAA-98BC-8F16B4169EF1}"
EndProject
Project("{9A19103F-16F7-4668-BE54-9A1E7A4F7556}") = "get-clipboard", "get-clipboard\get-clipboard.csproj", "{65ADD468-0F5C-4CBD-B01A-1F1EFE9F9D8F}"
EndProject
Project("{9A19103F-16F7-4668-BE54-9A1E7A4F7556}") = "get-localgroup", "get-localgroup\get-localgroup.csproj", "{F2990C10-3A15-4E5B-9040-CBBDD4E61CFD}"
EndProject
Project("{9A19103F-16F7-4668-BE54-9A1E7A4F7556}") = "get-sessions", "get-sessions\get-sessions.csproj", "{4DBA49AB-04F1-426E-9A0D-2FB69B6C908B}"
EndProject
Project("{9A19103F-16F7-4668-BE54-9A1E7A4F7556}") = "get-shares", "get-shares\get-shares.csproj", "{A72F35EA-1FF7-4333-B6A6-4FEC912D1450}"
EndProject
Project("{9A19103F-16F7-4668-BE54-9A1E7A4F7556}") = "hostname", "hostname\hostname.csproj", "{16AD2B69-0B0A-41F4-9679-E83F2FD45DDB}"
EndProject
Project("{9A19103F-16F7-4668-BE54-9A1E7A4F7556}") = "ifconfig", "ifconfig\ifconfig.csproj", "{67BDE95C-3702-41E4-8EFD-6665E19DD2B8}"
EndProject
Project("{9A19103F-16F7-4668-BE54-9A1E7A4F7556}") = "inject-shellcode", "inject-shellcode\inject-shellcode.csproj", "{C4388017-1E89-4E37-B6F8-DD2E74375A1E}"
EndProject
Project("{9A19103F-16F7-4668-BE54-9A1E7A4F7556}") = "keylogger", "keylogger\keylogger.csproj", "{C05C3D0A-2945-46A6-BAAA-09D2B9B3AF78}"
EndProject
Project("{9A19103F-16F7-4668-BE54-9A1E7A4F7556}") = "kill", "kill\kill.csproj", "{CF759185-9514-4E41-BAA5-04E8A53CFD23}"
EndProject
Project("{9A19103F-16F7-4668-BE54-9A1E7A4F7556}") = "ls", "ls\ls.csproj", "{3E787F37-2EC4-44DB-90A2-0D2E9C132417}"
EndProject
Project("{9A19103F-16F7-4668-BE54-9A1E7A4F7556}") = "mkdir", "mkdir\mkdir.csproj", "{B2F730A6-6672-44A5-82E7-9DD00806BAA1}"
EndProject
Project("{9A19103F-16F7-4668-BE54-9A1E7A4F7556}") = "mv", "mv\mv.csproj", "{4461ED3A-BD34-4AF2-8879-97CC5B74C01D}"
EndProject
Project("{9A19103F-16F7-4668-BE54-9A1E7A4F7556}") = "nslookup", "nslookup\nslookup.csproj", "{3B1F1FDF-F37B-4F01-AFAB-03759672C665}"
EndProject
Project("{9A19103F-16F7-4668-BE54-9A1E7A4F7556}") = "ps", "ps\ps.csproj", "{7AD05B04-E7C8-4FE7-98C4-A1FD86B97A91}"
EndProject
Project("{9A19103F-16F7-4668-BE54-9A1E7A4F7556}") = "pwd", "pwd\pwd.csproj", "{2BD9AF2A-4E2F-4019-AEC2-6D212C9B98DC}"
EndProject
Project("{9A19103F-16F7-4668-BE54-9A1E7A4F7556}") = "reg", "reg\reg.csproj", "{DB7C855B-004A-42C7-A68B-FF4D7D95DAD8}"
EndProject
Project("{9A19103F-16F7-4668-BE54-9A1E7A4F7556}") = "rm", "rm\rm.csproj", "{58670B32-4A68-4B31-8B77-391A099B5EC0}"
EndProject
Project("{9A19103F-16F7-4668-BE54-9A1E7A4F7556}") = "screenshot", "screenshot\screenshot.csproj", "{15A65927-06D6-4B3F-B6B3-545E9F1D13A2}"
EndProject
Project("{9A19103F-16F7-4668-BE54-9A1E7A4F7556}") = "sftp", "sftp\sftp.csproj", "{775CB280-1761-4A87-A185-2165912104B6}"
EndProject
Project("{9A19103F-16F7-4668-BE54-9A1E7A4F7556}") = "shell", "shell\shell.csproj", "{FA75CA77-9941-4212-8967-3B42D9700912}"
EndProject
Project("{9A19103F-16F7-4668-BE54-9A1E7A4F7556}") = "shellcode", "shellcode\shellcode.csproj", "{5AA579A8-6057-4FF1-A208-F5AD5761594C}"
EndProject
Project("{9A19103F-16F7-4668-BE54-9A1E7A4F7556}") = "ssh", "ssh\ssh.csproj", "{7C5CC9E0-E4E0-4D29-ACC1-1C54048658A7}"
EndProject
Project("{9A19103F-16F7-4668-BE54-9A1E7A4F7556}") = "test-port", "test-port\test-port.csproj", "{671EE4AE-FA02-45F8-BDA3-47D938C7BC0C}"
EndProject
Project("{9A19103F-16F7-4668-BE54-9A1E7A4F7556}") = "timestomp", "timestomp\timestomp.csproj", "{604FB0B2-E526-4FDF-B468-96B31B4BEFB1}"
EndProject
Project("{9A19103F-16F7-4668-BE54-9A1E7A4F7556}") = "uptime", "uptime\uptime.csproj", "{9E28A3CA-7903-4F5E-84F0-50767253CF6E}"
EndProject
Project("{9A19103F-16F7-4668-BE54-9A1E7A4F7556}") = "wget", "wget\wget.csproj", "{D7B577CF-A0C1-4E94-ACB1-5923D78CC063}"
EndProject
Project("{9A19103F-16F7-4668-BE54-9A1E7A4F7556}") = "Agent.Profiles.Smb", "Agent.Profiles.Smb\Agent.Profiles.Smb.csproj", "{DAAF0CF0-3766-4977-AA81-3E0A96DACACC}"
EndProject
Project("{9A19103F-16F7-4668-BE54-9A1E7A4F7556}") = "token", "token\token.csproj", "{C85FAD18-C7B4-4C93-8CB9-D91134F29B4C}"
EndProject
Project("{9A19103F-16F7-4668-BE54-9A1E7A4F7556}") = "config", "config\config.csproj", "{35EE5851-4FC9-4497-9C14-8092A232A0BC}"
EndProject
Project("{9A19103F-16F7-4668-BE54-9A1E7A4F7556}") = "tail", "tail\tail.csproj", "{8B3EA5C9-44CA-4974-A779-377168FA5461}"
EndProject
Project("{9A19103F-16F7-4668-BE54-9A1E7A4F7556}") = "jxa", "jxa\jxa.csproj", "{540C04B5-3742-4FA9-99FA-887D88E53F30}"
EndProject
Project("{9A19103F-16F7-4668-BE54-9A1E7A4F7556}") = "exit", "exit\exit.csproj", "{2AFB02F1-C6DC-4D62-9BD3-DB7C7F98D2D5}"
EndProject
Project("{9A19103F-16F7-4668-BE54-9A1E7A4F7556}") = "jobs", "jobs\jobs.csproj", "{009CAE34-7FFD-4A73-9A26-DB340526117C}"
EndProject
Project("{9A19103F-16F7-4668-BE54-9A1E7A4F7556}") = "echo", "echo\echo.csproj", "{8CB23EBA-2511-4B93-97D2-03B6D24BD116}"
EndProject
Project("{9A19103F-16F7-4668-BE54-9A1E7A4F7556}") = "exec", "exec\exec.csproj", "{48FF4114-48B4-4A07-B47D-1DF7F569E459}"
EndProject
Project("{9A19103F-16F7-4668-BE54-9A1E7A4F7556}") = "cursed", "cursed\cursed.csproj", "{872D5398-81A4-4CC2-AE03-31D6E8DC8150}"
EndProject
Project("{9A19103F-16F7-4668-BE54-9A1E7A4F7556}") = "jobkill", "jobkill\jobkill.csproj", "{AEF6D2E1-0A78-4701-B741-4680643ABD8E}"
EndProject
Project("{9A19103F-16F7-4668-BE54-9A1E7A4F7556}") = "http-server", "http-server\http-server.csproj", "{4CD72CDE-79FB-40FC-B88C-E55840BB4E0F}"
EndProject
Project("{9A19103F-16F7-4668-BE54-9A1E7A4F7556}") = "port-bender", "port-bender\port-bender.csproj", "{1393A5DC-8AF8-4184-AA20-10424DC964CF}"
EndProject
Project("{9A19103F-16F7-4668-BE54-9A1E7A4F7556}") = "rportfwd", "rportfwd\rportfwd.csproj", "{B8824852-02BB-46A6-BCB4-4C38D81DE198}"
EndProject
Project("{9A19103F-16F7-4668-BE54-9A1E7A4F7556}") = "lnk", "lnk\lnk.csproj", "{6C5C21EE-9E5D-41FC-8507-AFF4A82E4293}"
EndProject
Project("{9A19103F-16F7-4668-BE54-9A1E7A4F7556}") = "entitlements", "entitlements\entitlements.csproj", "{BDC5BA43-A579-4F82-BF35-BF38EB047174}"
EndProject
Project("{9A19103F-16F7-4668-BE54-9A1E7A4F7556}") = "keychain", "keychain\keychain.csproj", "{D300CB3D-A5B3-4A50-95CD-EC3AB5FE33E2}"
EndProject
Project("{9A19103F-16F7-4668-BE54-9A1E7A4F7556}") = "execute-assembly", "execute-assembly\execute-assembly.csproj", "{A71485A9-C9BC-4B1F-A348-581F24E026D4}"
EndProject
Project("{9A19103F-16F7-4668-BE54-9A1E7A4F7556}") = "inject-shellcode-linux", "inject-shellcode-linux\inject-shellcode-linux.csproj", "{1E847515-2E5B-48A3-B267-3800CFF98338}"
EndProject
Project("{9A19103F-16F7-4668-BE54-9A1E7A4F7556}") = "netstat", "netstat\netstat.csproj", "{D7F1F1D7-234E-4CE9-B1F4-6E3A1292BB5D}"
EndProject
Project("{2150E333-8FDC-42A3-9474-1A3956D46DE8}") = "Tests", "Tests", "{2B702357-DFFB-40D0-B3F9-93D06FDAD37D}"
EndProject
Project("{9A19103F-16F7-4668-BE54-9A1E7A4F7556}") = "Agent.Tests", "Tests\Agent.Tests\Agent.Tests.csproj", "{4C02C683-28E5-4CA9-B4BF-CD429A08DEC0}"
EndProject
Project("{9A19103F-16F7-4668-BE54-9A1E7A4F7556}") = "Agent.Tests.Defender", "Tests\Agent.Tests.Defender\Agent.Tests.Defender.csproj", "{84378312-9D23-4DFF-ACA2-587EC463BB79}"
EndProject
Project("{9A19103F-16F7-4668-BE54-9A1E7A4F7556}") = "nidhogg", "nidhogg\nidhogg.csproj", "{540E8838-071D-4DBE-8A5B-D897278720F7}"
EndProject
Project("{9A19103F-16F7-4668-BE54-9A1E7A4F7556}") = "Agent.Profiles.Discord", "Agent.Profiles.Discord\Agent.Profiles.Discord.csproj", "{E6D5BCDC-D3F9-4537-B2EE-B6C4B8CE93E7}"
EndProject
Global
	GlobalSection(SolutionConfigurationPlatforms) = preSolution
		Debug|Any CPU = Debug|Any CPU
		LocalDebugDiscord|Any CPU = LocalDebugDiscord|Any CPU
		LocalDebugHttp|Any CPU = LocalDebugHttp|Any CPU
		LocalDebugWebsocket|Any CPU = LocalDebugWebsocket|Any CPU
		Release|Any CPU = Release|Any CPU
	EndGlobalSection
	GlobalSection(ProjectConfigurationPlatforms) = postSolution
		{A26A9943-51E9-4242-94A7-F6E0C4F562BF}.Debug|Any CPU.ActiveCfg = Debug|Any CPU
		{A26A9943-51E9-4242-94A7-F6E0C4F562BF}.Debug|Any CPU.Build.0 = Debug|Any CPU
		{A26A9943-51E9-4242-94A7-F6E0C4F562BF}.LocalDebugDiscord|Any CPU.ActiveCfg = LocalDebugDiscord|Any CPU
		{A26A9943-51E9-4242-94A7-F6E0C4F562BF}.LocalDebugDiscord|Any CPU.Build.0 = LocalDebugDiscord|Any CPU
		{A26A9943-51E9-4242-94A7-F6E0C4F562BF}.LocalDebugHttp|Any CPU.ActiveCfg = LocalDebugHttp|Any CPU
		{A26A9943-51E9-4242-94A7-F6E0C4F562BF}.LocalDebugHttp|Any CPU.Build.0 = LocalDebugHttp|Any CPU
		{A26A9943-51E9-4242-94A7-F6E0C4F562BF}.LocalDebugWebsocket|Any CPU.ActiveCfg = LocalDebugWebsocket|Any CPU
		{A26A9943-51E9-4242-94A7-F6E0C4F562BF}.LocalDebugWebsocket|Any CPU.Build.0 = LocalDebugWebsocket|Any CPU
		{A26A9943-51E9-4242-94A7-F6E0C4F562BF}.Release|Any CPU.ActiveCfg = Release|Any CPU
		{A26A9943-51E9-4242-94A7-F6E0C4F562BF}.Release|Any CPU.Build.0 = Release|Any CPU
		{474A77A6-C6BF-4342-8ECE-91A19C259308}.Debug|Any CPU.ActiveCfg = Debug|Any CPU
		{474A77A6-C6BF-4342-8ECE-91A19C259308}.Debug|Any CPU.Build.0 = Debug|Any CPU
		{474A77A6-C6BF-4342-8ECE-91A19C259308}.LocalDebugDiscord|Any CPU.ActiveCfg = LocalDebugDiscord|Any CPU
		{474A77A6-C6BF-4342-8ECE-91A19C259308}.LocalDebugDiscord|Any CPU.Build.0 = LocalDebugDiscord|Any CPU
		{474A77A6-C6BF-4342-8ECE-91A19C259308}.LocalDebugHttp|Any CPU.ActiveCfg = LocalDebugHttp|Any CPU
		{474A77A6-C6BF-4342-8ECE-91A19C259308}.LocalDebugHttp|Any CPU.Build.0 = LocalDebugHttp|Any CPU
		{474A77A6-C6BF-4342-8ECE-91A19C259308}.LocalDebugWebsocket|Any CPU.ActiveCfg = LocalDebugWebsocket|Any CPU
		{474A77A6-C6BF-4342-8ECE-91A19C259308}.LocalDebugWebsocket|Any CPU.Build.0 = LocalDebugWebsocket|Any CPU
		{474A77A6-C6BF-4342-8ECE-91A19C259308}.Release|Any CPU.ActiveCfg = Release|Any CPU
		{474A77A6-C6BF-4342-8ECE-91A19C259308}.Release|Any CPU.Build.0 = Release|Any CPU
		{C67EEFE5-2275-4E04-81DF-1057A6F71A02}.Debug|Any CPU.ActiveCfg = Debug|Any CPU
		{C67EEFE5-2275-4E04-81DF-1057A6F71A02}.Debug|Any CPU.Build.0 = Debug|Any CPU
		{C67EEFE5-2275-4E04-81DF-1057A6F71A02}.LocalDebugDiscord|Any CPU.ActiveCfg = LocalDebugDiscord|Any CPU
		{C67EEFE5-2275-4E04-81DF-1057A6F71A02}.LocalDebugDiscord|Any CPU.Build.0 = LocalDebugDiscord|Any CPU
		{C67EEFE5-2275-4E04-81DF-1057A6F71A02}.LocalDebugHttp|Any CPU.ActiveCfg = LocalDebugHttp|Any CPU
		{C67EEFE5-2275-4E04-81DF-1057A6F71A02}.LocalDebugHttp|Any CPU.Build.0 = LocalDebugHttp|Any CPU
		{C67EEFE5-2275-4E04-81DF-1057A6F71A02}.LocalDebugWebsocket|Any CPU.ActiveCfg = LocalDebugWebsocket|Any CPU
		{C67EEFE5-2275-4E04-81DF-1057A6F71A02}.LocalDebugWebsocket|Any CPU.Build.0 = LocalDebugWebsocket|Any CPU
		{C67EEFE5-2275-4E04-81DF-1057A6F71A02}.Release|Any CPU.ActiveCfg = Release|Any CPU
		{C67EEFE5-2275-4E04-81DF-1057A6F71A02}.Release|Any CPU.Build.0 = Release|Any CPU
		{AF823C1D-9A77-4F20-A4C8-895EC70F3CAE}.Debug|Any CPU.ActiveCfg = Debug|Any CPU
		{AF823C1D-9A77-4F20-A4C8-895EC70F3CAE}.Debug|Any CPU.Build.0 = Debug|Any CPU
		{AF823C1D-9A77-4F20-A4C8-895EC70F3CAE}.LocalDebugDiscord|Any CPU.ActiveCfg = LocalDebugDiscord|Any CPU
		{AF823C1D-9A77-4F20-A4C8-895EC70F3CAE}.LocalDebugDiscord|Any CPU.Build.0 = LocalDebugDiscord|Any CPU
		{AF823C1D-9A77-4F20-A4C8-895EC70F3CAE}.LocalDebugHttp|Any CPU.ActiveCfg = LocalDebugHttp|Any CPU
		{AF823C1D-9A77-4F20-A4C8-895EC70F3CAE}.LocalDebugHttp|Any CPU.Build.0 = LocalDebugHttp|Any CPU
		{AF823C1D-9A77-4F20-A4C8-895EC70F3CAE}.LocalDebugWebsocket|Any CPU.ActiveCfg = LocalDebugWebsocket|Any CPU
		{AF823C1D-9A77-4F20-A4C8-895EC70F3CAE}.LocalDebugWebsocket|Any CPU.Build.0 = LocalDebugWebsocket|Any CPU
		{AF823C1D-9A77-4F20-A4C8-895EC70F3CAE}.Release|Any CPU.ActiveCfg = Release|Any CPU
		{AF823C1D-9A77-4F20-A4C8-895EC70F3CAE}.Release|Any CPU.Build.0 = Release|Any CPU
		{B8B92025-13B5-494F-994E-83E8D09F89DC}.Debug|Any CPU.ActiveCfg = Debug|Any CPU
		{B8B92025-13B5-494F-994E-83E8D09F89DC}.Debug|Any CPU.Build.0 = Debug|Any CPU
		{B8B92025-13B5-494F-994E-83E8D09F89DC}.LocalDebugDiscord|Any CPU.ActiveCfg = LocalDebugDiscord|Any CPU
		{B8B92025-13B5-494F-994E-83E8D09F89DC}.LocalDebugDiscord|Any CPU.Build.0 = LocalDebugDiscord|Any CPU
		{B8B92025-13B5-494F-994E-83E8D09F89DC}.LocalDebugHttp|Any CPU.ActiveCfg = LocalDebugHttp|Any CPU
		{B8B92025-13B5-494F-994E-83E8D09F89DC}.LocalDebugHttp|Any CPU.Build.0 = LocalDebugHttp|Any CPU
		{B8B92025-13B5-494F-994E-83E8D09F89DC}.LocalDebugWebsocket|Any CPU.ActiveCfg = LocalDebugWebsocket|Any CPU
		{B8B92025-13B5-494F-994E-83E8D09F89DC}.LocalDebugWebsocket|Any CPU.Build.0 = LocalDebugWebsocket|Any CPU
		{B8B92025-13B5-494F-994E-83E8D09F89DC}.Release|Any CPU.ActiveCfg = Release|Any CPU
		{B8B92025-13B5-494F-994E-83E8D09F89DC}.Release|Any CPU.Build.0 = Release|Any CPU
		{A93BC732-41C0-479C-9E4C-ABB6F985790A}.Debug|Any CPU.ActiveCfg = Debug|Any CPU
		{A93BC732-41C0-479C-9E4C-ABB6F985790A}.Debug|Any CPU.Build.0 = Debug|Any CPU
		{A93BC732-41C0-479C-9E4C-ABB6F985790A}.LocalDebugDiscord|Any CPU.ActiveCfg = LocalDebugDiscord|Any CPU
		{A93BC732-41C0-479C-9E4C-ABB6F985790A}.LocalDebugDiscord|Any CPU.Build.0 = LocalDebugDiscord|Any CPU
		{A93BC732-41C0-479C-9E4C-ABB6F985790A}.LocalDebugHttp|Any CPU.ActiveCfg = LocalDebugHttp|Any CPU
		{A93BC732-41C0-479C-9E4C-ABB6F985790A}.LocalDebugHttp|Any CPU.Build.0 = LocalDebugHttp|Any CPU
		{A93BC732-41C0-479C-9E4C-ABB6F985790A}.LocalDebugWebsocket|Any CPU.ActiveCfg = LocalDebugWebsocket|Any CPU
		{A93BC732-41C0-479C-9E4C-ABB6F985790A}.LocalDebugWebsocket|Any CPU.Build.0 = LocalDebugWebsocket|Any CPU
		{A93BC732-41C0-479C-9E4C-ABB6F985790A}.Release|Any CPU.ActiveCfg = Release|Any CPU
		{A93BC732-41C0-479C-9E4C-ABB6F985790A}.Release|Any CPU.Build.0 = Release|Any CPU
		{B1BBB2B6-9E1D-49C2-AE1C-F40404CA1FCE}.Debug|Any CPU.ActiveCfg = Debug|Any CPU
		{B1BBB2B6-9E1D-49C2-AE1C-F40404CA1FCE}.Debug|Any CPU.Build.0 = Debug|Any CPU
		{B1BBB2B6-9E1D-49C2-AE1C-F40404CA1FCE}.LocalDebugDiscord|Any CPU.ActiveCfg = LocalDebugDiscord|Any CPU
		{B1BBB2B6-9E1D-49C2-AE1C-F40404CA1FCE}.LocalDebugDiscord|Any CPU.Build.0 = LocalDebugDiscord|Any CPU
		{B1BBB2B6-9E1D-49C2-AE1C-F40404CA1FCE}.LocalDebugHttp|Any CPU.ActiveCfg = LocalDebugHttp|Any CPU
		{B1BBB2B6-9E1D-49C2-AE1C-F40404CA1FCE}.LocalDebugHttp|Any CPU.Build.0 = LocalDebugHttp|Any CPU
		{B1BBB2B6-9E1D-49C2-AE1C-F40404CA1FCE}.LocalDebugWebsocket|Any CPU.ActiveCfg = LocalDebugWebsocket|Any CPU
		{B1BBB2B6-9E1D-49C2-AE1C-F40404CA1FCE}.LocalDebugWebsocket|Any CPU.Build.0 = LocalDebugWebsocket|Any CPU
		{B1BBB2B6-9E1D-49C2-AE1C-F40404CA1FCE}.Release|Any CPU.ActiveCfg = Release|Any CPU
		{B1BBB2B6-9E1D-49C2-AE1C-F40404CA1FCE}.Release|Any CPU.Build.0 = Release|Any CPU
		{9EA1EB4C-8F7D-4081-A9A6-3ACD1F8F5843}.Debug|Any CPU.ActiveCfg = Debug|Any CPU
		{9EA1EB4C-8F7D-4081-A9A6-3ACD1F8F5843}.Debug|Any CPU.Build.0 = Debug|Any CPU
		{9EA1EB4C-8F7D-4081-A9A6-3ACD1F8F5843}.LocalDebugDiscord|Any CPU.ActiveCfg = LocalDebugDiscord|Any CPU
		{9EA1EB4C-8F7D-4081-A9A6-3ACD1F8F5843}.LocalDebugDiscord|Any CPU.Build.0 = LocalDebugDiscord|Any CPU
		{9EA1EB4C-8F7D-4081-A9A6-3ACD1F8F5843}.LocalDebugHttp|Any CPU.ActiveCfg = LocalDebugHttp|Any CPU
		{9EA1EB4C-8F7D-4081-A9A6-3ACD1F8F5843}.LocalDebugHttp|Any CPU.Build.0 = LocalDebugHttp|Any CPU
		{9EA1EB4C-8F7D-4081-A9A6-3ACD1F8F5843}.LocalDebugWebsocket|Any CPU.ActiveCfg = LocalDebugWebsocket|Any CPU
		{9EA1EB4C-8F7D-4081-A9A6-3ACD1F8F5843}.LocalDebugWebsocket|Any CPU.Build.0 = LocalDebugWebsocket|Any CPU
		{9EA1EB4C-8F7D-4081-A9A6-3ACD1F8F5843}.Release|Any CPU.ActiveCfg = Release|Any CPU
		{9EA1EB4C-8F7D-4081-A9A6-3ACD1F8F5843}.Release|Any CPU.Build.0 = Release|Any CPU
		{2FE9C3D6-2B23-4C6B-B82E-4A286E903DFF}.Debug|Any CPU.ActiveCfg = Debug|Any CPU
		{2FE9C3D6-2B23-4C6B-B82E-4A286E903DFF}.Debug|Any CPU.Build.0 = Debug|Any CPU
		{2FE9C3D6-2B23-4C6B-B82E-4A286E903DFF}.LocalDebugDiscord|Any CPU.ActiveCfg = LocalDebugDiscord|Any CPU
		{2FE9C3D6-2B23-4C6B-B82E-4A286E903DFF}.LocalDebugDiscord|Any CPU.Build.0 = LocalDebugDiscord|Any CPU
		{2FE9C3D6-2B23-4C6B-B82E-4A286E903DFF}.LocalDebugHttp|Any CPU.ActiveCfg = LocalDebugHttp|Any CPU
		{2FE9C3D6-2B23-4C6B-B82E-4A286E903DFF}.LocalDebugHttp|Any CPU.Build.0 = LocalDebugHttp|Any CPU
		{2FE9C3D6-2B23-4C6B-B82E-4A286E903DFF}.LocalDebugWebsocket|Any CPU.ActiveCfg = LocalDebugWebsocket|Any CPU
		{2FE9C3D6-2B23-4C6B-B82E-4A286E903DFF}.LocalDebugWebsocket|Any CPU.Build.0 = LocalDebugWebsocket|Any CPU
		{2FE9C3D6-2B23-4C6B-B82E-4A286E903DFF}.Release|Any CPU.ActiveCfg = Release|Any CPU
		{2FE9C3D6-2B23-4C6B-B82E-4A286E903DFF}.Release|Any CPU.Build.0 = Release|Any CPU
		{799E7818-8BA1-4D78-9236-3EB0CC6D4EEE}.Debug|Any CPU.ActiveCfg = Debug|Any CPU
		{799E7818-8BA1-4D78-9236-3EB0CC6D4EEE}.Debug|Any CPU.Build.0 = Debug|Any CPU
		{799E7818-8BA1-4D78-9236-3EB0CC6D4EEE}.LocalDebugDiscord|Any CPU.ActiveCfg = LocalDebugDiscord|Any CPU
		{799E7818-8BA1-4D78-9236-3EB0CC6D4EEE}.LocalDebugDiscord|Any CPU.Build.0 = LocalDebugDiscord|Any CPU
		{799E7818-8BA1-4D78-9236-3EB0CC6D4EEE}.LocalDebugHttp|Any CPU.ActiveCfg = LocalDebugHttp|Any CPU
		{799E7818-8BA1-4D78-9236-3EB0CC6D4EEE}.LocalDebugHttp|Any CPU.Build.0 = LocalDebugHttp|Any CPU
		{799E7818-8BA1-4D78-9236-3EB0CC6D4EEE}.LocalDebugWebsocket|Any CPU.ActiveCfg = LocalDebugWebsocket|Any CPU
		{799E7818-8BA1-4D78-9236-3EB0CC6D4EEE}.LocalDebugWebsocket|Any CPU.Build.0 = LocalDebugWebsocket|Any CPU
		{799E7818-8BA1-4D78-9236-3EB0CC6D4EEE}.Release|Any CPU.ActiveCfg = Release|Any CPU
		{799E7818-8BA1-4D78-9236-3EB0CC6D4EEE}.Release|Any CPU.Build.0 = Release|Any CPU
		{86CED5CB-8B36-403A-9F11-5FFA68A9D80F}.Debug|Any CPU.ActiveCfg = Debug|Any CPU
		{86CED5CB-8B36-403A-9F11-5FFA68A9D80F}.Debug|Any CPU.Build.0 = Debug|Any CPU
		{86CED5CB-8B36-403A-9F11-5FFA68A9D80F}.LocalDebugDiscord|Any CPU.ActiveCfg = LocalDebugDiscord|Any CPU
		{86CED5CB-8B36-403A-9F11-5FFA68A9D80F}.LocalDebugDiscord|Any CPU.Build.0 = LocalDebugDiscord|Any CPU
		{86CED5CB-8B36-403A-9F11-5FFA68A9D80F}.LocalDebugHttp|Any CPU.ActiveCfg = LocalDebugHttp|Any CPU
		{86CED5CB-8B36-403A-9F11-5FFA68A9D80F}.LocalDebugHttp|Any CPU.Build.0 = LocalDebugHttp|Any CPU
		{86CED5CB-8B36-403A-9F11-5FFA68A9D80F}.LocalDebugWebsocket|Any CPU.ActiveCfg = LocalDebugWebsocket|Any CPU
		{86CED5CB-8B36-403A-9F11-5FFA68A9D80F}.LocalDebugWebsocket|Any CPU.Build.0 = LocalDebugWebsocket|Any CPU
		{86CED5CB-8B36-403A-9F11-5FFA68A9D80F}.Release|Any CPU.ActiveCfg = Release|Any CPU
		{86CED5CB-8B36-403A-9F11-5FFA68A9D80F}.Release|Any CPU.Build.0 = Release|Any CPU
		{3D9501EA-C4BD-4564-8FF6-7EADFA51C0EA}.Debug|Any CPU.ActiveCfg = Debug|Any CPU
		{3D9501EA-C4BD-4564-8FF6-7EADFA51C0EA}.Debug|Any CPU.Build.0 = Debug|Any CPU
		{3D9501EA-C4BD-4564-8FF6-7EADFA51C0EA}.LocalDebugDiscord|Any CPU.ActiveCfg = LocalDebugDiscord|Any CPU
		{3D9501EA-C4BD-4564-8FF6-7EADFA51C0EA}.LocalDebugDiscord|Any CPU.Build.0 = LocalDebugDiscord|Any CPU
		{3D9501EA-C4BD-4564-8FF6-7EADFA51C0EA}.LocalDebugHttp|Any CPU.ActiveCfg = LocalDebugHttp|Any CPU
		{3D9501EA-C4BD-4564-8FF6-7EADFA51C0EA}.LocalDebugHttp|Any CPU.Build.0 = LocalDebugHttp|Any CPU
		{3D9501EA-C4BD-4564-8FF6-7EADFA51C0EA}.LocalDebugWebsocket|Any CPU.ActiveCfg = LocalDebugWebsocket|Any CPU
		{3D9501EA-C4BD-4564-8FF6-7EADFA51C0EA}.LocalDebugWebsocket|Any CPU.Build.0 = LocalDebugWebsocket|Any CPU
		{3D9501EA-C4BD-4564-8FF6-7EADFA51C0EA}.Release|Any CPU.ActiveCfg = Release|Any CPU
		{3D9501EA-C4BD-4564-8FF6-7EADFA51C0EA}.Release|Any CPU.Build.0 = Release|Any CPU
		{E1E09FED-7F20-4E91-B834-E42C043000AF}.Debug|Any CPU.ActiveCfg = Debug|Any CPU
		{E1E09FED-7F20-4E91-B834-E42C043000AF}.Debug|Any CPU.Build.0 = Debug|Any CPU
		{E1E09FED-7F20-4E91-B834-E42C043000AF}.LocalDebugDiscord|Any CPU.ActiveCfg = LocalDebugDiscord|Any CPU
		{E1E09FED-7F20-4E91-B834-E42C043000AF}.LocalDebugDiscord|Any CPU.Build.0 = LocalDebugDiscord|Any CPU
		{E1E09FED-7F20-4E91-B834-E42C043000AF}.LocalDebugHttp|Any CPU.ActiveCfg = LocalDebugHttp|Any CPU
		{E1E09FED-7F20-4E91-B834-E42C043000AF}.LocalDebugHttp|Any CPU.Build.0 = LocalDebugHttp|Any CPU
		{E1E09FED-7F20-4E91-B834-E42C043000AF}.LocalDebugWebsocket|Any CPU.ActiveCfg = LocalDebugWebsocket|Any CPU
		{E1E09FED-7F20-4E91-B834-E42C043000AF}.LocalDebugWebsocket|Any CPU.Build.0 = LocalDebugWebsocket|Any CPU
		{E1E09FED-7F20-4E91-B834-E42C043000AF}.Release|Any CPU.ActiveCfg = Release|Any CPU
		{E1E09FED-7F20-4E91-B834-E42C043000AF}.Release|Any CPU.Build.0 = Release|Any CPU
		{07CA8476-E528-4BB1-BC99-DA0F578D04DA}.Debug|Any CPU.ActiveCfg = Debug|Any CPU
		{07CA8476-E528-4BB1-BC99-DA0F578D04DA}.Debug|Any CPU.Build.0 = Debug|Any CPU
		{07CA8476-E528-4BB1-BC99-DA0F578D04DA}.LocalDebugDiscord|Any CPU.ActiveCfg = LocalDebugDiscord|Any CPU
		{07CA8476-E528-4BB1-BC99-DA0F578D04DA}.LocalDebugDiscord|Any CPU.Build.0 = LocalDebugDiscord|Any CPU
		{07CA8476-E528-4BB1-BC99-DA0F578D04DA}.LocalDebugHttp|Any CPU.ActiveCfg = LocalDebugHttp|Any CPU
		{07CA8476-E528-4BB1-BC99-DA0F578D04DA}.LocalDebugHttp|Any CPU.Build.0 = LocalDebugHttp|Any CPU
		{07CA8476-E528-4BB1-BC99-DA0F578D04DA}.LocalDebugWebsocket|Any CPU.ActiveCfg = LocalDebugWebsocket|Any CPU
		{07CA8476-E528-4BB1-BC99-DA0F578D04DA}.LocalDebugWebsocket|Any CPU.Build.0 = LocalDebugWebsocket|Any CPU
		{07CA8476-E528-4BB1-BC99-DA0F578D04DA}.Release|Any CPU.ActiveCfg = Release|Any CPU
		{07CA8476-E528-4BB1-BC99-DA0F578D04DA}.Release|Any CPU.Build.0 = Release|Any CPU
		{B659B234-A1C9-4A47-9962-261EB80F97CF}.Debug|Any CPU.ActiveCfg = Debug|Any CPU
		{B659B234-A1C9-4A47-9962-261EB80F97CF}.Debug|Any CPU.Build.0 = Debug|Any CPU
		{B659B234-A1C9-4A47-9962-261EB80F97CF}.LocalDebugDiscord|Any CPU.ActiveCfg = LocalDebugDiscord|Any CPU
		{B659B234-A1C9-4A47-9962-261EB80F97CF}.LocalDebugDiscord|Any CPU.Build.0 = LocalDebugDiscord|Any CPU
		{B659B234-A1C9-4A47-9962-261EB80F97CF}.LocalDebugHttp|Any CPU.ActiveCfg = LocalDebugHttp|Any CPU
		{B659B234-A1C9-4A47-9962-261EB80F97CF}.LocalDebugHttp|Any CPU.Build.0 = LocalDebugHttp|Any CPU
		{B659B234-A1C9-4A47-9962-261EB80F97CF}.LocalDebugWebsocket|Any CPU.ActiveCfg = LocalDebugWebsocket|Any CPU
		{B659B234-A1C9-4A47-9962-261EB80F97CF}.LocalDebugWebsocket|Any CPU.Build.0 = LocalDebugWebsocket|Any CPU
		{B659B234-A1C9-4A47-9962-261EB80F97CF}.Release|Any CPU.ActiveCfg = Release|Any CPU
		{B659B234-A1C9-4A47-9962-261EB80F97CF}.Release|Any CPU.Build.0 = Release|Any CPU
		{C37E2FA8-FF6C-48CB-A4A0-8946E82D414B}.Debug|Any CPU.ActiveCfg = Debug|Any CPU
		{C37E2FA8-FF6C-48CB-A4A0-8946E82D414B}.Debug|Any CPU.Build.0 = Debug|Any CPU
		{C37E2FA8-FF6C-48CB-A4A0-8946E82D414B}.LocalDebugDiscord|Any CPU.ActiveCfg = LocalDebugDiscord|Any CPU
		{C37E2FA8-FF6C-48CB-A4A0-8946E82D414B}.LocalDebugDiscord|Any CPU.Build.0 = LocalDebugDiscord|Any CPU
		{C37E2FA8-FF6C-48CB-A4A0-8946E82D414B}.LocalDebugHttp|Any CPU.ActiveCfg = LocalDebugHttp|Any CPU
		{C37E2FA8-FF6C-48CB-A4A0-8946E82D414B}.LocalDebugHttp|Any CPU.Build.0 = LocalDebugHttp|Any CPU
		{C37E2FA8-FF6C-48CB-A4A0-8946E82D414B}.LocalDebugWebsocket|Any CPU.ActiveCfg = LocalDebugWebsocket|Any CPU
		{C37E2FA8-FF6C-48CB-A4A0-8946E82D414B}.LocalDebugWebsocket|Any CPU.Build.0 = LocalDebugWebsocket|Any CPU
		{C37E2FA8-FF6C-48CB-A4A0-8946E82D414B}.Release|Any CPU.ActiveCfg = Release|Any CPU
		{C37E2FA8-FF6C-48CB-A4A0-8946E82D414B}.Release|Any CPU.Build.0 = Release|Any CPU
		{B9F0C374-0EB9-4204-A9FD-A23F8E97E5DB}.Debug|Any CPU.ActiveCfg = Debug|Any CPU
		{B9F0C374-0EB9-4204-A9FD-A23F8E97E5DB}.Debug|Any CPU.Build.0 = Debug|Any CPU
		{B9F0C374-0EB9-4204-A9FD-A23F8E97E5DB}.LocalDebugDiscord|Any CPU.ActiveCfg = LocalDebugDiscord|Any CPU
		{B9F0C374-0EB9-4204-A9FD-A23F8E97E5DB}.LocalDebugDiscord|Any CPU.Build.0 = LocalDebugDiscord|Any CPU
		{B9F0C374-0EB9-4204-A9FD-A23F8E97E5DB}.LocalDebugHttp|Any CPU.ActiveCfg = LocalDebugHttp|Any CPU
		{B9F0C374-0EB9-4204-A9FD-A23F8E97E5DB}.LocalDebugHttp|Any CPU.Build.0 = LocalDebugHttp|Any CPU
		{B9F0C374-0EB9-4204-A9FD-A23F8E97E5DB}.LocalDebugWebsocket|Any CPU.ActiveCfg = LocalDebugWebsocket|Any CPU
		{B9F0C374-0EB9-4204-A9FD-A23F8E97E5DB}.LocalDebugWebsocket|Any CPU.Build.0 = LocalDebugWebsocket|Any CPU
		{B9F0C374-0EB9-4204-A9FD-A23F8E97E5DB}.Release|Any CPU.ActiveCfg = Release|Any CPU
		{B9F0C374-0EB9-4204-A9FD-A23F8E97E5DB}.Release|Any CPU.Build.0 = Release|Any CPU
		{8845AD97-42C6-46AF-BE93-81BD7A95EF8A}.Debug|Any CPU.ActiveCfg = Debug|Any CPU
		{8845AD97-42C6-46AF-BE93-81BD7A95EF8A}.Debug|Any CPU.Build.0 = Debug|Any CPU
		{8845AD97-42C6-46AF-BE93-81BD7A95EF8A}.LocalDebugDiscord|Any CPU.ActiveCfg = LocalDebugDiscord|Any CPU
		{8845AD97-42C6-46AF-BE93-81BD7A95EF8A}.LocalDebugDiscord|Any CPU.Build.0 = LocalDebugDiscord|Any CPU
		{8845AD97-42C6-46AF-BE93-81BD7A95EF8A}.LocalDebugHttp|Any CPU.ActiveCfg = LocalDebugHttp|Any CPU
		{8845AD97-42C6-46AF-BE93-81BD7A95EF8A}.LocalDebugHttp|Any CPU.Build.0 = LocalDebugHttp|Any CPU
		{8845AD97-42C6-46AF-BE93-81BD7A95EF8A}.LocalDebugWebsocket|Any CPU.ActiveCfg = LocalDebugWebsocket|Any CPU
		{8845AD97-42C6-46AF-BE93-81BD7A95EF8A}.LocalDebugWebsocket|Any CPU.Build.0 = LocalDebugWebsocket|Any CPU
		{8845AD97-42C6-46AF-BE93-81BD7A95EF8A}.Release|Any CPU.ActiveCfg = Release|Any CPU
		{8845AD97-42C6-46AF-BE93-81BD7A95EF8A}.Release|Any CPU.Build.0 = Release|Any CPU
		{24F82630-FB37-450E-847A-997ADCCDAAA6}.Debug|Any CPU.ActiveCfg = Debug|Any CPU
		{24F82630-FB37-450E-847A-997ADCCDAAA6}.Debug|Any CPU.Build.0 = Debug|Any CPU
		{24F82630-FB37-450E-847A-997ADCCDAAA6}.LocalDebugDiscord|Any CPU.ActiveCfg = LocalDebugDiscord|Any CPU
		{24F82630-FB37-450E-847A-997ADCCDAAA6}.LocalDebugDiscord|Any CPU.Build.0 = LocalDebugDiscord|Any CPU
		{24F82630-FB37-450E-847A-997ADCCDAAA6}.LocalDebugHttp|Any CPU.ActiveCfg = LocalDebugHttp|Any CPU
		{24F82630-FB37-450E-847A-997ADCCDAAA6}.LocalDebugHttp|Any CPU.Build.0 = LocalDebugHttp|Any CPU
		{24F82630-FB37-450E-847A-997ADCCDAAA6}.LocalDebugWebsocket|Any CPU.ActiveCfg = LocalDebugWebsocket|Any CPU
		{24F82630-FB37-450E-847A-997ADCCDAAA6}.LocalDebugWebsocket|Any CPU.Build.0 = LocalDebugWebsocket|Any CPU
		{24F82630-FB37-450E-847A-997ADCCDAAA6}.Release|Any CPU.ActiveCfg = Release|Any CPU
		{24F82630-FB37-450E-847A-997ADCCDAAA6}.Release|Any CPU.Build.0 = Release|Any CPU
		{EDC06F99-94D5-4632-A104-2FF08C00EC85}.Debug|Any CPU.ActiveCfg = Debug|Any CPU
		{EDC06F99-94D5-4632-A104-2FF08C00EC85}.Debug|Any CPU.Build.0 = Debug|Any CPU
		{EDC06F99-94D5-4632-A104-2FF08C00EC85}.LocalDebugDiscord|Any CPU.ActiveCfg = LocalDebugDiscord|Any CPU
		{EDC06F99-94D5-4632-A104-2FF08C00EC85}.LocalDebugDiscord|Any CPU.Build.0 = LocalDebugDiscord|Any CPU
		{EDC06F99-94D5-4632-A104-2FF08C00EC85}.LocalDebugHttp|Any CPU.ActiveCfg = LocalDebugHttp|Any CPU
		{EDC06F99-94D5-4632-A104-2FF08C00EC85}.LocalDebugHttp|Any CPU.Build.0 = LocalDebugHttp|Any CPU
		{EDC06F99-94D5-4632-A104-2FF08C00EC85}.LocalDebugWebsocket|Any CPU.ActiveCfg = LocalDebugWebsocket|Any CPU
		{EDC06F99-94D5-4632-A104-2FF08C00EC85}.LocalDebugWebsocket|Any CPU.Build.0 = LocalDebugWebsocket|Any CPU
		{EDC06F99-94D5-4632-A104-2FF08C00EC85}.Release|Any CPU.ActiveCfg = Release|Any CPU
		{EDC06F99-94D5-4632-A104-2FF08C00EC85}.Release|Any CPU.Build.0 = Release|Any CPU
		{3EC5555E-2101-443C-9CC4-D3599E7AA8F6}.Debug|Any CPU.ActiveCfg = Debug|Any CPU
		{3EC5555E-2101-443C-9CC4-D3599E7AA8F6}.Debug|Any CPU.Build.0 = Debug|Any CPU
		{3EC5555E-2101-443C-9CC4-D3599E7AA8F6}.LocalDebugDiscord|Any CPU.ActiveCfg = LocalDebugDiscord|Any CPU
		{3EC5555E-2101-443C-9CC4-D3599E7AA8F6}.LocalDebugDiscord|Any CPU.Build.0 = LocalDebugDiscord|Any CPU
		{3EC5555E-2101-443C-9CC4-D3599E7AA8F6}.LocalDebugHttp|Any CPU.ActiveCfg = LocalDebugHttp|Any CPU
		{3EC5555E-2101-443C-9CC4-D3599E7AA8F6}.LocalDebugHttp|Any CPU.Build.0 = LocalDebugHttp|Any CPU
		{3EC5555E-2101-443C-9CC4-D3599E7AA8F6}.LocalDebugWebsocket|Any CPU.ActiveCfg = LocalDebugWebsocket|Any CPU
		{3EC5555E-2101-443C-9CC4-D3599E7AA8F6}.LocalDebugWebsocket|Any CPU.Build.0 = LocalDebugWebsocket|Any CPU
		{3EC5555E-2101-443C-9CC4-D3599E7AA8F6}.Release|Any CPU.ActiveCfg = Release|Any CPU
		{3EC5555E-2101-443C-9CC4-D3599E7AA8F6}.Release|Any CPU.Build.0 = Release|Any CPU
		{C14CCC63-A5F4-4A6B-8D9C-FC148598C0EC}.Debug|Any CPU.ActiveCfg = Debug|Any CPU
		{C14CCC63-A5F4-4A6B-8D9C-FC148598C0EC}.Debug|Any CPU.Build.0 = Debug|Any CPU
		{C14CCC63-A5F4-4A6B-8D9C-FC148598C0EC}.LocalDebugDiscord|Any CPU.ActiveCfg = LocalDebugDiscord|Any CPU
		{C14CCC63-A5F4-4A6B-8D9C-FC148598C0EC}.LocalDebugDiscord|Any CPU.Build.0 = LocalDebugDiscord|Any CPU
		{C14CCC63-A5F4-4A6B-8D9C-FC148598C0EC}.LocalDebugHttp|Any CPU.ActiveCfg = LocalDebugHttp|Any CPU
		{C14CCC63-A5F4-4A6B-8D9C-FC148598C0EC}.LocalDebugHttp|Any CPU.Build.0 = LocalDebugHttp|Any CPU
		{C14CCC63-A5F4-4A6B-8D9C-FC148598C0EC}.LocalDebugWebsocket|Any CPU.ActiveCfg = LocalDebugWebsocket|Any CPU
		{C14CCC63-A5F4-4A6B-8D9C-FC148598C0EC}.LocalDebugWebsocket|Any CPU.Build.0 = LocalDebugWebsocket|Any CPU
		{C14CCC63-A5F4-4A6B-8D9C-FC148598C0EC}.Release|Any CPU.ActiveCfg = Release|Any CPU
		{C14CCC63-A5F4-4A6B-8D9C-FC148598C0EC}.Release|Any CPU.Build.0 = Release|Any CPU
		{E88229CB-31BE-4FA4-874E-F7DD9052FB09}.Debug|Any CPU.ActiveCfg = Debug|Any CPU
		{E88229CB-31BE-4FA4-874E-F7DD9052FB09}.Debug|Any CPU.Build.0 = Debug|Any CPU
		{E88229CB-31BE-4FA4-874E-F7DD9052FB09}.LocalDebugDiscord|Any CPU.ActiveCfg = LocalDebugDiscord|Any CPU
		{E88229CB-31BE-4FA4-874E-F7DD9052FB09}.LocalDebugDiscord|Any CPU.Build.0 = LocalDebugDiscord|Any CPU
		{E88229CB-31BE-4FA4-874E-F7DD9052FB09}.LocalDebugHttp|Any CPU.ActiveCfg = LocalDebugHttp|Any CPU
		{E88229CB-31BE-4FA4-874E-F7DD9052FB09}.LocalDebugHttp|Any CPU.Build.0 = LocalDebugHttp|Any CPU
		{E88229CB-31BE-4FA4-874E-F7DD9052FB09}.LocalDebugWebsocket|Any CPU.ActiveCfg = LocalDebugWebsocket|Any CPU
		{E88229CB-31BE-4FA4-874E-F7DD9052FB09}.LocalDebugWebsocket|Any CPU.Build.0 = LocalDebugWebsocket|Any CPU
		{E88229CB-31BE-4FA4-874E-F7DD9052FB09}.Release|Any CPU.ActiveCfg = Release|Any CPU
		{E88229CB-31BE-4FA4-874E-F7DD9052FB09}.Release|Any CPU.Build.0 = Release|Any CPU
		{94D122AB-5F1A-4ACE-BDCC-FD508062CF2A}.Debug|Any CPU.ActiveCfg = Debug|Any CPU
		{94D122AB-5F1A-4ACE-BDCC-FD508062CF2A}.Debug|Any CPU.Build.0 = Debug|Any CPU
		{94D122AB-5F1A-4ACE-BDCC-FD508062CF2A}.LocalDebugDiscord|Any CPU.ActiveCfg = LocalDebugDiscord|Any CPU
		{94D122AB-5F1A-4ACE-BDCC-FD508062CF2A}.LocalDebugDiscord|Any CPU.Build.0 = LocalDebugDiscord|Any CPU
		{94D122AB-5F1A-4ACE-BDCC-FD508062CF2A}.LocalDebugHttp|Any CPU.ActiveCfg = LocalDebugHttp|Any CPU
		{94D122AB-5F1A-4ACE-BDCC-FD508062CF2A}.LocalDebugHttp|Any CPU.Build.0 = LocalDebugHttp|Any CPU
		{94D122AB-5F1A-4ACE-BDCC-FD508062CF2A}.LocalDebugWebsocket|Any CPU.ActiveCfg = LocalDebugWebsocket|Any CPU
		{94D122AB-5F1A-4ACE-BDCC-FD508062CF2A}.LocalDebugWebsocket|Any CPU.Build.0 = LocalDebugWebsocket|Any CPU
		{94D122AB-5F1A-4ACE-BDCC-FD508062CF2A}.Release|Any CPU.ActiveCfg = Release|Any CPU
		{94D122AB-5F1A-4ACE-BDCC-FD508062CF2A}.Release|Any CPU.Build.0 = Release|Any CPU
		{616BFB6A-1D0F-404C-B76C-B2F40A519C13}.Debug|Any CPU.ActiveCfg = Debug|Any CPU
		{616BFB6A-1D0F-404C-B76C-B2F40A519C13}.Debug|Any CPU.Build.0 = Debug|Any CPU
		{616BFB6A-1D0F-404C-B76C-B2F40A519C13}.LocalDebugDiscord|Any CPU.ActiveCfg = LocalDebugDiscord|Any CPU
		{616BFB6A-1D0F-404C-B76C-B2F40A519C13}.LocalDebugDiscord|Any CPU.Build.0 = LocalDebugDiscord|Any CPU
		{616BFB6A-1D0F-404C-B76C-B2F40A519C13}.LocalDebugHttp|Any CPU.ActiveCfg = LocalDebugHttp|Any CPU
		{616BFB6A-1D0F-404C-B76C-B2F40A519C13}.LocalDebugHttp|Any CPU.Build.0 = LocalDebugHttp|Any CPU
		{616BFB6A-1D0F-404C-B76C-B2F40A519C13}.LocalDebugWebsocket|Any CPU.ActiveCfg = LocalDebugWebsocket|Any CPU
		{616BFB6A-1D0F-404C-B76C-B2F40A519C13}.LocalDebugWebsocket|Any CPU.Build.0 = LocalDebugWebsocket|Any CPU
		{616BFB6A-1D0F-404C-B76C-B2F40A519C13}.Release|Any CPU.ActiveCfg = Release|Any CPU
		{616BFB6A-1D0F-404C-B76C-B2F40A519C13}.Release|Any CPU.Build.0 = Release|Any CPU
		{1B04A224-B536-4FAA-98BC-8F16B4169EF1}.Debug|Any CPU.ActiveCfg = Debug|Any CPU
		{1B04A224-B536-4FAA-98BC-8F16B4169EF1}.Debug|Any CPU.Build.0 = Debug|Any CPU
		{1B04A224-B536-4FAA-98BC-8F16B4169EF1}.LocalDebugDiscord|Any CPU.ActiveCfg = LocalDebugDiscord|Any CPU
		{1B04A224-B536-4FAA-98BC-8F16B4169EF1}.LocalDebugDiscord|Any CPU.Build.0 = LocalDebugDiscord|Any CPU
		{1B04A224-B536-4FAA-98BC-8F16B4169EF1}.LocalDebugHttp|Any CPU.ActiveCfg = LocalDebugHttp|Any CPU
		{1B04A224-B536-4FAA-98BC-8F16B4169EF1}.LocalDebugHttp|Any CPU.Build.0 = LocalDebugHttp|Any CPU
		{1B04A224-B536-4FAA-98BC-8F16B4169EF1}.LocalDebugWebsocket|Any CPU.ActiveCfg = LocalDebugWebsocket|Any CPU
		{1B04A224-B536-4FAA-98BC-8F16B4169EF1}.LocalDebugWebsocket|Any CPU.Build.0 = LocalDebugWebsocket|Any CPU
		{1B04A224-B536-4FAA-98BC-8F16B4169EF1}.Release|Any CPU.ActiveCfg = Release|Any CPU
		{1B04A224-B536-4FAA-98BC-8F16B4169EF1}.Release|Any CPU.Build.0 = Release|Any CPU
		{65ADD468-0F5C-4CBD-B01A-1F1EFE9F9D8F}.Debug|Any CPU.ActiveCfg = Debug|Any CPU
		{65ADD468-0F5C-4CBD-B01A-1F1EFE9F9D8F}.Debug|Any CPU.Build.0 = Debug|Any CPU
		{65ADD468-0F5C-4CBD-B01A-1F1EFE9F9D8F}.LocalDebugDiscord|Any CPU.ActiveCfg = LocalDebugDiscord|Any CPU
		{65ADD468-0F5C-4CBD-B01A-1F1EFE9F9D8F}.LocalDebugDiscord|Any CPU.Build.0 = LocalDebugDiscord|Any CPU
		{65ADD468-0F5C-4CBD-B01A-1F1EFE9F9D8F}.LocalDebugHttp|Any CPU.ActiveCfg = LocalDebugHttp|Any CPU
		{65ADD468-0F5C-4CBD-B01A-1F1EFE9F9D8F}.LocalDebugHttp|Any CPU.Build.0 = LocalDebugHttp|Any CPU
		{65ADD468-0F5C-4CBD-B01A-1F1EFE9F9D8F}.LocalDebugWebsocket|Any CPU.ActiveCfg = LocalDebugWebsocket|Any CPU
		{65ADD468-0F5C-4CBD-B01A-1F1EFE9F9D8F}.LocalDebugWebsocket|Any CPU.Build.0 = LocalDebugWebsocket|Any CPU
		{65ADD468-0F5C-4CBD-B01A-1F1EFE9F9D8F}.Release|Any CPU.ActiveCfg = Release|Any CPU
		{65ADD468-0F5C-4CBD-B01A-1F1EFE9F9D8F}.Release|Any CPU.Build.0 = Release|Any CPU
		{F2990C10-3A15-4E5B-9040-CBBDD4E61CFD}.Debug|Any CPU.ActiveCfg = Debug|Any CPU
		{F2990C10-3A15-4E5B-9040-CBBDD4E61CFD}.Debug|Any CPU.Build.0 = Debug|Any CPU
		{F2990C10-3A15-4E5B-9040-CBBDD4E61CFD}.LocalDebugDiscord|Any CPU.ActiveCfg = LocalDebugDiscord|Any CPU
		{F2990C10-3A15-4E5B-9040-CBBDD4E61CFD}.LocalDebugDiscord|Any CPU.Build.0 = LocalDebugDiscord|Any CPU
		{F2990C10-3A15-4E5B-9040-CBBDD4E61CFD}.LocalDebugHttp|Any CPU.ActiveCfg = LocalDebugHttp|Any CPU
		{F2990C10-3A15-4E5B-9040-CBBDD4E61CFD}.LocalDebugHttp|Any CPU.Build.0 = LocalDebugHttp|Any CPU
		{F2990C10-3A15-4E5B-9040-CBBDD4E61CFD}.LocalDebugWebsocket|Any CPU.ActiveCfg = LocalDebugWebsocket|Any CPU
		{F2990C10-3A15-4E5B-9040-CBBDD4E61CFD}.LocalDebugWebsocket|Any CPU.Build.0 = LocalDebugWebsocket|Any CPU
		{F2990C10-3A15-4E5B-9040-CBBDD4E61CFD}.Release|Any CPU.ActiveCfg = Release|Any CPU
		{F2990C10-3A15-4E5B-9040-CBBDD4E61CFD}.Release|Any CPU.Build.0 = Release|Any CPU
		{4DBA49AB-04F1-426E-9A0D-2FB69B6C908B}.Debug|Any CPU.ActiveCfg = Debug|Any CPU
		{4DBA49AB-04F1-426E-9A0D-2FB69B6C908B}.Debug|Any CPU.Build.0 = Debug|Any CPU
		{4DBA49AB-04F1-426E-9A0D-2FB69B6C908B}.LocalDebugDiscord|Any CPU.ActiveCfg = LocalDebugDiscord|Any CPU
		{4DBA49AB-04F1-426E-9A0D-2FB69B6C908B}.LocalDebugDiscord|Any CPU.Build.0 = LocalDebugDiscord|Any CPU
		{4DBA49AB-04F1-426E-9A0D-2FB69B6C908B}.LocalDebugHttp|Any CPU.ActiveCfg = LocalDebugHttp|Any CPU
		{4DBA49AB-04F1-426E-9A0D-2FB69B6C908B}.LocalDebugHttp|Any CPU.Build.0 = LocalDebugHttp|Any CPU
		{4DBA49AB-04F1-426E-9A0D-2FB69B6C908B}.LocalDebugWebsocket|Any CPU.ActiveCfg = LocalDebugWebsocket|Any CPU
		{4DBA49AB-04F1-426E-9A0D-2FB69B6C908B}.LocalDebugWebsocket|Any CPU.Build.0 = LocalDebugWebsocket|Any CPU
		{4DBA49AB-04F1-426E-9A0D-2FB69B6C908B}.Release|Any CPU.ActiveCfg = Release|Any CPU
		{4DBA49AB-04F1-426E-9A0D-2FB69B6C908B}.Release|Any CPU.Build.0 = Release|Any CPU
		{A72F35EA-1FF7-4333-B6A6-4FEC912D1450}.Debug|Any CPU.ActiveCfg = Debug|Any CPU
		{A72F35EA-1FF7-4333-B6A6-4FEC912D1450}.Debug|Any CPU.Build.0 = Debug|Any CPU
		{A72F35EA-1FF7-4333-B6A6-4FEC912D1450}.LocalDebugDiscord|Any CPU.ActiveCfg = LocalDebugDiscord|Any CPU
		{A72F35EA-1FF7-4333-B6A6-4FEC912D1450}.LocalDebugDiscord|Any CPU.Build.0 = LocalDebugDiscord|Any CPU
		{A72F35EA-1FF7-4333-B6A6-4FEC912D1450}.LocalDebugHttp|Any CPU.ActiveCfg = LocalDebugHttp|Any CPU
		{A72F35EA-1FF7-4333-B6A6-4FEC912D1450}.LocalDebugHttp|Any CPU.Build.0 = LocalDebugHttp|Any CPU
		{A72F35EA-1FF7-4333-B6A6-4FEC912D1450}.LocalDebugWebsocket|Any CPU.ActiveCfg = LocalDebugWebsocket|Any CPU
		{A72F35EA-1FF7-4333-B6A6-4FEC912D1450}.LocalDebugWebsocket|Any CPU.Build.0 = LocalDebugWebsocket|Any CPU
		{A72F35EA-1FF7-4333-B6A6-4FEC912D1450}.Release|Any CPU.ActiveCfg = Release|Any CPU
		{A72F35EA-1FF7-4333-B6A6-4FEC912D1450}.Release|Any CPU.Build.0 = Release|Any CPU
		{16AD2B69-0B0A-41F4-9679-E83F2FD45DDB}.Debug|Any CPU.ActiveCfg = Debug|Any CPU
		{16AD2B69-0B0A-41F4-9679-E83F2FD45DDB}.Debug|Any CPU.Build.0 = Debug|Any CPU
		{16AD2B69-0B0A-41F4-9679-E83F2FD45DDB}.LocalDebugDiscord|Any CPU.ActiveCfg = LocalDebugDiscord|Any CPU
		{16AD2B69-0B0A-41F4-9679-E83F2FD45DDB}.LocalDebugDiscord|Any CPU.Build.0 = LocalDebugDiscord|Any CPU
		{16AD2B69-0B0A-41F4-9679-E83F2FD45DDB}.LocalDebugHttp|Any CPU.ActiveCfg = LocalDebugHttp|Any CPU
		{16AD2B69-0B0A-41F4-9679-E83F2FD45DDB}.LocalDebugHttp|Any CPU.Build.0 = LocalDebugHttp|Any CPU
		{16AD2B69-0B0A-41F4-9679-E83F2FD45DDB}.LocalDebugWebsocket|Any CPU.ActiveCfg = LocalDebugWebsocket|Any CPU
		{16AD2B69-0B0A-41F4-9679-E83F2FD45DDB}.LocalDebugWebsocket|Any CPU.Build.0 = LocalDebugWebsocket|Any CPU
		{16AD2B69-0B0A-41F4-9679-E83F2FD45DDB}.Release|Any CPU.ActiveCfg = Release|Any CPU
		{16AD2B69-0B0A-41F4-9679-E83F2FD45DDB}.Release|Any CPU.Build.0 = Release|Any CPU
		{67BDE95C-3702-41E4-8EFD-6665E19DD2B8}.Debug|Any CPU.ActiveCfg = Debug|Any CPU
		{67BDE95C-3702-41E4-8EFD-6665E19DD2B8}.Debug|Any CPU.Build.0 = Debug|Any CPU
		{67BDE95C-3702-41E4-8EFD-6665E19DD2B8}.LocalDebugDiscord|Any CPU.ActiveCfg = LocalDebugDiscord|Any CPU
		{67BDE95C-3702-41E4-8EFD-6665E19DD2B8}.LocalDebugDiscord|Any CPU.Build.0 = LocalDebugDiscord|Any CPU
		{67BDE95C-3702-41E4-8EFD-6665E19DD2B8}.LocalDebugHttp|Any CPU.ActiveCfg = LocalDebugHttp|Any CPU
		{67BDE95C-3702-41E4-8EFD-6665E19DD2B8}.LocalDebugHttp|Any CPU.Build.0 = LocalDebugHttp|Any CPU
		{67BDE95C-3702-41E4-8EFD-6665E19DD2B8}.LocalDebugWebsocket|Any CPU.ActiveCfg = LocalDebugWebsocket|Any CPU
		{67BDE95C-3702-41E4-8EFD-6665E19DD2B8}.LocalDebugWebsocket|Any CPU.Build.0 = LocalDebugWebsocket|Any CPU
		{67BDE95C-3702-41E4-8EFD-6665E19DD2B8}.Release|Any CPU.ActiveCfg = Release|Any CPU
		{67BDE95C-3702-41E4-8EFD-6665E19DD2B8}.Release|Any CPU.Build.0 = Release|Any CPU
		{C4388017-1E89-4E37-B6F8-DD2E74375A1E}.Debug|Any CPU.ActiveCfg = Debug|Any CPU
		{C4388017-1E89-4E37-B6F8-DD2E74375A1E}.Debug|Any CPU.Build.0 = Debug|Any CPU
		{C4388017-1E89-4E37-B6F8-DD2E74375A1E}.LocalDebugDiscord|Any CPU.ActiveCfg = LocalDebugDiscord|Any CPU
		{C4388017-1E89-4E37-B6F8-DD2E74375A1E}.LocalDebugDiscord|Any CPU.Build.0 = LocalDebugDiscord|Any CPU
		{C4388017-1E89-4E37-B6F8-DD2E74375A1E}.LocalDebugHttp|Any CPU.ActiveCfg = LocalDebugHttp|Any CPU
		{C4388017-1E89-4E37-B6F8-DD2E74375A1E}.LocalDebugHttp|Any CPU.Build.0 = LocalDebugHttp|Any CPU
		{C4388017-1E89-4E37-B6F8-DD2E74375A1E}.LocalDebugWebsocket|Any CPU.ActiveCfg = LocalDebugWebsocket|Any CPU
		{C4388017-1E89-4E37-B6F8-DD2E74375A1E}.LocalDebugWebsocket|Any CPU.Build.0 = LocalDebugWebsocket|Any CPU
		{C4388017-1E89-4E37-B6F8-DD2E74375A1E}.Release|Any CPU.ActiveCfg = Release|Any CPU
		{C4388017-1E89-4E37-B6F8-DD2E74375A1E}.Release|Any CPU.Build.0 = Release|Any CPU
		{C05C3D0A-2945-46A6-BAAA-09D2B9B3AF78}.Debug|Any CPU.ActiveCfg = Debug|Any CPU
		{C05C3D0A-2945-46A6-BAAA-09D2B9B3AF78}.Debug|Any CPU.Build.0 = Debug|Any CPU
		{C05C3D0A-2945-46A6-BAAA-09D2B9B3AF78}.LocalDebugDiscord|Any CPU.ActiveCfg = LocalDebugDiscord|Any CPU
		{C05C3D0A-2945-46A6-BAAA-09D2B9B3AF78}.LocalDebugDiscord|Any CPU.Build.0 = LocalDebugDiscord|Any CPU
		{C05C3D0A-2945-46A6-BAAA-09D2B9B3AF78}.LocalDebugHttp|Any CPU.ActiveCfg = LocalDebugHttp|Any CPU
		{C05C3D0A-2945-46A6-BAAA-09D2B9B3AF78}.LocalDebugHttp|Any CPU.Build.0 = LocalDebugHttp|Any CPU
		{C05C3D0A-2945-46A6-BAAA-09D2B9B3AF78}.LocalDebugWebsocket|Any CPU.ActiveCfg = LocalDebugWebsocket|Any CPU
		{C05C3D0A-2945-46A6-BAAA-09D2B9B3AF78}.LocalDebugWebsocket|Any CPU.Build.0 = LocalDebugWebsocket|Any CPU
		{C05C3D0A-2945-46A6-BAAA-09D2B9B3AF78}.Release|Any CPU.ActiveCfg = Release|Any CPU
		{C05C3D0A-2945-46A6-BAAA-09D2B9B3AF78}.Release|Any CPU.Build.0 = Release|Any CPU
		{CF759185-9514-4E41-BAA5-04E8A53CFD23}.Debug|Any CPU.ActiveCfg = Debug|Any CPU
		{CF759185-9514-4E41-BAA5-04E8A53CFD23}.Debug|Any CPU.Build.0 = Debug|Any CPU
		{CF759185-9514-4E41-BAA5-04E8A53CFD23}.LocalDebugDiscord|Any CPU.ActiveCfg = LocalDebugDiscord|Any CPU
		{CF759185-9514-4E41-BAA5-04E8A53CFD23}.LocalDebugDiscord|Any CPU.Build.0 = LocalDebugDiscord|Any CPU
		{CF759185-9514-4E41-BAA5-04E8A53CFD23}.LocalDebugHttp|Any CPU.ActiveCfg = LocalDebugHttp|Any CPU
		{CF759185-9514-4E41-BAA5-04E8A53CFD23}.LocalDebugHttp|Any CPU.Build.0 = LocalDebugHttp|Any CPU
		{CF759185-9514-4E41-BAA5-04E8A53CFD23}.LocalDebugWebsocket|Any CPU.ActiveCfg = LocalDebugWebsocket|Any CPU
		{CF759185-9514-4E41-BAA5-04E8A53CFD23}.LocalDebugWebsocket|Any CPU.Build.0 = LocalDebugWebsocket|Any CPU
		{CF759185-9514-4E41-BAA5-04E8A53CFD23}.Release|Any CPU.ActiveCfg = Release|Any CPU
		{CF759185-9514-4E41-BAA5-04E8A53CFD23}.Release|Any CPU.Build.0 = Release|Any CPU
		{3E787F37-2EC4-44DB-90A2-0D2E9C132417}.Debug|Any CPU.ActiveCfg = Debug|Any CPU
		{3E787F37-2EC4-44DB-90A2-0D2E9C132417}.Debug|Any CPU.Build.0 = Debug|Any CPU
		{3E787F37-2EC4-44DB-90A2-0D2E9C132417}.LocalDebugDiscord|Any CPU.ActiveCfg = LocalDebugDiscord|Any CPU
		{3E787F37-2EC4-44DB-90A2-0D2E9C132417}.LocalDebugDiscord|Any CPU.Build.0 = LocalDebugDiscord|Any CPU
		{3E787F37-2EC4-44DB-90A2-0D2E9C132417}.LocalDebugHttp|Any CPU.ActiveCfg = LocalDebugHttp|Any CPU
		{3E787F37-2EC4-44DB-90A2-0D2E9C132417}.LocalDebugHttp|Any CPU.Build.0 = LocalDebugHttp|Any CPU
		{3E787F37-2EC4-44DB-90A2-0D2E9C132417}.LocalDebugWebsocket|Any CPU.ActiveCfg = LocalDebugWebsocket|Any CPU
		{3E787F37-2EC4-44DB-90A2-0D2E9C132417}.LocalDebugWebsocket|Any CPU.Build.0 = LocalDebugWebsocket|Any CPU
		{3E787F37-2EC4-44DB-90A2-0D2E9C132417}.Release|Any CPU.ActiveCfg = Release|Any CPU
		{3E787F37-2EC4-44DB-90A2-0D2E9C132417}.Release|Any CPU.Build.0 = Release|Any CPU
		{B2F730A6-6672-44A5-82E7-9DD00806BAA1}.Debug|Any CPU.ActiveCfg = Debug|Any CPU
		{B2F730A6-6672-44A5-82E7-9DD00806BAA1}.Debug|Any CPU.Build.0 = Debug|Any CPU
		{B2F730A6-6672-44A5-82E7-9DD00806BAA1}.LocalDebugDiscord|Any CPU.ActiveCfg = LocalDebugDiscord|Any CPU
		{B2F730A6-6672-44A5-82E7-9DD00806BAA1}.LocalDebugDiscord|Any CPU.Build.0 = LocalDebugDiscord|Any CPU
		{B2F730A6-6672-44A5-82E7-9DD00806BAA1}.LocalDebugHttp|Any CPU.ActiveCfg = LocalDebugHttp|Any CPU
		{B2F730A6-6672-44A5-82E7-9DD00806BAA1}.LocalDebugHttp|Any CPU.Build.0 = LocalDebugHttp|Any CPU
		{B2F730A6-6672-44A5-82E7-9DD00806BAA1}.LocalDebugWebsocket|Any CPU.ActiveCfg = LocalDebugWebsocket|Any CPU
		{B2F730A6-6672-44A5-82E7-9DD00806BAA1}.LocalDebugWebsocket|Any CPU.Build.0 = LocalDebugWebsocket|Any CPU
		{B2F730A6-6672-44A5-82E7-9DD00806BAA1}.Release|Any CPU.ActiveCfg = Release|Any CPU
		{B2F730A6-6672-44A5-82E7-9DD00806BAA1}.Release|Any CPU.Build.0 = Release|Any CPU
		{4461ED3A-BD34-4AF2-8879-97CC5B74C01D}.Debug|Any CPU.ActiveCfg = Debug|Any CPU
		{4461ED3A-BD34-4AF2-8879-97CC5B74C01D}.Debug|Any CPU.Build.0 = Debug|Any CPU
		{4461ED3A-BD34-4AF2-8879-97CC5B74C01D}.LocalDebugDiscord|Any CPU.ActiveCfg = LocalDebugDiscord|Any CPU
		{4461ED3A-BD34-4AF2-8879-97CC5B74C01D}.LocalDebugDiscord|Any CPU.Build.0 = LocalDebugDiscord|Any CPU
		{4461ED3A-BD34-4AF2-8879-97CC5B74C01D}.LocalDebugHttp|Any CPU.ActiveCfg = LocalDebugHttp|Any CPU
		{4461ED3A-BD34-4AF2-8879-97CC5B74C01D}.LocalDebugHttp|Any CPU.Build.0 = LocalDebugHttp|Any CPU
		{4461ED3A-BD34-4AF2-8879-97CC5B74C01D}.LocalDebugWebsocket|Any CPU.ActiveCfg = LocalDebugWebsocket|Any CPU
		{4461ED3A-BD34-4AF2-8879-97CC5B74C01D}.LocalDebugWebsocket|Any CPU.Build.0 = LocalDebugWebsocket|Any CPU
		{4461ED3A-BD34-4AF2-8879-97CC5B74C01D}.Release|Any CPU.ActiveCfg = Release|Any CPU
		{4461ED3A-BD34-4AF2-8879-97CC5B74C01D}.Release|Any CPU.Build.0 = Release|Any CPU
		{3B1F1FDF-F37B-4F01-AFAB-03759672C665}.Debug|Any CPU.ActiveCfg = Debug|Any CPU
		{3B1F1FDF-F37B-4F01-AFAB-03759672C665}.Debug|Any CPU.Build.0 = Debug|Any CPU
		{3B1F1FDF-F37B-4F01-AFAB-03759672C665}.LocalDebugDiscord|Any CPU.ActiveCfg = LocalDebugDiscord|Any CPU
		{3B1F1FDF-F37B-4F01-AFAB-03759672C665}.LocalDebugDiscord|Any CPU.Build.0 = LocalDebugDiscord|Any CPU
		{3B1F1FDF-F37B-4F01-AFAB-03759672C665}.LocalDebugHttp|Any CPU.ActiveCfg = LocalDebugHttp|Any CPU
		{3B1F1FDF-F37B-4F01-AFAB-03759672C665}.LocalDebugHttp|Any CPU.Build.0 = LocalDebugHttp|Any CPU
		{3B1F1FDF-F37B-4F01-AFAB-03759672C665}.LocalDebugWebsocket|Any CPU.ActiveCfg = LocalDebugWebsocket|Any CPU
		{3B1F1FDF-F37B-4F01-AFAB-03759672C665}.LocalDebugWebsocket|Any CPU.Build.0 = LocalDebugWebsocket|Any CPU
		{3B1F1FDF-F37B-4F01-AFAB-03759672C665}.Release|Any CPU.ActiveCfg = Release|Any CPU
		{3B1F1FDF-F37B-4F01-AFAB-03759672C665}.Release|Any CPU.Build.0 = Release|Any CPU
		{7AD05B04-E7C8-4FE7-98C4-A1FD86B97A91}.Debug|Any CPU.ActiveCfg = Debug|Any CPU
		{7AD05B04-E7C8-4FE7-98C4-A1FD86B97A91}.Debug|Any CPU.Build.0 = Debug|Any CPU
		{7AD05B04-E7C8-4FE7-98C4-A1FD86B97A91}.LocalDebugDiscord|Any CPU.ActiveCfg = LocalDebugDiscord|Any CPU
		{7AD05B04-E7C8-4FE7-98C4-A1FD86B97A91}.LocalDebugDiscord|Any CPU.Build.0 = LocalDebugDiscord|Any CPU
		{7AD05B04-E7C8-4FE7-98C4-A1FD86B97A91}.LocalDebugHttp|Any CPU.ActiveCfg = LocalDebugHttp|Any CPU
		{7AD05B04-E7C8-4FE7-98C4-A1FD86B97A91}.LocalDebugHttp|Any CPU.Build.0 = LocalDebugHttp|Any CPU
		{7AD05B04-E7C8-4FE7-98C4-A1FD86B97A91}.LocalDebugWebsocket|Any CPU.ActiveCfg = LocalDebugWebsocket|Any CPU
		{7AD05B04-E7C8-4FE7-98C4-A1FD86B97A91}.LocalDebugWebsocket|Any CPU.Build.0 = LocalDebugWebsocket|Any CPU
		{7AD05B04-E7C8-4FE7-98C4-A1FD86B97A91}.Release|Any CPU.ActiveCfg = Release|Any CPU
		{7AD05B04-E7C8-4FE7-98C4-A1FD86B97A91}.Release|Any CPU.Build.0 = Release|Any CPU
		{2BD9AF2A-4E2F-4019-AEC2-6D212C9B98DC}.Debug|Any CPU.ActiveCfg = Debug|Any CPU
		{2BD9AF2A-4E2F-4019-AEC2-6D212C9B98DC}.Debug|Any CPU.Build.0 = Debug|Any CPU
		{2BD9AF2A-4E2F-4019-AEC2-6D212C9B98DC}.LocalDebugDiscord|Any CPU.ActiveCfg = LocalDebugDiscord|Any CPU
		{2BD9AF2A-4E2F-4019-AEC2-6D212C9B98DC}.LocalDebugDiscord|Any CPU.Build.0 = LocalDebugDiscord|Any CPU
		{2BD9AF2A-4E2F-4019-AEC2-6D212C9B98DC}.LocalDebugHttp|Any CPU.ActiveCfg = LocalDebugHttp|Any CPU
		{2BD9AF2A-4E2F-4019-AEC2-6D212C9B98DC}.LocalDebugHttp|Any CPU.Build.0 = LocalDebugHttp|Any CPU
		{2BD9AF2A-4E2F-4019-AEC2-6D212C9B98DC}.LocalDebugWebsocket|Any CPU.ActiveCfg = LocalDebugWebsocket|Any CPU
		{2BD9AF2A-4E2F-4019-AEC2-6D212C9B98DC}.LocalDebugWebsocket|Any CPU.Build.0 = LocalDebugWebsocket|Any CPU
		{2BD9AF2A-4E2F-4019-AEC2-6D212C9B98DC}.Release|Any CPU.ActiveCfg = Release|Any CPU
		{2BD9AF2A-4E2F-4019-AEC2-6D212C9B98DC}.Release|Any CPU.Build.0 = Release|Any CPU
		{DB7C855B-004A-42C7-A68B-FF4D7D95DAD8}.Debug|Any CPU.ActiveCfg = Debug|Any CPU
		{DB7C855B-004A-42C7-A68B-FF4D7D95DAD8}.Debug|Any CPU.Build.0 = Debug|Any CPU
		{DB7C855B-004A-42C7-A68B-FF4D7D95DAD8}.LocalDebugDiscord|Any CPU.ActiveCfg = LocalDebugDiscord|Any CPU
		{DB7C855B-004A-42C7-A68B-FF4D7D95DAD8}.LocalDebugDiscord|Any CPU.Build.0 = LocalDebugDiscord|Any CPU
		{DB7C855B-004A-42C7-A68B-FF4D7D95DAD8}.LocalDebugHttp|Any CPU.ActiveCfg = LocalDebugHttp|Any CPU
		{DB7C855B-004A-42C7-A68B-FF4D7D95DAD8}.LocalDebugHttp|Any CPU.Build.0 = LocalDebugHttp|Any CPU
		{DB7C855B-004A-42C7-A68B-FF4D7D95DAD8}.LocalDebugWebsocket|Any CPU.ActiveCfg = LocalDebugWebsocket|Any CPU
		{DB7C855B-004A-42C7-A68B-FF4D7D95DAD8}.LocalDebugWebsocket|Any CPU.Build.0 = LocalDebugWebsocket|Any CPU
		{DB7C855B-004A-42C7-A68B-FF4D7D95DAD8}.Release|Any CPU.ActiveCfg = Release|Any CPU
		{DB7C855B-004A-42C7-A68B-FF4D7D95DAD8}.Release|Any CPU.Build.0 = Release|Any CPU
		{58670B32-4A68-4B31-8B77-391A099B5EC0}.Debug|Any CPU.ActiveCfg = Debug|Any CPU
		{58670B32-4A68-4B31-8B77-391A099B5EC0}.Debug|Any CPU.Build.0 = Debug|Any CPU
		{58670B32-4A68-4B31-8B77-391A099B5EC0}.LocalDebugDiscord|Any CPU.ActiveCfg = LocalDebugDiscord|Any CPU
		{58670B32-4A68-4B31-8B77-391A099B5EC0}.LocalDebugDiscord|Any CPU.Build.0 = LocalDebugDiscord|Any CPU
		{58670B32-4A68-4B31-8B77-391A099B5EC0}.LocalDebugHttp|Any CPU.ActiveCfg = LocalDebugHttp|Any CPU
		{58670B32-4A68-4B31-8B77-391A099B5EC0}.LocalDebugHttp|Any CPU.Build.0 = LocalDebugHttp|Any CPU
		{58670B32-4A68-4B31-8B77-391A099B5EC0}.LocalDebugWebsocket|Any CPU.ActiveCfg = LocalDebugWebsocket|Any CPU
		{58670B32-4A68-4B31-8B77-391A099B5EC0}.LocalDebugWebsocket|Any CPU.Build.0 = LocalDebugWebsocket|Any CPU
		{58670B32-4A68-4B31-8B77-391A099B5EC0}.Release|Any CPU.ActiveCfg = Release|Any CPU
		{58670B32-4A68-4B31-8B77-391A099B5EC0}.Release|Any CPU.Build.0 = Release|Any CPU
		{15A65927-06D6-4B3F-B6B3-545E9F1D13A2}.Debug|Any CPU.ActiveCfg = Debug|Any CPU
		{15A65927-06D6-4B3F-B6B3-545E9F1D13A2}.Debug|Any CPU.Build.0 = Debug|Any CPU
		{15A65927-06D6-4B3F-B6B3-545E9F1D13A2}.LocalDebugDiscord|Any CPU.ActiveCfg = LocalDebugDiscord|Any CPU
		{15A65927-06D6-4B3F-B6B3-545E9F1D13A2}.LocalDebugDiscord|Any CPU.Build.0 = LocalDebugDiscord|Any CPU
		{15A65927-06D6-4B3F-B6B3-545E9F1D13A2}.LocalDebugHttp|Any CPU.ActiveCfg = LocalDebugHttp|Any CPU
		{15A65927-06D6-4B3F-B6B3-545E9F1D13A2}.LocalDebugHttp|Any CPU.Build.0 = LocalDebugHttp|Any CPU
		{15A65927-06D6-4B3F-B6B3-545E9F1D13A2}.LocalDebugWebsocket|Any CPU.ActiveCfg = LocalDebugWebsocket|Any CPU
		{15A65927-06D6-4B3F-B6B3-545E9F1D13A2}.LocalDebugWebsocket|Any CPU.Build.0 = LocalDebugWebsocket|Any CPU
		{15A65927-06D6-4B3F-B6B3-545E9F1D13A2}.Release|Any CPU.ActiveCfg = Release|Any CPU
		{15A65927-06D6-4B3F-B6B3-545E9F1D13A2}.Release|Any CPU.Build.0 = Release|Any CPU
		{775CB280-1761-4A87-A185-2165912104B6}.Debug|Any CPU.ActiveCfg = Debug|Any CPU
		{775CB280-1761-4A87-A185-2165912104B6}.Debug|Any CPU.Build.0 = Debug|Any CPU
		{775CB280-1761-4A87-A185-2165912104B6}.LocalDebugDiscord|Any CPU.ActiveCfg = LocalDebugDiscord|Any CPU
		{775CB280-1761-4A87-A185-2165912104B6}.LocalDebugDiscord|Any CPU.Build.0 = LocalDebugDiscord|Any CPU
		{775CB280-1761-4A87-A185-2165912104B6}.LocalDebugHttp|Any CPU.ActiveCfg = LocalDebugHttp|Any CPU
		{775CB280-1761-4A87-A185-2165912104B6}.LocalDebugHttp|Any CPU.Build.0 = LocalDebugHttp|Any CPU
		{775CB280-1761-4A87-A185-2165912104B6}.LocalDebugWebsocket|Any CPU.ActiveCfg = LocalDebugWebsocket|Any CPU
		{775CB280-1761-4A87-A185-2165912104B6}.LocalDebugWebsocket|Any CPU.Build.0 = LocalDebugWebsocket|Any CPU
		{775CB280-1761-4A87-A185-2165912104B6}.Release|Any CPU.ActiveCfg = Release|Any CPU
		{775CB280-1761-4A87-A185-2165912104B6}.Release|Any CPU.Build.0 = Release|Any CPU
		{FA75CA77-9941-4212-8967-3B42D9700912}.Debug|Any CPU.ActiveCfg = Debug|Any CPU
		{FA75CA77-9941-4212-8967-3B42D9700912}.Debug|Any CPU.Build.0 = Debug|Any CPU
		{FA75CA77-9941-4212-8967-3B42D9700912}.LocalDebugDiscord|Any CPU.ActiveCfg = LocalDebugDiscord|Any CPU
		{FA75CA77-9941-4212-8967-3B42D9700912}.LocalDebugDiscord|Any CPU.Build.0 = LocalDebugDiscord|Any CPU
		{FA75CA77-9941-4212-8967-3B42D9700912}.LocalDebugHttp|Any CPU.ActiveCfg = LocalDebugHttp|Any CPU
		{FA75CA77-9941-4212-8967-3B42D9700912}.LocalDebugHttp|Any CPU.Build.0 = LocalDebugHttp|Any CPU
		{FA75CA77-9941-4212-8967-3B42D9700912}.LocalDebugWebsocket|Any CPU.ActiveCfg = LocalDebugWebsocket|Any CPU
		{FA75CA77-9941-4212-8967-3B42D9700912}.LocalDebugWebsocket|Any CPU.Build.0 = LocalDebugWebsocket|Any CPU
		{FA75CA77-9941-4212-8967-3B42D9700912}.Release|Any CPU.ActiveCfg = Release|Any CPU
		{FA75CA77-9941-4212-8967-3B42D9700912}.Release|Any CPU.Build.0 = Release|Any CPU
		{5AA579A8-6057-4FF1-A208-F5AD5761594C}.Debug|Any CPU.ActiveCfg = Debug|Any CPU
		{5AA579A8-6057-4FF1-A208-F5AD5761594C}.Debug|Any CPU.Build.0 = Debug|Any CPU
		{5AA579A8-6057-4FF1-A208-F5AD5761594C}.LocalDebugDiscord|Any CPU.ActiveCfg = LocalDebugDiscord|Any CPU
		{5AA579A8-6057-4FF1-A208-F5AD5761594C}.LocalDebugDiscord|Any CPU.Build.0 = LocalDebugDiscord|Any CPU
		{5AA579A8-6057-4FF1-A208-F5AD5761594C}.LocalDebugHttp|Any CPU.ActiveCfg = LocalDebugHttp|Any CPU
		{5AA579A8-6057-4FF1-A208-F5AD5761594C}.LocalDebugHttp|Any CPU.Build.0 = LocalDebugHttp|Any CPU
		{5AA579A8-6057-4FF1-A208-F5AD5761594C}.LocalDebugWebsocket|Any CPU.ActiveCfg = LocalDebugWebsocket|Any CPU
		{5AA579A8-6057-4FF1-A208-F5AD5761594C}.LocalDebugWebsocket|Any CPU.Build.0 = LocalDebugWebsocket|Any CPU
		{5AA579A8-6057-4FF1-A208-F5AD5761594C}.Release|Any CPU.ActiveCfg = Release|Any CPU
		{5AA579A8-6057-4FF1-A208-F5AD5761594C}.Release|Any CPU.Build.0 = Release|Any CPU
		{7C5CC9E0-E4E0-4D29-ACC1-1C54048658A7}.Debug|Any CPU.ActiveCfg = Debug|Any CPU
		{7C5CC9E0-E4E0-4D29-ACC1-1C54048658A7}.Debug|Any CPU.Build.0 = Debug|Any CPU
		{7C5CC9E0-E4E0-4D29-ACC1-1C54048658A7}.LocalDebugDiscord|Any CPU.ActiveCfg = LocalDebugDiscord|Any CPU
		{7C5CC9E0-E4E0-4D29-ACC1-1C54048658A7}.LocalDebugDiscord|Any CPU.Build.0 = LocalDebugDiscord|Any CPU
		{7C5CC9E0-E4E0-4D29-ACC1-1C54048658A7}.LocalDebugHttp|Any CPU.ActiveCfg = LocalDebugHttp|Any CPU
		{7C5CC9E0-E4E0-4D29-ACC1-1C54048658A7}.LocalDebugHttp|Any CPU.Build.0 = LocalDebugHttp|Any CPU
		{7C5CC9E0-E4E0-4D29-ACC1-1C54048658A7}.LocalDebugWebsocket|Any CPU.ActiveCfg = LocalDebugWebsocket|Any CPU
		{7C5CC9E0-E4E0-4D29-ACC1-1C54048658A7}.LocalDebugWebsocket|Any CPU.Build.0 = LocalDebugWebsocket|Any CPU
		{7C5CC9E0-E4E0-4D29-ACC1-1C54048658A7}.Release|Any CPU.ActiveCfg = Release|Any CPU
		{7C5CC9E0-E4E0-4D29-ACC1-1C54048658A7}.Release|Any CPU.Build.0 = Release|Any CPU
		{671EE4AE-FA02-45F8-BDA3-47D938C7BC0C}.Debug|Any CPU.ActiveCfg = Debug|Any CPU
		{671EE4AE-FA02-45F8-BDA3-47D938C7BC0C}.Debug|Any CPU.Build.0 = Debug|Any CPU
		{671EE4AE-FA02-45F8-BDA3-47D938C7BC0C}.LocalDebugDiscord|Any CPU.ActiveCfg = LocalDebugDiscord|Any CPU
		{671EE4AE-FA02-45F8-BDA3-47D938C7BC0C}.LocalDebugDiscord|Any CPU.Build.0 = LocalDebugDiscord|Any CPU
		{671EE4AE-FA02-45F8-BDA3-47D938C7BC0C}.LocalDebugHttp|Any CPU.ActiveCfg = LocalDebugHttp|Any CPU
		{671EE4AE-FA02-45F8-BDA3-47D938C7BC0C}.LocalDebugHttp|Any CPU.Build.0 = LocalDebugHttp|Any CPU
		{671EE4AE-FA02-45F8-BDA3-47D938C7BC0C}.LocalDebugWebsocket|Any CPU.ActiveCfg = LocalDebugWebsocket|Any CPU
		{671EE4AE-FA02-45F8-BDA3-47D938C7BC0C}.LocalDebugWebsocket|Any CPU.Build.0 = LocalDebugWebsocket|Any CPU
		{671EE4AE-FA02-45F8-BDA3-47D938C7BC0C}.Release|Any CPU.ActiveCfg = Release|Any CPU
		{671EE4AE-FA02-45F8-BDA3-47D938C7BC0C}.Release|Any CPU.Build.0 = Release|Any CPU
		{604FB0B2-E526-4FDF-B468-96B31B4BEFB1}.Debug|Any CPU.ActiveCfg = Debug|Any CPU
		{604FB0B2-E526-4FDF-B468-96B31B4BEFB1}.Debug|Any CPU.Build.0 = Debug|Any CPU
		{604FB0B2-E526-4FDF-B468-96B31B4BEFB1}.LocalDebugDiscord|Any CPU.ActiveCfg = LocalDebugDiscord|Any CPU
		{604FB0B2-E526-4FDF-B468-96B31B4BEFB1}.LocalDebugDiscord|Any CPU.Build.0 = LocalDebugDiscord|Any CPU
		{604FB0B2-E526-4FDF-B468-96B31B4BEFB1}.LocalDebugHttp|Any CPU.ActiveCfg = LocalDebugHttp|Any CPU
		{604FB0B2-E526-4FDF-B468-96B31B4BEFB1}.LocalDebugHttp|Any CPU.Build.0 = LocalDebugHttp|Any CPU
		{604FB0B2-E526-4FDF-B468-96B31B4BEFB1}.LocalDebugWebsocket|Any CPU.ActiveCfg = LocalDebugWebsocket|Any CPU
		{604FB0B2-E526-4FDF-B468-96B31B4BEFB1}.LocalDebugWebsocket|Any CPU.Build.0 = LocalDebugWebsocket|Any CPU
		{604FB0B2-E526-4FDF-B468-96B31B4BEFB1}.Release|Any CPU.ActiveCfg = Release|Any CPU
		{604FB0B2-E526-4FDF-B468-96B31B4BEFB1}.Release|Any CPU.Build.0 = Release|Any CPU
		{9E28A3CA-7903-4F5E-84F0-50767253CF6E}.Debug|Any CPU.ActiveCfg = Debug|Any CPU
		{9E28A3CA-7903-4F5E-84F0-50767253CF6E}.Debug|Any CPU.Build.0 = Debug|Any CPU
		{9E28A3CA-7903-4F5E-84F0-50767253CF6E}.LocalDebugDiscord|Any CPU.ActiveCfg = LocalDebugDiscord|Any CPU
		{9E28A3CA-7903-4F5E-84F0-50767253CF6E}.LocalDebugDiscord|Any CPU.Build.0 = LocalDebugDiscord|Any CPU
		{9E28A3CA-7903-4F5E-84F0-50767253CF6E}.LocalDebugHttp|Any CPU.ActiveCfg = LocalDebugHttp|Any CPU
		{9E28A3CA-7903-4F5E-84F0-50767253CF6E}.LocalDebugHttp|Any CPU.Build.0 = LocalDebugHttp|Any CPU
		{9E28A3CA-7903-4F5E-84F0-50767253CF6E}.LocalDebugWebsocket|Any CPU.ActiveCfg = LocalDebugWebsocket|Any CPU
		{9E28A3CA-7903-4F5E-84F0-50767253CF6E}.LocalDebugWebsocket|Any CPU.Build.0 = LocalDebugWebsocket|Any CPU
		{9E28A3CA-7903-4F5E-84F0-50767253CF6E}.Release|Any CPU.ActiveCfg = Release|Any CPU
		{9E28A3CA-7903-4F5E-84F0-50767253CF6E}.Release|Any CPU.Build.0 = Release|Any CPU
		{D7B577CF-A0C1-4E94-ACB1-5923D78CC063}.Debug|Any CPU.ActiveCfg = Debug|Any CPU
		{D7B577CF-A0C1-4E94-ACB1-5923D78CC063}.Debug|Any CPU.Build.0 = Debug|Any CPU
		{D7B577CF-A0C1-4E94-ACB1-5923D78CC063}.LocalDebugDiscord|Any CPU.ActiveCfg = LocalDebugDiscord|Any CPU
		{D7B577CF-A0C1-4E94-ACB1-5923D78CC063}.LocalDebugDiscord|Any CPU.Build.0 = LocalDebugDiscord|Any CPU
		{D7B577CF-A0C1-4E94-ACB1-5923D78CC063}.LocalDebugHttp|Any CPU.ActiveCfg = LocalDebugHttp|Any CPU
		{D7B577CF-A0C1-4E94-ACB1-5923D78CC063}.LocalDebugHttp|Any CPU.Build.0 = LocalDebugHttp|Any CPU
		{D7B577CF-A0C1-4E94-ACB1-5923D78CC063}.LocalDebugWebsocket|Any CPU.ActiveCfg = LocalDebugWebsocket|Any CPU
		{D7B577CF-A0C1-4E94-ACB1-5923D78CC063}.LocalDebugWebsocket|Any CPU.Build.0 = LocalDebugWebsocket|Any CPU
		{D7B577CF-A0C1-4E94-ACB1-5923D78CC063}.Release|Any CPU.ActiveCfg = Release|Any CPU
		{D7B577CF-A0C1-4E94-ACB1-5923D78CC063}.Release|Any CPU.Build.0 = Release|Any CPU
		{DAAF0CF0-3766-4977-AA81-3E0A96DACACC}.Debug|Any CPU.ActiveCfg = Debug|Any CPU
		{DAAF0CF0-3766-4977-AA81-3E0A96DACACC}.Debug|Any CPU.Build.0 = Debug|Any CPU
		{DAAF0CF0-3766-4977-AA81-3E0A96DACACC}.LocalDebugDiscord|Any CPU.ActiveCfg = LocalDebugDiscord|Any CPU
		{DAAF0CF0-3766-4977-AA81-3E0A96DACACC}.LocalDebugDiscord|Any CPU.Build.0 = LocalDebugDiscord|Any CPU
		{DAAF0CF0-3766-4977-AA81-3E0A96DACACC}.LocalDebugHttp|Any CPU.ActiveCfg = LocalDebugHttp|Any CPU
		{DAAF0CF0-3766-4977-AA81-3E0A96DACACC}.LocalDebugHttp|Any CPU.Build.0 = LocalDebugHttp|Any CPU
		{DAAF0CF0-3766-4977-AA81-3E0A96DACACC}.LocalDebugWebsocket|Any CPU.ActiveCfg = LocalDebugWebsocket|Any CPU
		{DAAF0CF0-3766-4977-AA81-3E0A96DACACC}.LocalDebugWebsocket|Any CPU.Build.0 = LocalDebugWebsocket|Any CPU
		{DAAF0CF0-3766-4977-AA81-3E0A96DACACC}.Release|Any CPU.ActiveCfg = Release|Any CPU
		{DAAF0CF0-3766-4977-AA81-3E0A96DACACC}.Release|Any CPU.Build.0 = Release|Any CPU
		{C85FAD18-C7B4-4C93-8CB9-D91134F29B4C}.Debug|Any CPU.ActiveCfg = Debug|Any CPU
		{C85FAD18-C7B4-4C93-8CB9-D91134F29B4C}.Debug|Any CPU.Build.0 = Debug|Any CPU
		{C85FAD18-C7B4-4C93-8CB9-D91134F29B4C}.LocalDebugDiscord|Any CPU.ActiveCfg = LocalDebugDiscord|Any CPU
		{C85FAD18-C7B4-4C93-8CB9-D91134F29B4C}.LocalDebugDiscord|Any CPU.Build.0 = LocalDebugDiscord|Any CPU
		{C85FAD18-C7B4-4C93-8CB9-D91134F29B4C}.LocalDebugHttp|Any CPU.ActiveCfg = LocalDebugHttp|Any CPU
		{C85FAD18-C7B4-4C93-8CB9-D91134F29B4C}.LocalDebugHttp|Any CPU.Build.0 = LocalDebugHttp|Any CPU
		{C85FAD18-C7B4-4C93-8CB9-D91134F29B4C}.LocalDebugWebsocket|Any CPU.ActiveCfg = LocalDebugWebsocket|Any CPU
		{C85FAD18-C7B4-4C93-8CB9-D91134F29B4C}.LocalDebugWebsocket|Any CPU.Build.0 = LocalDebugWebsocket|Any CPU
		{C85FAD18-C7B4-4C93-8CB9-D91134F29B4C}.Release|Any CPU.ActiveCfg = Release|Any CPU
		{C85FAD18-C7B4-4C93-8CB9-D91134F29B4C}.Release|Any CPU.Build.0 = Release|Any CPU
		{35EE5851-4FC9-4497-9C14-8092A232A0BC}.Debug|Any CPU.ActiveCfg = Debug|Any CPU
		{35EE5851-4FC9-4497-9C14-8092A232A0BC}.Debug|Any CPU.Build.0 = Debug|Any CPU
		{35EE5851-4FC9-4497-9C14-8092A232A0BC}.LocalDebugDiscord|Any CPU.ActiveCfg = LocalDebugDiscord|Any CPU
		{35EE5851-4FC9-4497-9C14-8092A232A0BC}.LocalDebugDiscord|Any CPU.Build.0 = LocalDebugDiscord|Any CPU
		{35EE5851-4FC9-4497-9C14-8092A232A0BC}.LocalDebugHttp|Any CPU.ActiveCfg = LocalDebugHttp|Any CPU
		{35EE5851-4FC9-4497-9C14-8092A232A0BC}.LocalDebugHttp|Any CPU.Build.0 = LocalDebugHttp|Any CPU
		{35EE5851-4FC9-4497-9C14-8092A232A0BC}.LocalDebugWebsocket|Any CPU.ActiveCfg = LocalDebugWebsocket|Any CPU
		{35EE5851-4FC9-4497-9C14-8092A232A0BC}.LocalDebugWebsocket|Any CPU.Build.0 = LocalDebugWebsocket|Any CPU
		{35EE5851-4FC9-4497-9C14-8092A232A0BC}.Release|Any CPU.ActiveCfg = Release|Any CPU
		{35EE5851-4FC9-4497-9C14-8092A232A0BC}.Release|Any CPU.Build.0 = Release|Any CPU
		{8B3EA5C9-44CA-4974-A779-377168FA5461}.Debug|Any CPU.ActiveCfg = Debug|Any CPU
		{8B3EA5C9-44CA-4974-A779-377168FA5461}.Debug|Any CPU.Build.0 = Debug|Any CPU
		{8B3EA5C9-44CA-4974-A779-377168FA5461}.LocalDebugDiscord|Any CPU.ActiveCfg = LocalDebugDiscord|Any CPU
		{8B3EA5C9-44CA-4974-A779-377168FA5461}.LocalDebugDiscord|Any CPU.Build.0 = LocalDebugDiscord|Any CPU
		{8B3EA5C9-44CA-4974-A779-377168FA5461}.LocalDebugHttp|Any CPU.ActiveCfg = LocalDebugHttp|Any CPU
		{8B3EA5C9-44CA-4974-A779-377168FA5461}.LocalDebugHttp|Any CPU.Build.0 = LocalDebugHttp|Any CPU
		{8B3EA5C9-44CA-4974-A779-377168FA5461}.LocalDebugWebsocket|Any CPU.ActiveCfg = LocalDebugWebsocket|Any CPU
		{8B3EA5C9-44CA-4974-A779-377168FA5461}.LocalDebugWebsocket|Any CPU.Build.0 = LocalDebugWebsocket|Any CPU
		{8B3EA5C9-44CA-4974-A779-377168FA5461}.Release|Any CPU.ActiveCfg = Release|Any CPU
		{8B3EA5C9-44CA-4974-A779-377168FA5461}.Release|Any CPU.Build.0 = Release|Any CPU
		{540C04B5-3742-4FA9-99FA-887D88E53F30}.Debug|Any CPU.ActiveCfg = Debug|Any CPU
		{540C04B5-3742-4FA9-99FA-887D88E53F30}.Debug|Any CPU.Build.0 = Debug|Any CPU
		{540C04B5-3742-4FA9-99FA-887D88E53F30}.LocalDebugDiscord|Any CPU.ActiveCfg = LocalDebugDiscord|Any CPU
		{540C04B5-3742-4FA9-99FA-887D88E53F30}.LocalDebugDiscord|Any CPU.Build.0 = LocalDebugDiscord|Any CPU
		{540C04B5-3742-4FA9-99FA-887D88E53F30}.LocalDebugHttp|Any CPU.ActiveCfg = LocalDebugHttp|Any CPU
		{540C04B5-3742-4FA9-99FA-887D88E53F30}.LocalDebugHttp|Any CPU.Build.0 = LocalDebugHttp|Any CPU
		{540C04B5-3742-4FA9-99FA-887D88E53F30}.LocalDebugWebsocket|Any CPU.ActiveCfg = LocalDebugWebsocket|Any CPU
		{540C04B5-3742-4FA9-99FA-887D88E53F30}.LocalDebugWebsocket|Any CPU.Build.0 = LocalDebugWebsocket|Any CPU
		{540C04B5-3742-4FA9-99FA-887D88E53F30}.Release|Any CPU.ActiveCfg = Release|Any CPU
		{540C04B5-3742-4FA9-99FA-887D88E53F30}.Release|Any CPU.Build.0 = Release|Any CPU
		{2AFB02F1-C6DC-4D62-9BD3-DB7C7F98D2D5}.Debug|Any CPU.ActiveCfg = Debug|Any CPU
		{2AFB02F1-C6DC-4D62-9BD3-DB7C7F98D2D5}.Debug|Any CPU.Build.0 = Debug|Any CPU
		{2AFB02F1-C6DC-4D62-9BD3-DB7C7F98D2D5}.LocalDebugDiscord|Any CPU.ActiveCfg = LocalDebugDiscord|Any CPU
		{2AFB02F1-C6DC-4D62-9BD3-DB7C7F98D2D5}.LocalDebugDiscord|Any CPU.Build.0 = LocalDebugDiscord|Any CPU
		{2AFB02F1-C6DC-4D62-9BD3-DB7C7F98D2D5}.LocalDebugHttp|Any CPU.ActiveCfg = LocalDebugHttp|Any CPU
		{2AFB02F1-C6DC-4D62-9BD3-DB7C7F98D2D5}.LocalDebugHttp|Any CPU.Build.0 = LocalDebugHttp|Any CPU
		{2AFB02F1-C6DC-4D62-9BD3-DB7C7F98D2D5}.LocalDebugWebsocket|Any CPU.ActiveCfg = LocalDebugWebsocket|Any CPU
		{2AFB02F1-C6DC-4D62-9BD3-DB7C7F98D2D5}.LocalDebugWebsocket|Any CPU.Build.0 = LocalDebugWebsocket|Any CPU
		{2AFB02F1-C6DC-4D62-9BD3-DB7C7F98D2D5}.Release|Any CPU.ActiveCfg = Release|Any CPU
		{2AFB02F1-C6DC-4D62-9BD3-DB7C7F98D2D5}.Release|Any CPU.Build.0 = Release|Any CPU
		{009CAE34-7FFD-4A73-9A26-DB340526117C}.Debug|Any CPU.ActiveCfg = Debug|Any CPU
		{009CAE34-7FFD-4A73-9A26-DB340526117C}.Debug|Any CPU.Build.0 = Debug|Any CPU
		{009CAE34-7FFD-4A73-9A26-DB340526117C}.LocalDebugDiscord|Any CPU.ActiveCfg = LocalDebugDiscord|Any CPU
		{009CAE34-7FFD-4A73-9A26-DB340526117C}.LocalDebugDiscord|Any CPU.Build.0 = LocalDebugDiscord|Any CPU
		{009CAE34-7FFD-4A73-9A26-DB340526117C}.LocalDebugHttp|Any CPU.ActiveCfg = LocalDebugHttp|Any CPU
		{009CAE34-7FFD-4A73-9A26-DB340526117C}.LocalDebugHttp|Any CPU.Build.0 = LocalDebugHttp|Any CPU
		{009CAE34-7FFD-4A73-9A26-DB340526117C}.LocalDebugWebsocket|Any CPU.ActiveCfg = LocalDebugWebsocket|Any CPU
		{009CAE34-7FFD-4A73-9A26-DB340526117C}.LocalDebugWebsocket|Any CPU.Build.0 = LocalDebugWebsocket|Any CPU
		{009CAE34-7FFD-4A73-9A26-DB340526117C}.Release|Any CPU.ActiveCfg = Release|Any CPU
		{009CAE34-7FFD-4A73-9A26-DB340526117C}.Release|Any CPU.Build.0 = Release|Any CPU
		{8CB23EBA-2511-4B93-97D2-03B6D24BD116}.Debug|Any CPU.ActiveCfg = Debug|Any CPU
		{8CB23EBA-2511-4B93-97D2-03B6D24BD116}.Debug|Any CPU.Build.0 = Debug|Any CPU
		{8CB23EBA-2511-4B93-97D2-03B6D24BD116}.LocalDebugDiscord|Any CPU.ActiveCfg = LocalDebugDiscord|Any CPU
		{8CB23EBA-2511-4B93-97D2-03B6D24BD116}.LocalDebugDiscord|Any CPU.Build.0 = LocalDebugDiscord|Any CPU
		{8CB23EBA-2511-4B93-97D2-03B6D24BD116}.LocalDebugHttp|Any CPU.ActiveCfg = LocalDebugHttp|Any CPU
		{8CB23EBA-2511-4B93-97D2-03B6D24BD116}.LocalDebugHttp|Any CPU.Build.0 = LocalDebugHttp|Any CPU
		{8CB23EBA-2511-4B93-97D2-03B6D24BD116}.LocalDebugWebsocket|Any CPU.ActiveCfg = LocalDebugWebsocket|Any CPU
		{8CB23EBA-2511-4B93-97D2-03B6D24BD116}.LocalDebugWebsocket|Any CPU.Build.0 = LocalDebugWebsocket|Any CPU
		{8CB23EBA-2511-4B93-97D2-03B6D24BD116}.Release|Any CPU.ActiveCfg = Release|Any CPU
		{8CB23EBA-2511-4B93-97D2-03B6D24BD116}.Release|Any CPU.Build.0 = Release|Any CPU
		{48FF4114-48B4-4A07-B47D-1DF7F569E459}.Debug|Any CPU.ActiveCfg = Debug|Any CPU
		{48FF4114-48B4-4A07-B47D-1DF7F569E459}.Debug|Any CPU.Build.0 = Debug|Any CPU
		{48FF4114-48B4-4A07-B47D-1DF7F569E459}.LocalDebugDiscord|Any CPU.ActiveCfg = LocalDebugDiscord|Any CPU
		{48FF4114-48B4-4A07-B47D-1DF7F569E459}.LocalDebugDiscord|Any CPU.Build.0 = LocalDebugDiscord|Any CPU
		{48FF4114-48B4-4A07-B47D-1DF7F569E459}.LocalDebugHttp|Any CPU.ActiveCfg = LocalDebugHttp|Any CPU
		{48FF4114-48B4-4A07-B47D-1DF7F569E459}.LocalDebugHttp|Any CPU.Build.0 = LocalDebugHttp|Any CPU
		{48FF4114-48B4-4A07-B47D-1DF7F569E459}.LocalDebugWebsocket|Any CPU.ActiveCfg = LocalDebugWebsocket|Any CPU
		{48FF4114-48B4-4A07-B47D-1DF7F569E459}.LocalDebugWebsocket|Any CPU.Build.0 = LocalDebugWebsocket|Any CPU
		{48FF4114-48B4-4A07-B47D-1DF7F569E459}.Release|Any CPU.ActiveCfg = Release|Any CPU
		{48FF4114-48B4-4A07-B47D-1DF7F569E459}.Release|Any CPU.Build.0 = Release|Any CPU
		{872D5398-81A4-4CC2-AE03-31D6E8DC8150}.Debug|Any CPU.ActiveCfg = Debug|Any CPU
		{872D5398-81A4-4CC2-AE03-31D6E8DC8150}.Debug|Any CPU.Build.0 = Debug|Any CPU
		{872D5398-81A4-4CC2-AE03-31D6E8DC8150}.LocalDebugDiscord|Any CPU.ActiveCfg = LocalDebugDiscord|Any CPU
		{872D5398-81A4-4CC2-AE03-31D6E8DC8150}.LocalDebugDiscord|Any CPU.Build.0 = LocalDebugDiscord|Any CPU
		{872D5398-81A4-4CC2-AE03-31D6E8DC8150}.LocalDebugHttp|Any CPU.ActiveCfg = LocalDebugHttp|Any CPU
		{872D5398-81A4-4CC2-AE03-31D6E8DC8150}.LocalDebugHttp|Any CPU.Build.0 = LocalDebugHttp|Any CPU
		{872D5398-81A4-4CC2-AE03-31D6E8DC8150}.LocalDebugWebsocket|Any CPU.ActiveCfg = LocalDebugWebsocket|Any CPU
		{872D5398-81A4-4CC2-AE03-31D6E8DC8150}.LocalDebugWebsocket|Any CPU.Build.0 = LocalDebugWebsocket|Any CPU
		{872D5398-81A4-4CC2-AE03-31D6E8DC8150}.Release|Any CPU.ActiveCfg = Release|Any CPU
		{872D5398-81A4-4CC2-AE03-31D6E8DC8150}.Release|Any CPU.Build.0 = Release|Any CPU
		{AEF6D2E1-0A78-4701-B741-4680643ABD8E}.Debug|Any CPU.ActiveCfg = Debug|Any CPU
		{AEF6D2E1-0A78-4701-B741-4680643ABD8E}.Debug|Any CPU.Build.0 = Debug|Any CPU
		{AEF6D2E1-0A78-4701-B741-4680643ABD8E}.LocalDebugDiscord|Any CPU.ActiveCfg = LocalDebugDiscord|Any CPU
		{AEF6D2E1-0A78-4701-B741-4680643ABD8E}.LocalDebugDiscord|Any CPU.Build.0 = LocalDebugDiscord|Any CPU
		{AEF6D2E1-0A78-4701-B741-4680643ABD8E}.LocalDebugHttp|Any CPU.ActiveCfg = LocalDebugHttp|Any CPU
		{AEF6D2E1-0A78-4701-B741-4680643ABD8E}.LocalDebugHttp|Any CPU.Build.0 = LocalDebugHttp|Any CPU
		{AEF6D2E1-0A78-4701-B741-4680643ABD8E}.LocalDebugWebsocket|Any CPU.ActiveCfg = LocalDebugWebsocket|Any CPU
		{AEF6D2E1-0A78-4701-B741-4680643ABD8E}.LocalDebugWebsocket|Any CPU.Build.0 = LocalDebugWebsocket|Any CPU
		{AEF6D2E1-0A78-4701-B741-4680643ABD8E}.Release|Any CPU.ActiveCfg = Release|Any CPU
		{AEF6D2E1-0A78-4701-B741-4680643ABD8E}.Release|Any CPU.Build.0 = Release|Any CPU
		{4CD72CDE-79FB-40FC-B88C-E55840BB4E0F}.Debug|Any CPU.ActiveCfg = Debug|Any CPU
		{4CD72CDE-79FB-40FC-B88C-E55840BB4E0F}.Debug|Any CPU.Build.0 = Debug|Any CPU
		{4CD72CDE-79FB-40FC-B88C-E55840BB4E0F}.LocalDebugDiscord|Any CPU.ActiveCfg = LocalDebugDiscord|Any CPU
		{4CD72CDE-79FB-40FC-B88C-E55840BB4E0F}.LocalDebugDiscord|Any CPU.Build.0 = LocalDebugDiscord|Any CPU
		{4CD72CDE-79FB-40FC-B88C-E55840BB4E0F}.LocalDebugHttp|Any CPU.ActiveCfg = LocalDebugHttp|Any CPU
		{4CD72CDE-79FB-40FC-B88C-E55840BB4E0F}.LocalDebugHttp|Any CPU.Build.0 = LocalDebugHttp|Any CPU
		{4CD72CDE-79FB-40FC-B88C-E55840BB4E0F}.LocalDebugWebsocket|Any CPU.ActiveCfg = LocalDebugWebsocket|Any CPU
		{4CD72CDE-79FB-40FC-B88C-E55840BB4E0F}.LocalDebugWebsocket|Any CPU.Build.0 = LocalDebugWebsocket|Any CPU
		{4CD72CDE-79FB-40FC-B88C-E55840BB4E0F}.Release|Any CPU.ActiveCfg = Release|Any CPU
		{4CD72CDE-79FB-40FC-B88C-E55840BB4E0F}.Release|Any CPU.Build.0 = Release|Any CPU
		{1393A5DC-8AF8-4184-AA20-10424DC964CF}.Debug|Any CPU.ActiveCfg = Debug|Any CPU
		{1393A5DC-8AF8-4184-AA20-10424DC964CF}.Debug|Any CPU.Build.0 = Debug|Any CPU
		{1393A5DC-8AF8-4184-AA20-10424DC964CF}.LocalDebugDiscord|Any CPU.ActiveCfg = LocalDebugDiscord|Any CPU
		{1393A5DC-8AF8-4184-AA20-10424DC964CF}.LocalDebugDiscord|Any CPU.Build.0 = LocalDebugDiscord|Any CPU
		{1393A5DC-8AF8-4184-AA20-10424DC964CF}.LocalDebugHttp|Any CPU.ActiveCfg = LocalDebugHttp|Any CPU
		{1393A5DC-8AF8-4184-AA20-10424DC964CF}.LocalDebugHttp|Any CPU.Build.0 = LocalDebugHttp|Any CPU
		{1393A5DC-8AF8-4184-AA20-10424DC964CF}.LocalDebugWebsocket|Any CPU.ActiveCfg = LocalDebugWebsocket|Any CPU
		{1393A5DC-8AF8-4184-AA20-10424DC964CF}.LocalDebugWebsocket|Any CPU.Build.0 = LocalDebugWebsocket|Any CPU
		{1393A5DC-8AF8-4184-AA20-10424DC964CF}.Release|Any CPU.ActiveCfg = Release|Any CPU
		{1393A5DC-8AF8-4184-AA20-10424DC964CF}.Release|Any CPU.Build.0 = Release|Any CPU
		{B8824852-02BB-46A6-BCB4-4C38D81DE198}.Debug|Any CPU.ActiveCfg = Debug|Any CPU
		{B8824852-02BB-46A6-BCB4-4C38D81DE198}.Debug|Any CPU.Build.0 = Debug|Any CPU
		{B8824852-02BB-46A6-BCB4-4C38D81DE198}.LocalDebugDiscord|Any CPU.ActiveCfg = LocalDebugDiscord|Any CPU
		{B8824852-02BB-46A6-BCB4-4C38D81DE198}.LocalDebugDiscord|Any CPU.Build.0 = LocalDebugDiscord|Any CPU
		{B8824852-02BB-46A6-BCB4-4C38D81DE198}.LocalDebugHttp|Any CPU.ActiveCfg = LocalDebugHttp|Any CPU
		{B8824852-02BB-46A6-BCB4-4C38D81DE198}.LocalDebugHttp|Any CPU.Build.0 = LocalDebugHttp|Any CPU
		{B8824852-02BB-46A6-BCB4-4C38D81DE198}.LocalDebugWebsocket|Any CPU.ActiveCfg = LocalDebugWebsocket|Any CPU
		{B8824852-02BB-46A6-BCB4-4C38D81DE198}.LocalDebugWebsocket|Any CPU.Build.0 = LocalDebugWebsocket|Any CPU
		{B8824852-02BB-46A6-BCB4-4C38D81DE198}.Release|Any CPU.ActiveCfg = Release|Any CPU
		{B8824852-02BB-46A6-BCB4-4C38D81DE198}.Release|Any CPU.Build.0 = Release|Any CPU
		{6C5C21EE-9E5D-41FC-8507-AFF4A82E4293}.Debug|Any CPU.ActiveCfg = Debug|Any CPU
		{6C5C21EE-9E5D-41FC-8507-AFF4A82E4293}.Debug|Any CPU.Build.0 = Debug|Any CPU
		{6C5C21EE-9E5D-41FC-8507-AFF4A82E4293}.LocalDebugDiscord|Any CPU.ActiveCfg = LocalDebugDiscord|Any CPU
		{6C5C21EE-9E5D-41FC-8507-AFF4A82E4293}.LocalDebugDiscord|Any CPU.Build.0 = LocalDebugDiscord|Any CPU
		{6C5C21EE-9E5D-41FC-8507-AFF4A82E4293}.LocalDebugHttp|Any CPU.ActiveCfg = LocalDebugHttp|Any CPU
		{6C5C21EE-9E5D-41FC-8507-AFF4A82E4293}.LocalDebugHttp|Any CPU.Build.0 = LocalDebugHttp|Any CPU
		{6C5C21EE-9E5D-41FC-8507-AFF4A82E4293}.LocalDebugWebsocket|Any CPU.ActiveCfg = LocalDebugWebsocket|Any CPU
		{6C5C21EE-9E5D-41FC-8507-AFF4A82E4293}.LocalDebugWebsocket|Any CPU.Build.0 = LocalDebugWebsocket|Any CPU
		{6C5C21EE-9E5D-41FC-8507-AFF4A82E4293}.Release|Any CPU.ActiveCfg = Release|Any CPU
		{6C5C21EE-9E5D-41FC-8507-AFF4A82E4293}.Release|Any CPU.Build.0 = Release|Any CPU
		{BDC5BA43-A579-4F82-BF35-BF38EB047174}.Debug|Any CPU.ActiveCfg = Debug|Any CPU
		{BDC5BA43-A579-4F82-BF35-BF38EB047174}.Debug|Any CPU.Build.0 = Debug|Any CPU
		{BDC5BA43-A579-4F82-BF35-BF38EB047174}.LocalDebugDiscord|Any CPU.ActiveCfg = LocalDebugDiscord|Any CPU
		{BDC5BA43-A579-4F82-BF35-BF38EB047174}.LocalDebugDiscord|Any CPU.Build.0 = LocalDebugDiscord|Any CPU
		{BDC5BA43-A579-4F82-BF35-BF38EB047174}.LocalDebugHttp|Any CPU.ActiveCfg = LocalDebugHttp|Any CPU
		{BDC5BA43-A579-4F82-BF35-BF38EB047174}.LocalDebugHttp|Any CPU.Build.0 = LocalDebugHttp|Any CPU
		{BDC5BA43-A579-4F82-BF35-BF38EB047174}.LocalDebugWebsocket|Any CPU.ActiveCfg = LocalDebugWebsocket|Any CPU
		{BDC5BA43-A579-4F82-BF35-BF38EB047174}.LocalDebugWebsocket|Any CPU.Build.0 = LocalDebugWebsocket|Any CPU
		{BDC5BA43-A579-4F82-BF35-BF38EB047174}.Release|Any CPU.ActiveCfg = Release|Any CPU
		{BDC5BA43-A579-4F82-BF35-BF38EB047174}.Release|Any CPU.Build.0 = Release|Any CPU
		{D300CB3D-A5B3-4A50-95CD-EC3AB5FE33E2}.Debug|Any CPU.ActiveCfg = Debug|Any CPU
		{D300CB3D-A5B3-4A50-95CD-EC3AB5FE33E2}.Debug|Any CPU.Build.0 = Debug|Any CPU
		{D300CB3D-A5B3-4A50-95CD-EC3AB5FE33E2}.LocalDebugDiscord|Any CPU.ActiveCfg = LocalDebugDiscord|Any CPU
		{D300CB3D-A5B3-4A50-95CD-EC3AB5FE33E2}.LocalDebugDiscord|Any CPU.Build.0 = LocalDebugDiscord|Any CPU
		{D300CB3D-A5B3-4A50-95CD-EC3AB5FE33E2}.LocalDebugHttp|Any CPU.ActiveCfg = LocalDebugHttp|Any CPU
		{D300CB3D-A5B3-4A50-95CD-EC3AB5FE33E2}.LocalDebugHttp|Any CPU.Build.0 = LocalDebugHttp|Any CPU
		{D300CB3D-A5B3-4A50-95CD-EC3AB5FE33E2}.LocalDebugWebsocket|Any CPU.ActiveCfg = LocalDebugWebsocket|Any CPU
		{D300CB3D-A5B3-4A50-95CD-EC3AB5FE33E2}.LocalDebugWebsocket|Any CPU.Build.0 = LocalDebugWebsocket|Any CPU
		{D300CB3D-A5B3-4A50-95CD-EC3AB5FE33E2}.Release|Any CPU.ActiveCfg = Release|Any CPU
		{D300CB3D-A5B3-4A50-95CD-EC3AB5FE33E2}.Release|Any CPU.Build.0 = Release|Any CPU
		{A71485A9-C9BC-4B1F-A348-581F24E026D4}.Debug|Any CPU.ActiveCfg = Debug|Any CPU
		{A71485A9-C9BC-4B1F-A348-581F24E026D4}.Debug|Any CPU.Build.0 = Debug|Any CPU
		{A71485A9-C9BC-4B1F-A348-581F24E026D4}.LocalDebugDiscord|Any CPU.ActiveCfg = LocalDebugDiscord|Any CPU
		{A71485A9-C9BC-4B1F-A348-581F24E026D4}.LocalDebugDiscord|Any CPU.Build.0 = LocalDebugDiscord|Any CPU
		{A71485A9-C9BC-4B1F-A348-581F24E026D4}.LocalDebugHttp|Any CPU.ActiveCfg = LocalDebugHttp|Any CPU
		{A71485A9-C9BC-4B1F-A348-581F24E026D4}.LocalDebugHttp|Any CPU.Build.0 = LocalDebugHttp|Any CPU
		{A71485A9-C9BC-4B1F-A348-581F24E026D4}.LocalDebugWebsocket|Any CPU.ActiveCfg = LocalDebugWebsocket|Any CPU
		{A71485A9-C9BC-4B1F-A348-581F24E026D4}.LocalDebugWebsocket|Any CPU.Build.0 = LocalDebugWebsocket|Any CPU
		{A71485A9-C9BC-4B1F-A348-581F24E026D4}.Release|Any CPU.ActiveCfg = Release|Any CPU
		{A71485A9-C9BC-4B1F-A348-581F24E026D4}.Release|Any CPU.Build.0 = Release|Any CPU
		{1E847515-2E5B-48A3-B267-3800CFF98338}.Debug|Any CPU.ActiveCfg = Debug|Any CPU
		{1E847515-2E5B-48A3-B267-3800CFF98338}.Debug|Any CPU.Build.0 = Debug|Any CPU
		{1E847515-2E5B-48A3-B267-3800CFF98338}.LocalDebugDiscord|Any CPU.ActiveCfg = LocalDebugDiscord|Any CPU
		{1E847515-2E5B-48A3-B267-3800CFF98338}.LocalDebugDiscord|Any CPU.Build.0 = LocalDebugDiscord|Any CPU
		{1E847515-2E5B-48A3-B267-3800CFF98338}.LocalDebugHttp|Any CPU.ActiveCfg = LocalDebugHttp|Any CPU
		{1E847515-2E5B-48A3-B267-3800CFF98338}.LocalDebugHttp|Any CPU.Build.0 = LocalDebugHttp|Any CPU
		{1E847515-2E5B-48A3-B267-3800CFF98338}.LocalDebugWebsocket|Any CPU.ActiveCfg = LocalDebugWebsocket|Any CPU
		{1E847515-2E5B-48A3-B267-3800CFF98338}.LocalDebugWebsocket|Any CPU.Build.0 = LocalDebugWebsocket|Any CPU
		{1E847515-2E5B-48A3-B267-3800CFF98338}.Release|Any CPU.ActiveCfg = Release|Any CPU
		{1E847515-2E5B-48A3-B267-3800CFF98338}.Release|Any CPU.Build.0 = Release|Any CPU
		{D7F1F1D7-234E-4CE9-B1F4-6E3A1292BB5D}.Debug|Any CPU.ActiveCfg = Debug|Any CPU
		{D7F1F1D7-234E-4CE9-B1F4-6E3A1292BB5D}.Debug|Any CPU.Build.0 = Debug|Any CPU
		{D7F1F1D7-234E-4CE9-B1F4-6E3A1292BB5D}.LocalDebugDiscord|Any CPU.ActiveCfg = LocalDebugDiscord|Any CPU
		{D7F1F1D7-234E-4CE9-B1F4-6E3A1292BB5D}.LocalDebugDiscord|Any CPU.Build.0 = LocalDebugDiscord|Any CPU
		{D7F1F1D7-234E-4CE9-B1F4-6E3A1292BB5D}.LocalDebugHttp|Any CPU.ActiveCfg = LocalDebugHttp|Any CPU
		{D7F1F1D7-234E-4CE9-B1F4-6E3A1292BB5D}.LocalDebugHttp|Any CPU.Build.0 = LocalDebugHttp|Any CPU
		{D7F1F1D7-234E-4CE9-B1F4-6E3A1292BB5D}.LocalDebugWebsocket|Any CPU.ActiveCfg = LocalDebugWebsocket|Any CPU
		{D7F1F1D7-234E-4CE9-B1F4-6E3A1292BB5D}.LocalDebugWebsocket|Any CPU.Build.0 = LocalDebugWebsocket|Any CPU
		{D7F1F1D7-234E-4CE9-B1F4-6E3A1292BB5D}.Release|Any CPU.ActiveCfg = Release|Any CPU
		{D7F1F1D7-234E-4CE9-B1F4-6E3A1292BB5D}.Release|Any CPU.Build.0 = Release|Any CPU
		{4C02C683-28E5-4CA9-B4BF-CD429A08DEC0}.Debug|Any CPU.ActiveCfg = Debug|Any CPU
		{4C02C683-28E5-4CA9-B4BF-CD429A08DEC0}.Debug|Any CPU.Build.0 = Debug|Any CPU
		{4C02C683-28E5-4CA9-B4BF-CD429A08DEC0}.LocalDebugDiscord|Any CPU.ActiveCfg = LocalDebugDiscord|Any CPU
		{4C02C683-28E5-4CA9-B4BF-CD429A08DEC0}.LocalDebugDiscord|Any CPU.Build.0 = LocalDebugDiscord|Any CPU
		{4C02C683-28E5-4CA9-B4BF-CD429A08DEC0}.LocalDebugHttp|Any CPU.ActiveCfg = LocalDebugHttp|Any CPU
		{4C02C683-28E5-4CA9-B4BF-CD429A08DEC0}.LocalDebugHttp|Any CPU.Build.0 = LocalDebugHttp|Any CPU
		{4C02C683-28E5-4CA9-B4BF-CD429A08DEC0}.LocalDebugWebsocket|Any CPU.ActiveCfg = LocalDebugWebsocket|Any CPU
		{4C02C683-28E5-4CA9-B4BF-CD429A08DEC0}.LocalDebugWebsocket|Any CPU.Build.0 = LocalDebugWebsocket|Any CPU
		{4C02C683-28E5-4CA9-B4BF-CD429A08DEC0}.Release|Any CPU.ActiveCfg = Release|Any CPU
		{4C02C683-28E5-4CA9-B4BF-CD429A08DEC0}.Release|Any CPU.Build.0 = Release|Any CPU
		{84378312-9D23-4DFF-ACA2-587EC463BB79}.Debug|Any CPU.ActiveCfg = Debug|Any CPU
		{84378312-9D23-4DFF-ACA2-587EC463BB79}.Debug|Any CPU.Build.0 = Debug|Any CPU
		{84378312-9D23-4DFF-ACA2-587EC463BB79}.LocalDebugDiscord|Any CPU.ActiveCfg = LocalDebugDiscord|Any CPU
		{84378312-9D23-4DFF-ACA2-587EC463BB79}.LocalDebugDiscord|Any CPU.Build.0 = LocalDebugDiscord|Any CPU
		{84378312-9D23-4DFF-ACA2-587EC463BB79}.LocalDebugHttp|Any CPU.ActiveCfg = LocalDebugHttp|Any CPU
		{84378312-9D23-4DFF-ACA2-587EC463BB79}.LocalDebugHttp|Any CPU.Build.0 = LocalDebugHttp|Any CPU
		{84378312-9D23-4DFF-ACA2-587EC463BB79}.LocalDebugWebsocket|Any CPU.ActiveCfg = LocalDebugWebsocket|Any CPU
		{84378312-9D23-4DFF-ACA2-587EC463BB79}.LocalDebugWebsocket|Any CPU.Build.0 = LocalDebugWebsocket|Any CPU
		{84378312-9D23-4DFF-ACA2-587EC463BB79}.Release|Any CPU.ActiveCfg = Release|Any CPU
		{84378312-9D23-4DFF-ACA2-587EC463BB79}.Release|Any CPU.Build.0 = Release|Any CPU
		{540E8838-071D-4DBE-8A5B-D897278720F7}.Debug|Any CPU.ActiveCfg = Debug|Any CPU
		{540E8838-071D-4DBE-8A5B-D897278720F7}.Debug|Any CPU.Build.0 = Debug|Any CPU
		{540E8838-071D-4DBE-8A5B-D897278720F7}.LocalDebugDiscord|Any CPU.ActiveCfg = LocalDebugDiscord|Any CPU
		{540E8838-071D-4DBE-8A5B-D897278720F7}.LocalDebugDiscord|Any CPU.Build.0 = LocalDebugDiscord|Any CPU
		{540E8838-071D-4DBE-8A5B-D897278720F7}.LocalDebugHttp|Any CPU.ActiveCfg = LocalDebugHttp|Any CPU
		{540E8838-071D-4DBE-8A5B-D897278720F7}.LocalDebugHttp|Any CPU.Build.0 = LocalDebugHttp|Any CPU
		{540E8838-071D-4DBE-8A5B-D897278720F7}.LocalDebugWebsocket|Any CPU.ActiveCfg = LocalDebugWebsocket|Any CPU
		{540E8838-071D-4DBE-8A5B-D897278720F7}.LocalDebugWebsocket|Any CPU.Build.0 = LocalDebugWebsocket|Any CPU
		{540E8838-071D-4DBE-8A5B-D897278720F7}.Release|Any CPU.ActiveCfg = Release|Any CPU
		{540E8838-071D-4DBE-8A5B-D897278720F7}.Release|Any CPU.Build.0 = Release|Any CPU
		{E6D5BCDC-D3F9-4537-B2EE-B6C4B8CE93E7}.Debug|Any CPU.ActiveCfg = Debug|Any CPU
		{E6D5BCDC-D3F9-4537-B2EE-B6C4B8CE93E7}.Debug|Any CPU.Build.0 = Debug|Any CPU
		{E6D5BCDC-D3F9-4537-B2EE-B6C4B8CE93E7}.LocalDebugDiscord|Any CPU.ActiveCfg = LocalDebugDiscord|Any CPU
		{E6D5BCDC-D3F9-4537-B2EE-B6C4B8CE93E7}.LocalDebugDiscord|Any CPU.Build.0 = LocalDebugDiscord|Any CPU
		{E6D5BCDC-D3F9-4537-B2EE-B6C4B8CE93E7}.LocalDebugHttp|Any CPU.ActiveCfg = LocalDebugHttp|Any CPU
		{E6D5BCDC-D3F9-4537-B2EE-B6C4B8CE93E7}.LocalDebugHttp|Any CPU.Build.0 = LocalDebugHttp|Any CPU
		{E6D5BCDC-D3F9-4537-B2EE-B6C4B8CE93E7}.LocalDebugWebsocket|Any CPU.ActiveCfg = LocalDebugWebsocket|Any CPU
		{E6D5BCDC-D3F9-4537-B2EE-B6C4B8CE93E7}.LocalDebugWebsocket|Any CPU.Build.0 = LocalDebugWebsocket|Any CPU
		{E6D5BCDC-D3F9-4537-B2EE-B6C4B8CE93E7}.Release|Any CPU.ActiveCfg = Release|Any CPU
		{E6D5BCDC-D3F9-4537-B2EE-B6C4B8CE93E7}.Release|Any CPU.Build.0 = Release|Any CPU
	EndGlobalSection
	GlobalSection(SolutionProperties) = preSolution
		HideSolutionNode = FALSE
	EndGlobalSection
	GlobalSection(NestedProjects) = preSolution
		{E014E0E5-A190-4AAF-A0E9-01DA299A4E21} = {F4E7CD8A-A6C2-417F-99C0-C2C3D0687777}
		{474A77A6-C6BF-4342-8ECE-91A19C259308} = {E014E0E5-A190-4AAF-A0E9-01DA299A4E21}
		{C67EEFE5-2275-4E04-81DF-1057A6F71A02} = {F4E7CD8A-A6C2-417F-99C0-C2C3D0687777}
		{AF823C1D-9A77-4F20-A4C8-895EC70F3CAE} = {E014E0E5-A190-4AAF-A0E9-01DA299A4E21}
		{822070E9-1F5F-4F36-B7EA-31C32B680740} = {F4E7CD8A-A6C2-417F-99C0-C2C3D0687777}
		{B8B92025-13B5-494F-994E-83E8D09F89DC} = {822070E9-1F5F-4F36-B7EA-31C32B680740}
		{3D5BEB82-DF40-44F5-B695-BF47E98A0B98} = {F4E7CD8A-A6C2-417F-99C0-C2C3D0687777}
		{A93BC732-41C0-479C-9E4C-ABB6F985790A} = {3D5BEB82-DF40-44F5-B695-BF47E98A0B98}
		{B1BBB2B6-9E1D-49C2-AE1C-F40404CA1FCE} = {822070E9-1F5F-4F36-B7EA-31C32B680740}
		{9EA1EB4C-8F7D-4081-A9A6-3ACD1F8F5843} = {822070E9-1F5F-4F36-B7EA-31C32B680740}
		{7CDD50BF-A83C-4195-8E1C-1A21355DE8DA} = {F4E7CD8A-A6C2-417F-99C0-C2C3D0687777}
		{2FE9C3D6-2B23-4C6B-B82E-4A286E903DFF} = {7CDD50BF-A83C-4195-8E1C-1A21355DE8DA}
		{799E7818-8BA1-4D78-9236-3EB0CC6D4EEE} = {7CDD50BF-A83C-4195-8E1C-1A21355DE8DA}
		{86CED5CB-8B36-403A-9F11-5FFA68A9D80F} = {E014E0E5-A190-4AAF-A0E9-01DA299A4E21}
		{3D9501EA-C4BD-4564-8FF6-7EADFA51C0EA} = {E014E0E5-A190-4AAF-A0E9-01DA299A4E21}
		{E1E09FED-7F20-4E91-B834-E42C043000AF} = {3D5BEB82-DF40-44F5-B695-BF47E98A0B98}
		{07CA8476-E528-4BB1-BC99-DA0F578D04DA} = {E014E0E5-A190-4AAF-A0E9-01DA299A4E21}
		{B659B234-A1C9-4A47-9962-261EB80F97CF} = {E014E0E5-A190-4AAF-A0E9-01DA299A4E21}
		{C37E2FA8-FF6C-48CB-A4A0-8946E82D414B} = {3D5BEB82-DF40-44F5-B695-BF47E98A0B98}
		{B9F0C374-0EB9-4204-A9FD-A23F8E97E5DB} = {E014E0E5-A190-4AAF-A0E9-01DA299A4E21}
		{8845AD97-42C6-46AF-BE93-81BD7A95EF8A} = {E014E0E5-A190-4AAF-A0E9-01DA299A4E21}
		{24F82630-FB37-450E-847A-997ADCCDAAA6} = {E014E0E5-A190-4AAF-A0E9-01DA299A4E21}
		{EDC06F99-94D5-4632-A104-2FF08C00EC85} = {E014E0E5-A190-4AAF-A0E9-01DA299A4E21}
		{3EC5555E-2101-443C-9CC4-D3599E7AA8F6} = {E014E0E5-A190-4AAF-A0E9-01DA299A4E21}
		{C14CCC63-A5F4-4A6B-8D9C-FC148598C0EC} = {E014E0E5-A190-4AAF-A0E9-01DA299A4E21}
		{E88229CB-31BE-4FA4-874E-F7DD9052FB09} = {E014E0E5-A190-4AAF-A0E9-01DA299A4E21}
		{94D122AB-5F1A-4ACE-BDCC-FD508062CF2A} = {E014E0E5-A190-4AAF-A0E9-01DA299A4E21}
		{616BFB6A-1D0F-404C-B76C-B2F40A519C13} = {E014E0E5-A190-4AAF-A0E9-01DA299A4E21}
		{1B04A224-B536-4FAA-98BC-8F16B4169EF1} = {E014E0E5-A190-4AAF-A0E9-01DA299A4E21}
		{65ADD468-0F5C-4CBD-B01A-1F1EFE9F9D8F} = {E014E0E5-A190-4AAF-A0E9-01DA299A4E21}
		{F2990C10-3A15-4E5B-9040-CBBDD4E61CFD} = {E014E0E5-A190-4AAF-A0E9-01DA299A4E21}
		{4DBA49AB-04F1-426E-9A0D-2FB69B6C908B} = {E014E0E5-A190-4AAF-A0E9-01DA299A4E21}
		{A72F35EA-1FF7-4333-B6A6-4FEC912D1450} = {E014E0E5-A190-4AAF-A0E9-01DA299A4E21}
		{16AD2B69-0B0A-41F4-9679-E83F2FD45DDB} = {E014E0E5-A190-4AAF-A0E9-01DA299A4E21}
		{67BDE95C-3702-41E4-8EFD-6665E19DD2B8} = {E014E0E5-A190-4AAF-A0E9-01DA299A4E21}
		{C4388017-1E89-4E37-B6F8-DD2E74375A1E} = {E014E0E5-A190-4AAF-A0E9-01DA299A4E21}
		{C05C3D0A-2945-46A6-BAAA-09D2B9B3AF78} = {E014E0E5-A190-4AAF-A0E9-01DA299A4E21}
		{CF759185-9514-4E41-BAA5-04E8A53CFD23} = {E014E0E5-A190-4AAF-A0E9-01DA299A4E21}
		{3E787F37-2EC4-44DB-90A2-0D2E9C132417} = {E014E0E5-A190-4AAF-A0E9-01DA299A4E21}
		{B2F730A6-6672-44A5-82E7-9DD00806BAA1} = {E014E0E5-A190-4AAF-A0E9-01DA299A4E21}
		{4461ED3A-BD34-4AF2-8879-97CC5B74C01D} = {E014E0E5-A190-4AAF-A0E9-01DA299A4E21}
		{3B1F1FDF-F37B-4F01-AFAB-03759672C665} = {E014E0E5-A190-4AAF-A0E9-01DA299A4E21}
		{7AD05B04-E7C8-4FE7-98C4-A1FD86B97A91} = {E014E0E5-A190-4AAF-A0E9-01DA299A4E21}
		{2BD9AF2A-4E2F-4019-AEC2-6D212C9B98DC} = {E014E0E5-A190-4AAF-A0E9-01DA299A4E21}
		{DB7C855B-004A-42C7-A68B-FF4D7D95DAD8} = {E014E0E5-A190-4AAF-A0E9-01DA299A4E21}
		{58670B32-4A68-4B31-8B77-391A099B5EC0} = {E014E0E5-A190-4AAF-A0E9-01DA299A4E21}
		{15A65927-06D6-4B3F-B6B3-545E9F1D13A2} = {E014E0E5-A190-4AAF-A0E9-01DA299A4E21}
		{775CB280-1761-4A87-A185-2165912104B6} = {E014E0E5-A190-4AAF-A0E9-01DA299A4E21}
		{FA75CA77-9941-4212-8967-3B42D9700912} = {E014E0E5-A190-4AAF-A0E9-01DA299A4E21}
		{5AA579A8-6057-4FF1-A208-F5AD5761594C} = {E014E0E5-A190-4AAF-A0E9-01DA299A4E21}
		{7C5CC9E0-E4E0-4D29-ACC1-1C54048658A7} = {E014E0E5-A190-4AAF-A0E9-01DA299A4E21}
		{671EE4AE-FA02-45F8-BDA3-47D938C7BC0C} = {E014E0E5-A190-4AAF-A0E9-01DA299A4E21}
		{604FB0B2-E526-4FDF-B468-96B31B4BEFB1} = {E014E0E5-A190-4AAF-A0E9-01DA299A4E21}
		{9E28A3CA-7903-4F5E-84F0-50767253CF6E} = {E014E0E5-A190-4AAF-A0E9-01DA299A4E21}
		{D7B577CF-A0C1-4E94-ACB1-5923D78CC063} = {E014E0E5-A190-4AAF-A0E9-01DA299A4E21}
		{DAAF0CF0-3766-4977-AA81-3E0A96DACACC} = {3D5BEB82-DF40-44F5-B695-BF47E98A0B98}
		{C85FAD18-C7B4-4C93-8CB9-D91134F29B4C} = {E014E0E5-A190-4AAF-A0E9-01DA299A4E21}
		{35EE5851-4FC9-4497-9C14-8092A232A0BC} = {E014E0E5-A190-4AAF-A0E9-01DA299A4E21}
		{8B3EA5C9-44CA-4974-A779-377168FA5461} = {E014E0E5-A190-4AAF-A0E9-01DA299A4E21}
		{540C04B5-3742-4FA9-99FA-887D88E53F30} = {E014E0E5-A190-4AAF-A0E9-01DA299A4E21}
		{2AFB02F1-C6DC-4D62-9BD3-DB7C7F98D2D5} = {E014E0E5-A190-4AAF-A0E9-01DA299A4E21}
		{009CAE34-7FFD-4A73-9A26-DB340526117C} = {E014E0E5-A190-4AAF-A0E9-01DA299A4E21}
		{8CB23EBA-2511-4B93-97D2-03B6D24BD116} = {E014E0E5-A190-4AAF-A0E9-01DA299A4E21}
		{48FF4114-48B4-4A07-B47D-1DF7F569E459} = {E014E0E5-A190-4AAF-A0E9-01DA299A4E21}
		{872D5398-81A4-4CC2-AE03-31D6E8DC8150} = {E014E0E5-A190-4AAF-A0E9-01DA299A4E21}
		{AEF6D2E1-0A78-4701-B741-4680643ABD8E} = {E014E0E5-A190-4AAF-A0E9-01DA299A4E21}
		{4CD72CDE-79FB-40FC-B88C-E55840BB4E0F} = {E014E0E5-A190-4AAF-A0E9-01DA299A4E21}
		{1393A5DC-8AF8-4184-AA20-10424DC964CF} = {E014E0E5-A190-4AAF-A0E9-01DA299A4E21}
		{B8824852-02BB-46A6-BCB4-4C38D81DE198} = {E014E0E5-A190-4AAF-A0E9-01DA299A4E21}
		{6C5C21EE-9E5D-41FC-8507-AFF4A82E4293} = {E014E0E5-A190-4AAF-A0E9-01DA299A4E21}
		{BDC5BA43-A579-4F82-BF35-BF38EB047174} = {E014E0E5-A190-4AAF-A0E9-01DA299A4E21}
		{D300CB3D-A5B3-4A50-95CD-EC3AB5FE33E2} = {E014E0E5-A190-4AAF-A0E9-01DA299A4E21}
		{A71485A9-C9BC-4B1F-A348-581F24E026D4} = {E014E0E5-A190-4AAF-A0E9-01DA299A4E21}
		{1E847515-2E5B-48A3-B267-3800CFF98338} = {E014E0E5-A190-4AAF-A0E9-01DA299A4E21}
		{D7F1F1D7-234E-4CE9-B1F4-6E3A1292BB5D} = {E014E0E5-A190-4AAF-A0E9-01DA299A4E21}
		{4C02C683-28E5-4CA9-B4BF-CD429A08DEC0} = {2B702357-DFFB-40D0-B3F9-93D06FDAD37D}
		{84378312-9D23-4DFF-ACA2-587EC463BB79} = {2B702357-DFFB-40D0-B3F9-93D06FDAD37D}
		{540E8838-071D-4DBE-8A5B-D897278720F7} = {E014E0E5-A190-4AAF-A0E9-01DA299A4E21}
		{E6D5BCDC-D3F9-4537-B2EE-B6C4B8CE93E7} = {3D5BEB82-DF40-44F5-B695-BF47E98A0B98}
	EndGlobalSection
	GlobalSection(ExtensibilityGlobals) = postSolution
		SolutionGuid = {A98FF3E6-31F5-4EE0-BA47-B440723219ED}
	EndGlobalSection
EndGlobal
