Microsoft Visual Studio Solution File, Format Version 12.00
# Visual Studio Version 17
VisualStudioVersion = 17.1.32328.378
MinimumVisualStudioVersion = 10.0.40219.1
Project("{9A19103F-16F7-4668-BE54-9A1E7A4F7556}") = "Athena", "Athena\Athena.csproj", "{D3A2EA80-1C1D-4B6B-8210-FDE5883DAB6B}"
	ProjectSection(ProjectDependencies) = postProject
		{3DC71875-B853-4932-83F0-E2020D3EDB80} = {3DC71875-B853-4932-83F0-E2020D3EDB80}
		{67187976-0BE7-48C5-ABA4-96571FE9BDB7} = {67187976-0BE7-48C5-ABA4-96571FE9BDB7}
	EndProjectSection
EndProject
Project("{9A19103F-16F7-4668-BE54-9A1E7A4F7556}") = "Athena.Plugins", "AthenaPlugins\Athena.Plugins\Athena.Plugins.csproj", "{0BDDB6BC-1A1F-4393-A9CE-532C7E6756F0}"
EndProject
Project("{9A19103F-16F7-4668-BE54-9A1E7A4F7556}") = "AthenaTests", "AthenaTests\AthenaTests.csproj", "{43D74767-420F-4671-B4C9-1BA53DEFD318}"
EndProject
Project("{9A19103F-16F7-4668-BE54-9A1E7A4F7556}") = "Athena.Profiles.HTTP", "AthenaHTTP\Athena.Profiles.HTTP.csproj", "{F9C7DA55-E1B3-4DDF-B021-583795CEEB5A}"
EndProject
Project("{9A19103F-16F7-4668-BE54-9A1E7A4F7556}") = "Athena.Profiles.Websocket", "AthenaWebsocket\Athena.Profiles.Websocket.csproj", "{8170922D-11B8-462C-8692-7E499E5AC3B0}"
EndProject
Project("{9A19103F-16F7-4668-BE54-9A1E7A4F7556}") = "Athena.Profiles.SMB", "AthenaSMB\Athena.Profiles.SMB.csproj", "{4D6A3037-2D9E-4780-B5CA-EB1529DA779E}"
EndProject
Project("{9A19103F-16F7-4668-BE54-9A1E7A4F7556}") = "Athena.Profiles.Discord", "AthenaDiscord\Athena.Profiles.Discord.csproj", "{AD06D1AE-4656-447A-874B-220D506CC1A5}"
EndProject
Project("{9A19103F-16F7-4668-BE54-9A1E7A4F7556}") = "Athena.Profiles.Slack", "AthenaSlack\Athena.Profiles.Slack.csproj", "{D98AD6FB-1EC5-4336-9D24-70029E254E10}"
EndProject
Project("{9A19103F-16F7-4668-BE54-9A1E7A4F7556}") = "Athena.Utilities", "Athena.Utilities\Athena.Utilities.csproj", "{AD56F88E-7871-4E1C-AC07-6A4BB138A43C}"
EndProject
Project("{2150E333-8FDC-42A3-9474-1A3956D46DE8}") = "Profiles", "Profiles", "{FA430451-63A3-41F8-9473-17A5E420A6EB}"
EndProject
Project("{9A19103F-16F7-4668-BE54-9A1E7A4F7556}") = "Athena.Models", "Athena.Models\Athena.Models.csproj", "{3DC71875-B853-4932-83F0-E2020D3EDB80}"
EndProject
Project("{2150E333-8FDC-42A3-9474-1A3956D46DE8}") = "Forwarders", "Forwarders", "{2288EC4E-6D4F-48F0-ADF2-38567A94F682}"
EndProject
Project("{9A19103F-16F7-4668-BE54-9A1E7A4F7556}") = "Athena.Forwarders.SMB", "Athena.Forwarders.SMB\Athena.Forwarders.SMB.csproj", "{A2521F15-63B7-491B-B1A8-E1411BC00465}"
EndProject
Project("{9A19103F-16F7-4668-BE54-9A1E7A4F7556}") = "Athena.Forwarders.Empty", "Athena.Forwarders.Empty\Athena.Forwarders.Empty.csproj", "{26933CC9-5982-488C-914D-A803207E56CD}"
EndProject
Project("{9A19103F-16F7-4668-BE54-9A1E7A4F7556}") = "Athena.Profiles.Debug", "Athena.Profiles.Debug\Athena.Profiles.Debug.csproj", "{3035C11F-FEF4-444E-9048-2F1D023A7BA9}"
EndProject
Project("{9A19103F-16F7-4668-BE54-9A1E7A4F7556}") = "Athena.Profiles.Debug2", "Athena.Profiles.Debug2\Athena.Profiles.Debug2.csproj", "{67187976-0BE7-48C5-ABA4-96571FE9BDB7}"
EndProject
Project("{9A19103F-16F7-4668-BE54-9A1E7A4F7556}") = "Athena.Handler.Dynamic", "Athena.Handler.Dynamic\Athena.Handler.Dynamic.csproj", "{29D23D56-A251-4B2A-BB58-BF5933193F48}"
EndProject
Project("{9A19103F-16F7-4668-BE54-9A1E7A4F7556}") = "Athena.Handler.Native", "Athena.Handler.Native\Athena.Handler.Native.csproj", "{74E81C20-8EFC-4407-B962-D6C709987008}"
EndProject
Project("{9A19103F-16F7-4668-BE54-9A1E7A4F7556}") = "Athena.Handler.Common", "Athena.Handler.Common\Athena.Handler.Common.csproj", "{E5B62E09-8808-45EA-AF0B-45D4A491C0AA}"
EndProject
Project("{2150E333-8FDC-42A3-9474-1A3956D46DE8}") = "Common", "Common", "{ECC8AE9D-6C11-4531-A4F4-641610B7F873}"
EndProject
Project("{2150E333-8FDC-42A3-9474-1A3956D46DE8}") = "Handlers", "Handlers", "{D41D9B2A-4FE9-47BE-9A0C-CCE5823A364B}"
EndProject
Project("{9A19103F-16F7-4668-BE54-9A1E7A4F7556}") = "Athena.Handler.Windows", "Athena.Handler.Windows\Athena.Handler.Windows.csproj", "{36956430-7CF5-41AF-A571-57DD362C444B}"
EndProject
Project("{9A19103F-16F7-4668-BE54-9A1E7A4F7556}") = "Athena.Handler.Linux", "Athena.Handler.Linux\Athena.Handler.Linux.csproj", "{BF406F60-2CB5-4D0D-978A-DC6EDCBA8B29}"
EndProject
Project("{9A19103F-16F7-4668-BE54-9A1E7A4F7556}") = "Athena.Commands", "Athena.Commands\Athena.Commands.csproj", "{0DA624B9-ECCE-477D-8595-31F2D7CCC97E}"
EndProject
Project("{9A19103F-16F7-4668-BE54-9A1E7A4F7556}") = "Athena.Forwarders.TCP", "Athena.Forwarders.TCP\Athena.Forwarders.TCP.csproj", "{B7FA1180-59C8-4A77-97E8-EA6834F0100A}"
EndProject
Project("{FAE04EC0-301F-11D3-BF4B-00C04F79EFBC}") = "Athena.Profiles.Discord-Push", "Athena.Profiles.Discord-Push\Athena.Profiles.Discord-Push.csproj", "{DE39AFD0-F4AF-4183-AFCA-9F919FA07142}"
EndProject
Global
	GlobalSection(SolutionConfigurationPlatforms) = preSolution
		Debug|Any CPU = Debug|Any CPU
		Debug|x64 = Debug|x64
		Release|Any CPU = Release|Any CPU
		Release|x64 = Release|x64
	EndGlobalSection
	GlobalSection(ProjectConfigurationPlatforms) = postSolution
		{D3A2EA80-1C1D-4B6B-8210-FDE5883DAB6B}.Debug|Any CPU.ActiveCfg = Debug|Any CPU
		{D3A2EA80-1C1D-4B6B-8210-FDE5883DAB6B}.Debug|Any CPU.Build.0 = Debug|Any CPU
		{D3A2EA80-1C1D-4B6B-8210-FDE5883DAB6B}.Debug|x64.ActiveCfg = Debug|Any CPU
		{D3A2EA80-1C1D-4B6B-8210-FDE5883DAB6B}.Debug|x64.Build.0 = Debug|Any CPU
		{D3A2EA80-1C1D-4B6B-8210-FDE5883DAB6B}.Release|Any CPU.ActiveCfg = Release|Any CPU
		{D3A2EA80-1C1D-4B6B-8210-FDE5883DAB6B}.Release|Any CPU.Build.0 = Release|Any CPU
		{D3A2EA80-1C1D-4B6B-8210-FDE5883DAB6B}.Release|x64.ActiveCfg = Release|Any CPU
		{D3A2EA80-1C1D-4B6B-8210-FDE5883DAB6B}.Release|x64.Build.0 = Release|Any CPU
		{0BDDB6BC-1A1F-4393-A9CE-532C7E6756F0}.Debug|Any CPU.ActiveCfg = Debug|Any CPU
		{0BDDB6BC-1A1F-4393-A9CE-532C7E6756F0}.Debug|Any CPU.Build.0 = Debug|Any CPU
		{0BDDB6BC-1A1F-4393-A9CE-532C7E6756F0}.Debug|x64.ActiveCfg = Debug|Any CPU
		{0BDDB6BC-1A1F-4393-A9CE-532C7E6756F0}.Debug|x64.Build.0 = Debug|Any CPU
		{0BDDB6BC-1A1F-4393-A9CE-532C7E6756F0}.Release|Any CPU.ActiveCfg = Release|Any CPU
		{0BDDB6BC-1A1F-4393-A9CE-532C7E6756F0}.Release|Any CPU.Build.0 = Release|Any CPU
		{0BDDB6BC-1A1F-4393-A9CE-532C7E6756F0}.Release|x64.ActiveCfg = Release|Any CPU
		{0BDDB6BC-1A1F-4393-A9CE-532C7E6756F0}.Release|x64.Build.0 = Release|Any CPU
		{43D74767-420F-4671-B4C9-1BA53DEFD318}.Debug|Any CPU.ActiveCfg = Debug|Any CPU
		{43D74767-420F-4671-B4C9-1BA53DEFD318}.Debug|Any CPU.Build.0 = Debug|Any CPU
		{43D74767-420F-4671-B4C9-1BA53DEFD318}.Debug|x64.ActiveCfg = Debug|Any CPU
		{43D74767-420F-4671-B4C9-1BA53DEFD318}.Debug|x64.Build.0 = Debug|Any CPU
		{43D74767-420F-4671-B4C9-1BA53DEFD318}.Release|Any CPU.ActiveCfg = Release|Any CPU
		{43D74767-420F-4671-B4C9-1BA53DEFD318}.Release|Any CPU.Build.0 = Release|Any CPU
		{43D74767-420F-4671-B4C9-1BA53DEFD318}.Release|x64.ActiveCfg = Release|Any CPU
		{43D74767-420F-4671-B4C9-1BA53DEFD318}.Release|x64.Build.0 = Release|Any CPU
		{F9C7DA55-E1B3-4DDF-B021-583795CEEB5A}.Debug|Any CPU.ActiveCfg = Debug|Any CPU
		{F9C7DA55-E1B3-4DDF-B021-583795CEEB5A}.Debug|Any CPU.Build.0 = Debug|Any CPU
		{F9C7DA55-E1B3-4DDF-B021-583795CEEB5A}.Debug|x64.ActiveCfg = Debug|Any CPU
		{F9C7DA55-E1B3-4DDF-B021-583795CEEB5A}.Debug|x64.Build.0 = Debug|Any CPU
		{F9C7DA55-E1B3-4DDF-B021-583795CEEB5A}.Release|Any CPU.ActiveCfg = Release|Any CPU
		{F9C7DA55-E1B3-4DDF-B021-583795CEEB5A}.Release|Any CPU.Build.0 = Release|Any CPU
		{F9C7DA55-E1B3-4DDF-B021-583795CEEB5A}.Release|x64.ActiveCfg = Release|Any CPU
		{F9C7DA55-E1B3-4DDF-B021-583795CEEB5A}.Release|x64.Build.0 = Release|Any CPU
		{8170922D-11B8-462C-8692-7E499E5AC3B0}.Debug|Any CPU.ActiveCfg = Debug|Any CPU
		{8170922D-11B8-462C-8692-7E499E5AC3B0}.Debug|Any CPU.Build.0 = Debug|Any CPU
		{8170922D-11B8-462C-8692-7E499E5AC3B0}.Debug|x64.ActiveCfg = Debug|Any CPU
		{8170922D-11B8-462C-8692-7E499E5AC3B0}.Debug|x64.Build.0 = Debug|Any CPU
		{8170922D-11B8-462C-8692-7E499E5AC3B0}.Release|Any CPU.ActiveCfg = Release|Any CPU
		{8170922D-11B8-462C-8692-7E499E5AC3B0}.Release|Any CPU.Build.0 = Release|Any CPU
		{8170922D-11B8-462C-8692-7E499E5AC3B0}.Release|x64.ActiveCfg = Release|Any CPU
		{8170922D-11B8-462C-8692-7E499E5AC3B0}.Release|x64.Build.0 = Release|Any CPU
		{4D6A3037-2D9E-4780-B5CA-EB1529DA779E}.Debug|Any CPU.ActiveCfg = Debug|Any CPU
		{4D6A3037-2D9E-4780-B5CA-EB1529DA779E}.Debug|Any CPU.Build.0 = Debug|Any CPU
		{4D6A3037-2D9E-4780-B5CA-EB1529DA779E}.Debug|x64.ActiveCfg = Debug|Any CPU
		{4D6A3037-2D9E-4780-B5CA-EB1529DA779E}.Debug|x64.Build.0 = Debug|Any CPU
		{4D6A3037-2D9E-4780-B5CA-EB1529DA779E}.Release|Any CPU.ActiveCfg = Release|Any CPU
		{4D6A3037-2D9E-4780-B5CA-EB1529DA779E}.Release|Any CPU.Build.0 = Release|Any CPU
		{4D6A3037-2D9E-4780-B5CA-EB1529DA779E}.Release|x64.ActiveCfg = Release|Any CPU
		{4D6A3037-2D9E-4780-B5CA-EB1529DA779E}.Release|x64.Build.0 = Release|Any CPU
		{AD06D1AE-4656-447A-874B-220D506CC1A5}.Debug|Any CPU.ActiveCfg = Debug|Any CPU
		{AD06D1AE-4656-447A-874B-220D506CC1A5}.Debug|Any CPU.Build.0 = Debug|Any CPU
		{AD06D1AE-4656-447A-874B-220D506CC1A5}.Debug|x64.ActiveCfg = Debug|Any CPU
		{AD06D1AE-4656-447A-874B-220D506CC1A5}.Debug|x64.Build.0 = Debug|Any CPU
		{AD06D1AE-4656-447A-874B-220D506CC1A5}.Release|Any CPU.ActiveCfg = Release|Any CPU
		{AD06D1AE-4656-447A-874B-220D506CC1A5}.Release|Any CPU.Build.0 = Release|Any CPU
		{AD06D1AE-4656-447A-874B-220D506CC1A5}.Release|x64.ActiveCfg = Release|Any CPU
		{AD06D1AE-4656-447A-874B-220D506CC1A5}.Release|x64.Build.0 = Release|Any CPU
		{D98AD6FB-1EC5-4336-9D24-70029E254E10}.Debug|Any CPU.ActiveCfg = Debug|Any CPU
		{D98AD6FB-1EC5-4336-9D24-70029E254E10}.Debug|Any CPU.Build.0 = Debug|Any CPU
		{D98AD6FB-1EC5-4336-9D24-70029E254E10}.Debug|x64.ActiveCfg = Debug|Any CPU
		{D98AD6FB-1EC5-4336-9D24-70029E254E10}.Debug|x64.Build.0 = Debug|Any CPU
		{D98AD6FB-1EC5-4336-9D24-70029E254E10}.Release|Any CPU.ActiveCfg = Release|Any CPU
		{D98AD6FB-1EC5-4336-9D24-70029E254E10}.Release|Any CPU.Build.0 = Release|Any CPU
		{D98AD6FB-1EC5-4336-9D24-70029E254E10}.Release|x64.ActiveCfg = Release|Any CPU
		{D98AD6FB-1EC5-4336-9D24-70029E254E10}.Release|x64.Build.0 = Release|Any CPU
		{AD56F88E-7871-4E1C-AC07-6A4BB138A43C}.Debug|Any CPU.ActiveCfg = Debug|Any CPU
		{AD56F88E-7871-4E1C-AC07-6A4BB138A43C}.Debug|Any CPU.Build.0 = Debug|Any CPU
		{AD56F88E-7871-4E1C-AC07-6A4BB138A43C}.Debug|x64.ActiveCfg = Debug|Any CPU
		{AD56F88E-7871-4E1C-AC07-6A4BB138A43C}.Debug|x64.Build.0 = Debug|Any CPU
		{AD56F88E-7871-4E1C-AC07-6A4BB138A43C}.Release|Any CPU.ActiveCfg = Release|Any CPU
		{AD56F88E-7871-4E1C-AC07-6A4BB138A43C}.Release|Any CPU.Build.0 = Release|Any CPU
		{AD56F88E-7871-4E1C-AC07-6A4BB138A43C}.Release|x64.ActiveCfg = Release|Any CPU
		{AD56F88E-7871-4E1C-AC07-6A4BB138A43C}.Release|x64.Build.0 = Release|Any CPU
		{3DC71875-B853-4932-83F0-E2020D3EDB80}.Debug|Any CPU.ActiveCfg = Debug|Any CPU
		{3DC71875-B853-4932-83F0-E2020D3EDB80}.Debug|Any CPU.Build.0 = Debug|Any CPU
		{3DC71875-B853-4932-83F0-E2020D3EDB80}.Debug|x64.ActiveCfg = Debug|Any CPU
		{3DC71875-B853-4932-83F0-E2020D3EDB80}.Debug|x64.Build.0 = Debug|Any CPU
		{3DC71875-B853-4932-83F0-E2020D3EDB80}.Release|Any CPU.ActiveCfg = Release|Any CPU
		{3DC71875-B853-4932-83F0-E2020D3EDB80}.Release|Any CPU.Build.0 = Release|Any CPU
		{3DC71875-B853-4932-83F0-E2020D3EDB80}.Release|x64.ActiveCfg = Release|Any CPU
		{3DC71875-B853-4932-83F0-E2020D3EDB80}.Release|x64.Build.0 = Release|Any CPU
		{A2521F15-63B7-491B-B1A8-E1411BC00465}.Debug|Any CPU.ActiveCfg = Debug|Any CPU
		{A2521F15-63B7-491B-B1A8-E1411BC00465}.Debug|Any CPU.Build.0 = Debug|Any CPU
		{A2521F15-63B7-491B-B1A8-E1411BC00465}.Debug|x64.ActiveCfg = Debug|Any CPU
		{A2521F15-63B7-491B-B1A8-E1411BC00465}.Debug|x64.Build.0 = Debug|Any CPU
		{A2521F15-63B7-491B-B1A8-E1411BC00465}.Release|Any CPU.ActiveCfg = Release|Any CPU
		{A2521F15-63B7-491B-B1A8-E1411BC00465}.Release|Any CPU.Build.0 = Release|Any CPU
		{A2521F15-63B7-491B-B1A8-E1411BC00465}.Release|x64.ActiveCfg = Release|Any CPU
		{A2521F15-63B7-491B-B1A8-E1411BC00465}.Release|x64.Build.0 = Release|Any CPU
		{26933CC9-5982-488C-914D-A803207E56CD}.Debug|Any CPU.ActiveCfg = Debug|Any CPU
		{26933CC9-5982-488C-914D-A803207E56CD}.Debug|Any CPU.Build.0 = Debug|Any CPU
		{26933CC9-5982-488C-914D-A803207E56CD}.Debug|x64.ActiveCfg = Debug|Any CPU
		{26933CC9-5982-488C-914D-A803207E56CD}.Debug|x64.Build.0 = Debug|Any CPU
		{26933CC9-5982-488C-914D-A803207E56CD}.Release|Any CPU.ActiveCfg = Release|Any CPU
		{26933CC9-5982-488C-914D-A803207E56CD}.Release|Any CPU.Build.0 = Release|Any CPU
		{26933CC9-5982-488C-914D-A803207E56CD}.Release|x64.ActiveCfg = Release|Any CPU
		{26933CC9-5982-488C-914D-A803207E56CD}.Release|x64.Build.0 = Release|Any CPU
		{3035C11F-FEF4-444E-9048-2F1D023A7BA9}.Debug|Any CPU.ActiveCfg = Debug|Any CPU
		{3035C11F-FEF4-444E-9048-2F1D023A7BA9}.Debug|Any CPU.Build.0 = Debug|Any CPU
		{3035C11F-FEF4-444E-9048-2F1D023A7BA9}.Debug|x64.ActiveCfg = Debug|Any CPU
		{3035C11F-FEF4-444E-9048-2F1D023A7BA9}.Debug|x64.Build.0 = Debug|Any CPU
		{3035C11F-FEF4-444E-9048-2F1D023A7BA9}.Release|Any CPU.ActiveCfg = Release|Any CPU
		{3035C11F-FEF4-444E-9048-2F1D023A7BA9}.Release|Any CPU.Build.0 = Release|Any CPU
		{3035C11F-FEF4-444E-9048-2F1D023A7BA9}.Release|x64.ActiveCfg = Release|Any CPU
		{3035C11F-FEF4-444E-9048-2F1D023A7BA9}.Release|x64.Build.0 = Release|Any CPU
		{67187976-0BE7-48C5-ABA4-96571FE9BDB7}.Debug|Any CPU.ActiveCfg = Debug|Any CPU
		{67187976-0BE7-48C5-ABA4-96571FE9BDB7}.Debug|Any CPU.Build.0 = Debug|Any CPU
		{67187976-0BE7-48C5-ABA4-96571FE9BDB7}.Debug|x64.ActiveCfg = Debug|Any CPU
		{67187976-0BE7-48C5-ABA4-96571FE9BDB7}.Debug|x64.Build.0 = Debug|Any CPU
		{67187976-0BE7-48C5-ABA4-96571FE9BDB7}.Release|Any CPU.ActiveCfg = Release|Any CPU
		{67187976-0BE7-48C5-ABA4-96571FE9BDB7}.Release|Any CPU.Build.0 = Release|Any CPU
		{67187976-0BE7-48C5-ABA4-96571FE9BDB7}.Release|x64.ActiveCfg = Release|Any CPU
		{67187976-0BE7-48C5-ABA4-96571FE9BDB7}.Release|x64.Build.0 = Release|Any CPU
		{29D23D56-A251-4B2A-BB58-BF5933193F48}.Debug|Any CPU.ActiveCfg = Debug|Any CPU
		{29D23D56-A251-4B2A-BB58-BF5933193F48}.Debug|Any CPU.Build.0 = Debug|Any CPU
		{29D23D56-A251-4B2A-BB58-BF5933193F48}.Debug|x64.ActiveCfg = Debug|Any CPU
		{29D23D56-A251-4B2A-BB58-BF5933193F48}.Debug|x64.Build.0 = Debug|Any CPU
		{29D23D56-A251-4B2A-BB58-BF5933193F48}.Release|Any CPU.ActiveCfg = Release|Any CPU
		{29D23D56-A251-4B2A-BB58-BF5933193F48}.Release|Any CPU.Build.0 = Release|Any CPU
		{29D23D56-A251-4B2A-BB58-BF5933193F48}.Release|x64.ActiveCfg = Release|Any CPU
		{29D23D56-A251-4B2A-BB58-BF5933193F48}.Release|x64.Build.0 = Release|Any CPU
		{74E81C20-8EFC-4407-B962-D6C709987008}.Debug|Any CPU.ActiveCfg = Debug|Any CPU
		{74E81C20-8EFC-4407-B962-D6C709987008}.Debug|Any CPU.Build.0 = Debug|Any CPU
		{74E81C20-8EFC-4407-B962-D6C709987008}.Debug|x64.ActiveCfg = Debug|Any CPU
		{74E81C20-8EFC-4407-B962-D6C709987008}.Debug|x64.Build.0 = Debug|Any CPU
		{74E81C20-8EFC-4407-B962-D6C709987008}.Release|Any CPU.ActiveCfg = Release|Any CPU
		{74E81C20-8EFC-4407-B962-D6C709987008}.Release|Any CPU.Build.0 = Release|Any CPU
		{74E81C20-8EFC-4407-B962-D6C709987008}.Release|x64.ActiveCfg = Release|Any CPU
		{74E81C20-8EFC-4407-B962-D6C709987008}.Release|x64.Build.0 = Release|Any CPU
		{E5B62E09-8808-45EA-AF0B-45D4A491C0AA}.Debug|Any CPU.ActiveCfg = Debug|Any CPU
		{E5B62E09-8808-45EA-AF0B-45D4A491C0AA}.Debug|Any CPU.Build.0 = Debug|Any CPU
		{E5B62E09-8808-45EA-AF0B-45D4A491C0AA}.Debug|x64.ActiveCfg = Debug|Any CPU
		{E5B62E09-8808-45EA-AF0B-45D4A491C0AA}.Debug|x64.Build.0 = Debug|Any CPU
		{E5B62E09-8808-45EA-AF0B-45D4A491C0AA}.Release|Any CPU.ActiveCfg = Release|Any CPU
		{E5B62E09-8808-45EA-AF0B-45D4A491C0AA}.Release|Any CPU.Build.0 = Release|Any CPU
		{E5B62E09-8808-45EA-AF0B-45D4A491C0AA}.Release|x64.ActiveCfg = Release|Any CPU
		{E5B62E09-8808-45EA-AF0B-45D4A491C0AA}.Release|x64.Build.0 = Release|Any CPU
		{36956430-7CF5-41AF-A571-57DD362C444B}.Debug|Any CPU.ActiveCfg = Debug|Any CPU
		{36956430-7CF5-41AF-A571-57DD362C444B}.Debug|Any CPU.Build.0 = Debug|Any CPU
		{36956430-7CF5-41AF-A571-57DD362C444B}.Debug|x64.ActiveCfg = Debug|Any CPU
		{36956430-7CF5-41AF-A571-57DD362C444B}.Debug|x64.Build.0 = Debug|Any CPU
		{36956430-7CF5-41AF-A571-57DD362C444B}.Release|Any CPU.ActiveCfg = Release|Any CPU
		{36956430-7CF5-41AF-A571-57DD362C444B}.Release|Any CPU.Build.0 = Release|Any CPU
		{36956430-7CF5-41AF-A571-57DD362C444B}.Release|x64.ActiveCfg = Release|Any CPU
		{36956430-7CF5-41AF-A571-57DD362C444B}.Release|x64.Build.0 = Release|Any CPU
		{BF406F60-2CB5-4D0D-978A-DC6EDCBA8B29}.Debug|Any CPU.ActiveCfg = Debug|Any CPU
		{BF406F60-2CB5-4D0D-978A-DC6EDCBA8B29}.Debug|Any CPU.Build.0 = Debug|Any CPU
		{BF406F60-2CB5-4D0D-978A-DC6EDCBA8B29}.Debug|x64.ActiveCfg = Debug|Any CPU
		{BF406F60-2CB5-4D0D-978A-DC6EDCBA8B29}.Debug|x64.Build.0 = Debug|Any CPU
		{BF406F60-2CB5-4D0D-978A-DC6EDCBA8B29}.Release|Any CPU.ActiveCfg = Release|Any CPU
		{BF406F60-2CB5-4D0D-978A-DC6EDCBA8B29}.Release|Any CPU.Build.0 = Release|Any CPU
		{BF406F60-2CB5-4D0D-978A-DC6EDCBA8B29}.Release|x64.ActiveCfg = Release|Any CPU
		{BF406F60-2CB5-4D0D-978A-DC6EDCBA8B29}.Release|x64.Build.0 = Release|Any CPU
		{0DA624B9-ECCE-477D-8595-31F2D7CCC97E}.Debug|Any CPU.ActiveCfg = Debug|Any CPU
		{0DA624B9-ECCE-477D-8595-31F2D7CCC97E}.Debug|Any CPU.Build.0 = Debug|Any CPU
		{0DA624B9-ECCE-477D-8595-31F2D7CCC97E}.Debug|x64.ActiveCfg = Debug|Any CPU
		{0DA624B9-ECCE-477D-8595-31F2D7CCC97E}.Debug|x64.Build.0 = Debug|Any CPU
		{0DA624B9-ECCE-477D-8595-31F2D7CCC97E}.Release|Any CPU.ActiveCfg = Release|Any CPU
		{0DA624B9-ECCE-477D-8595-31F2D7CCC97E}.Release|Any CPU.Build.0 = Release|Any CPU
		{0DA624B9-ECCE-477D-8595-31F2D7CCC97E}.Release|x64.ActiveCfg = Release|Any CPU
		{0DA624B9-ECCE-477D-8595-31F2D7CCC97E}.Release|x64.Build.0 = Release|Any CPU
		{B7FA1180-59C8-4A77-97E8-EA6834F0100A}.Debug|Any CPU.ActiveCfg = Debug|Any CPU
		{B7FA1180-59C8-4A77-97E8-EA6834F0100A}.Debug|Any CPU.Build.0 = Debug|Any CPU
		{B7FA1180-59C8-4A77-97E8-EA6834F0100A}.Debug|x64.ActiveCfg = Debug|Any CPU
		{B7FA1180-59C8-4A77-97E8-EA6834F0100A}.Debug|x64.Build.0 = Debug|Any CPU
		{B7FA1180-59C8-4A77-97E8-EA6834F0100A}.Release|Any CPU.ActiveCfg = Release|Any CPU
		{B7FA1180-59C8-4A77-97E8-EA6834F0100A}.Release|Any CPU.Build.0 = Release|Any CPU
		{B7FA1180-59C8-4A77-97E8-EA6834F0100A}.Release|x64.ActiveCfg = Release|Any CPU
		{B7FA1180-59C8-4A77-97E8-EA6834F0100A}.Release|x64.Build.0 = Release|Any CPU
		{DE39AFD0-F4AF-4183-AFCA-9F919FA07142}.Debug|Any CPU.ActiveCfg = Debug|Any CPU
		{DE39AFD0-F4AF-4183-AFCA-9F919FA07142}.Debug|Any CPU.Build.0 = Debug|Any CPU
		{DE39AFD0-F4AF-4183-AFCA-9F919FA07142}.Debug|x64.ActiveCfg = Debug|Any CPU
		{DE39AFD0-F4AF-4183-AFCA-9F919FA07142}.Debug|x64.Build.0 = Debug|Any CPU
		{DE39AFD0-F4AF-4183-AFCA-9F919FA07142}.Release|Any CPU.ActiveCfg = Release|Any CPU
		{DE39AFD0-F4AF-4183-AFCA-9F919FA07142}.Release|Any CPU.Build.0 = Release|Any CPU
		{DE39AFD0-F4AF-4183-AFCA-9F919FA07142}.Release|x64.ActiveCfg = Release|Any CPU
		{DE39AFD0-F4AF-4183-AFCA-9F919FA07142}.Release|x64.Build.0 = Release|Any CPU
	EndGlobalSection
	GlobalSection(SolutionProperties) = preSolution
		HideSolutionNode = FALSE
	EndGlobalSection
	GlobalSection(NestedProjects) = preSolution
		{0BDDB6BC-1A1F-4393-A9CE-532C7E6756F0} = {ECC8AE9D-6C11-4531-A4F4-641610B7F873}
		{F9C7DA55-E1B3-4DDF-B021-583795CEEB5A} = {FA430451-63A3-41F8-9473-17A5E420A6EB}
		{8170922D-11B8-462C-8692-7E499E5AC3B0} = {FA430451-63A3-41F8-9473-17A5E420A6EB}
		{4D6A3037-2D9E-4780-B5CA-EB1529DA779E} = {FA430451-63A3-41F8-9473-17A5E420A6EB}
		{AD06D1AE-4656-447A-874B-220D506CC1A5} = {FA430451-63A3-41F8-9473-17A5E420A6EB}
		{D98AD6FB-1EC5-4336-9D24-70029E254E10} = {FA430451-63A3-41F8-9473-17A5E420A6EB}
		{AD56F88E-7871-4E1C-AC07-6A4BB138A43C} = {ECC8AE9D-6C11-4531-A4F4-641610B7F873}
		{3DC71875-B853-4932-83F0-E2020D3EDB80} = {ECC8AE9D-6C11-4531-A4F4-641610B7F873}
		{A2521F15-63B7-491B-B1A8-E1411BC00465} = {2288EC4E-6D4F-48F0-ADF2-38567A94F682}
		{26933CC9-5982-488C-914D-A803207E56CD} = {2288EC4E-6D4F-48F0-ADF2-38567A94F682}
		{3035C11F-FEF4-444E-9048-2F1D023A7BA9} = {FA430451-63A3-41F8-9473-17A5E420A6EB}
		{67187976-0BE7-48C5-ABA4-96571FE9BDB7} = {FA430451-63A3-41F8-9473-17A5E420A6EB}
		{29D23D56-A251-4B2A-BB58-BF5933193F48} = {D41D9B2A-4FE9-47BE-9A0C-CCE5823A364B}
		{74E81C20-8EFC-4407-B962-D6C709987008} = {D41D9B2A-4FE9-47BE-9A0C-CCE5823A364B}
		{E5B62E09-8808-45EA-AF0B-45D4A491C0AA} = {D41D9B2A-4FE9-47BE-9A0C-CCE5823A364B}
		{36956430-7CF5-41AF-A571-57DD362C444B} = {D41D9B2A-4FE9-47BE-9A0C-CCE5823A364B}
		{BF406F60-2CB5-4D0D-978A-DC6EDCBA8B29} = {D41D9B2A-4FE9-47BE-9A0C-CCE5823A364B}
		{0DA624B9-ECCE-477D-8595-31F2D7CCC97E} = {ECC8AE9D-6C11-4531-A4F4-641610B7F873}
		{B7FA1180-59C8-4A77-97E8-EA6834F0100A} = {2288EC4E-6D4F-48F0-ADF2-38567A94F682}
		{DE39AFD0-F4AF-4183-AFCA-9F919FA07142} = {FA430451-63A3-41F8-9473-17A5E420A6EB}
	EndGlobalSection
	GlobalSection(ExtensibilityGlobals) = postSolution
		SolutionGuid = {C75BA78F-4526-4B2D-BA4F-4B89135F265D}
	EndGlobalSection
EndGlobal
