
Microsoft Visual Studio Solution File, Format Version 12.00
# Visual Studio Version 16
VisualStudioVersion = 16.0.31129.286
MinimumVisualStudioVersion = 10.0.40219.1
Project("{FAE04EC0-301F-11D3-BF4B-00C04F79EFBC}") = "Athena", "Athena\Athena.csproj", "{D3A2EA80-1C1D-4B6B-8210-FDE5883DAB6B}"
EndProject
Global
	GlobalSection(SolutionConfigurationPlatforms) = preSolution
		Debug|Any CPU = Debug|Any CPU
		Release|Any CPU = Release|Any CPU
	EndGlobalSection
	GlobalSection(ProjectConfigurationPlatforms) = postSolution
		{D3A2EA80-1C1D-4B6B-8210-FDE5883DAB6B}.Debug|Any CPU.ActiveCfg = Debug|Any CPU
		{D3A2EA80-1C1D-4B6B-8210-FDE5883DAB6B}.Debug|Any CPU.Build.0 = Debug|Any CPU
		{D3A2EA80-1C1D-4B6B-8210-FDE5883DAB6B}.Release|Any CPU.ActiveCfg = Release|Any CPU
		{D3A2EA80-1C1D-4B6B-8210-FDE5883DAB6B}.Release|Any CPU.Build.0 = Release|Any CPU
	EndGlobalSection
	GlobalSection(SolutionProperties) = preSolution
		HideSolutionNode = FALSE
	EndGlobalSection
	GlobalSection(ExtensibilityGlobals) = postSolution
		SolutionGuid = {C75BA78F-4526-4B2D-BA4F-4B89135F265D}
	EndGlobalSection
EndGlobal
