
Microsoft Visual Studio Solution File, Format Version 12.00
# Visual Studio Version 17
VisualStudioVersion = 17.2.32516.85
MinimumVisualStudioVersion = 10.0.40219.1
Project("{9A19103F-16F7-4668-BE54-9A1E7A4F7556}") = "Athena", "Athena\Athena.csproj", "{D3A2EA80-1C1D-4B6B-8210-FDE5883DAB6B}"
EndProject
Global
	GlobalSection(SolutionConfigurationPlatforms) = preSolution
		Debug|Any CPU = Debug|Any CPU
		Debug|x64 = Debug|x64
		Release|Any CPU = Release|Any CPU
		Release|x64 = Release|x64
	EndGlobalSection
	GlobalSection(ProjectConfigurationPlatforms) = postSolution
		{D3A2EA80-1C1D-4B6B-8210-FDE5883DAB6B}.Debug|Any CPU.ActiveCfg = Debug|Any CPU
		{D3A2EA80-1C1D-4B6B-8210-FDE5883DAB6B}.Debug|Any CPU.Build.0 = Debug|Any CPU
		{D3A2EA80-1C1D-4B6B-8210-FDE5883DAB6B}.Debug|x64.ActiveCfg = Debug|x64
		{D3A2EA80-1C1D-4B6B-8210-FDE5883DAB6B}.Debug|x64.Build.0 = Debug|x64
		{D3A2EA80-1C1D-4B6B-8210-FDE5883DAB6B}.Release|Any CPU.ActiveCfg = Release|Any CPU
		{D3A2EA80-1C1D-4B6B-8210-FDE5883DAB6B}.Release|Any CPU.Build.0 = Release|Any CPU
		{D3A2EA80-1C1D-4B6B-8210-FDE5883DAB6B}.Release|x64.ActiveCfg = Release|x64
		{D3A2EA80-1C1D-4B6B-8210-FDE5883DAB6B}.Release|x64.Build.0 = Release|x64
	EndGlobalSection
	GlobalSection(SolutionProperties) = preSolution
		HideSolutionNode = FALSE
	EndGlobalSection
	GlobalSection(ExtensibilityGlobals) = postSolution
		SolutionGuid = {C75BA78F-4526-4B2D-BA4F-4B89135F265D}
	EndGlobalSection
EndGlobal
