Microsoft Visual Studio Solution File, Format Version 12.00
# Visual Studio Version 17
VisualStudioVersion = 17.1.32328.378
MinimumVisualStudioVersion = 10.0.40219.1
Project("{9A19103F-16F7-4668-BE54-9A1E7A4F7556}") = "Athena", "Athena\Athena.csproj", "{D3A2EA80-1C1D-4B6B-8210-FDE5883DAB6B}"
	ProjectSection(ProjectDependencies) = postProject
		{3DC71875-B853-4932-83F0-E2020D3EDB80} = {3DC71875-B853-4932-83F0-E2020D3EDB80}
	EndProjectSection
EndProject
Project("{9A19103F-16F7-4668-BE54-9A1E7A4F7556}") = "Athena.Plugins", "AthenaPlugins\PluginBase\Athena.Plugins.csproj", "{0BDDB6BC-1A1F-4393-A9CE-532C7E6756F0}"
EndProject
Project("{9A19103F-16F7-4668-BE54-9A1E7A4F7556}") = "AthenaTests", "AthenaTests\AthenaTests.csproj", "{43D74767-420F-4671-B4C9-1BA53DEFD318}"
EndProject
Project("{9A19103F-16F7-4668-BE54-9A1E7A4F7556}") = "Athena.Profiles.HTTP", "AthenaHTTP\Athena.Profiles.HTTP.csproj", "{F9C7DA55-E1B3-4DDF-B021-583795CEEB5A}"
EndProject
Project("{9A19103F-16F7-4668-BE54-9A1E7A4F7556}") = "Athena.Profiles.Websocket", "AthenaWebsocket\Athena.Profiles.Websocket.csproj", "{8170922D-11B8-462C-8692-7E499E5AC3B0}"
EndProject
Project("{9A19103F-16F7-4668-BE54-9A1E7A4F7556}") = "Athena.Profiles.SMB", "AthenaSMB\Athena.Profiles.SMB.csproj", "{4D6A3037-2D9E-4780-B5CA-EB1529DA779E}"
EndProject
Project("{9A19103F-16F7-4668-BE54-9A1E7A4F7556}") = "Athena.Profiles.Discord", "AthenaDiscord\Athena.Profiles.Discord.csproj", "{AD06D1AE-4656-447A-874B-220D506CC1A5}"
EndProject
Project("{9A19103F-16F7-4668-BE54-9A1E7A4F7556}") = "Athena.Profiles.Slack", "AthenaSlack\Athena.Profiles.Slack.csproj", "{D98AD6FB-1EC5-4336-9D24-70029E254E10}"
EndProject
Project("{9A19103F-16F7-4668-BE54-9A1E7A4F7556}") = "Athena.Utilities", "Athena.Utilities\Athena.Utilities.csproj", "{AD56F88E-7871-4E1C-AC07-6A4BB138A43C}"
EndProject
Project("{2150E333-8FDC-42A3-9474-1A3956D46DE8}") = "Profiles", "Profiles", "{FA430451-63A3-41F8-9473-17A5E420A6EB}"
EndProject
Project("{9A19103F-16F7-4668-BE54-9A1E7A4F7556}") = "Athena.Models", "Athena.Models\Athena.Models.csproj", "{3DC71875-B853-4932-83F0-E2020D3EDB80}"
EndProject
Project("{2150E333-8FDC-42A3-9474-1A3956D46DE8}") = "Forwarders", "Forwarders", "{2288EC4E-6D4F-48F0-ADF2-38567A94F682}"
EndProject
Project("{9A19103F-16F7-4668-BE54-9A1E7A4F7556}") = "Athena.Forwarders.SMB", "Athena.Forwarders.SMB\Athena.Forwarders.SMB.csproj", "{A2521F15-63B7-491B-B1A8-E1411BC00465}"
EndProject
Project("{9A19103F-16F7-4668-BE54-9A1E7A4F7556}") = "Athena.Forwarders.Empty", "Athena.Forwarders.Empty\Athena.Forwarders.Empty.csproj", "{26933CC9-5982-488C-914D-A803207E56CD}"
EndProject
Project("{FAE04EC0-301F-11D3-BF4B-00C04F79EFBC}") = "Athena.Profiles.Debug", "Athena.Profiles.Debug\Athena.Profiles.Debug.csproj", "{3035C11F-FEF4-444E-9048-2F1D023A7BA9}"
EndProject
Global
	GlobalSection(SolutionConfigurationPlatforms) = preSolution
		Debug|Any CPU = Debug|Any CPU
		Release|Any CPU = Release|Any CPU
	EndGlobalSection
	GlobalSection(ProjectConfigurationPlatforms) = postSolution
		{D3A2EA80-1C1D-4B6B-8210-FDE5883DAB6B}.Debug|Any CPU.ActiveCfg = Debug|Any CPU
		{D3A2EA80-1C1D-4B6B-8210-FDE5883DAB6B}.Debug|Any CPU.Build.0 = Debug|Any CPU
		{D3A2EA80-1C1D-4B6B-8210-FDE5883DAB6B}.Release|Any CPU.ActiveCfg = Release|Any CPU
		{D3A2EA80-1C1D-4B6B-8210-FDE5883DAB6B}.Release|Any CPU.Build.0 = Release|Any CPU
		{0BDDB6BC-1A1F-4393-A9CE-532C7E6756F0}.Debug|Any CPU.ActiveCfg = Debug|Any CPU
		{0BDDB6BC-1A1F-4393-A9CE-532C7E6756F0}.Debug|Any CPU.Build.0 = Debug|Any CPU
		{0BDDB6BC-1A1F-4393-A9CE-532C7E6756F0}.Release|Any CPU.ActiveCfg = Release|Any CPU
		{0BDDB6BC-1A1F-4393-A9CE-532C7E6756F0}.Release|Any CPU.Build.0 = Release|Any CPU
		{43D74767-420F-4671-B4C9-1BA53DEFD318}.Debug|Any CPU.ActiveCfg = Debug|Any CPU
		{43D74767-420F-4671-B4C9-1BA53DEFD318}.Debug|Any CPU.Build.0 = Debug|Any CPU
		{43D74767-420F-4671-B4C9-1BA53DEFD318}.Release|Any CPU.ActiveCfg = Release|Any CPU
		{43D74767-420F-4671-B4C9-1BA53DEFD318}.Release|Any CPU.Build.0 = Release|Any CPU
		{F9C7DA55-E1B3-4DDF-B021-583795CEEB5A}.Debug|Any CPU.ActiveCfg = Debug|Any CPU
		{F9C7DA55-E1B3-4DDF-B021-583795CEEB5A}.Debug|Any CPU.Build.0 = Debug|Any CPU
		{F9C7DA55-E1B3-4DDF-B021-583795CEEB5A}.Release|Any CPU.ActiveCfg = Release|Any CPU
		{F9C7DA55-E1B3-4DDF-B021-583795CEEB5A}.Release|Any CPU.Build.0 = Release|Any CPU
		{8170922D-11B8-462C-8692-7E499E5AC3B0}.Debug|Any CPU.ActiveCfg = Debug|Any CPU
		{8170922D-11B8-462C-8692-7E499E5AC3B0}.Debug|Any CPU.Build.0 = Debug|Any CPU
		{8170922D-11B8-462C-8692-7E499E5AC3B0}.Release|Any CPU.ActiveCfg = Release|Any CPU
		{8170922D-11B8-462C-8692-7E499E5AC3B0}.Release|Any CPU.Build.0 = Release|Any CPU
		{4D6A3037-2D9E-4780-B5CA-EB1529DA779E}.Debug|Any CPU.ActiveCfg = Debug|Any CPU
		{4D6A3037-2D9E-4780-B5CA-EB1529DA779E}.Debug|Any CPU.Build.0 = Debug|Any CPU
		{4D6A3037-2D9E-4780-B5CA-EB1529DA779E}.Release|Any CPU.ActiveCfg = Release|Any CPU
		{4D6A3037-2D9E-4780-B5CA-EB1529DA779E}.Release|Any CPU.Build.0 = Release|Any CPU
		{AD06D1AE-4656-447A-874B-220D506CC1A5}.Debug|Any CPU.ActiveCfg = Debug|Any CPU
		{AD06D1AE-4656-447A-874B-220D506CC1A5}.Debug|Any CPU.Build.0 = Debug|Any CPU
		{AD06D1AE-4656-447A-874B-220D506CC1A5}.Release|Any CPU.ActiveCfg = Release|Any CPU
		{AD06D1AE-4656-447A-874B-220D506CC1A5}.Release|Any CPU.Build.0 = Release|Any CPU
		{D98AD6FB-1EC5-4336-9D24-70029E254E10}.Debug|Any CPU.ActiveCfg = Debug|Any CPU
		{D98AD6FB-1EC5-4336-9D24-70029E254E10}.Debug|Any CPU.Build.0 = Debug|Any CPU
		{D98AD6FB-1EC5-4336-9D24-70029E254E10}.Release|Any CPU.ActiveCfg = Release|Any CPU
		{D98AD6FB-1EC5-4336-9D24-70029E254E10}.Release|Any CPU.Build.0 = Release|Any CPU
		{AD56F88E-7871-4E1C-AC07-6A4BB138A43C}.Debug|Any CPU.ActiveCfg = Debug|Any CPU
		{AD56F88E-7871-4E1C-AC07-6A4BB138A43C}.Debug|Any CPU.Build.0 = Debug|Any CPU
		{AD56F88E-7871-4E1C-AC07-6A4BB138A43C}.Release|Any CPU.ActiveCfg = Release|Any CPU
		{AD56F88E-7871-4E1C-AC07-6A4BB138A43C}.Release|Any CPU.Build.0 = Release|Any CPU
		{3DC71875-B853-4932-83F0-E2020D3EDB80}.Debug|Any CPU.ActiveCfg = Debug|Any CPU
		{3DC71875-B853-4932-83F0-E2020D3EDB80}.Debug|Any CPU.Build.0 = Debug|Any CPU
		{3DC71875-B853-4932-83F0-E2020D3EDB80}.Release|Any CPU.ActiveCfg = Release|Any CPU
		{3DC71875-B853-4932-83F0-E2020D3EDB80}.Release|Any CPU.Build.0 = Release|Any CPU
		{A2521F15-63B7-491B-B1A8-E1411BC00465}.Debug|Any CPU.ActiveCfg = Debug|Any CPU
		{A2521F15-63B7-491B-B1A8-E1411BC00465}.Debug|Any CPU.Build.0 = Debug|Any CPU
		{A2521F15-63B7-491B-B1A8-E1411BC00465}.Release|Any CPU.ActiveCfg = Release|Any CPU
		{A2521F15-63B7-491B-B1A8-E1411BC00465}.Release|Any CPU.Build.0 = Release|Any CPU
		{26933CC9-5982-488C-914D-A803207E56CD}.Debug|Any CPU.ActiveCfg = Debug|Any CPU
		{26933CC9-5982-488C-914D-A803207E56CD}.Debug|Any CPU.Build.0 = Debug|Any CPU
		{26933CC9-5982-488C-914D-A803207E56CD}.Release|Any CPU.ActiveCfg = Release|Any CPU
		{26933CC9-5982-488C-914D-A803207E56CD}.Release|Any CPU.Build.0 = Release|Any CPU
		{3035C11F-FEF4-444E-9048-2F1D023A7BA9}.Debug|Any CPU.ActiveCfg = Debug|Any CPU
		{3035C11F-FEF4-444E-9048-2F1D023A7BA9}.Debug|Any CPU.Build.0 = Debug|Any CPU
		{3035C11F-FEF4-444E-9048-2F1D023A7BA9}.Release|Any CPU.ActiveCfg = Release|Any CPU
		{3035C11F-FEF4-444E-9048-2F1D023A7BA9}.Release|Any CPU.Build.0 = Release|Any CPU
	EndGlobalSection
	GlobalSection(SolutionProperties) = preSolution
		HideSolutionNode = FALSE
	EndGlobalSection
	GlobalSection(NestedProjects) = preSolution
		{F9C7DA55-E1B3-4DDF-B021-583795CEEB5A} = {FA430451-63A3-41F8-9473-17A5E420A6EB}
		{8170922D-11B8-462C-8692-7E499E5AC3B0} = {FA430451-63A3-41F8-9473-17A5E420A6EB}
		{4D6A3037-2D9E-4780-B5CA-EB1529DA779E} = {FA430451-63A3-41F8-9473-17A5E420A6EB}
		{AD06D1AE-4656-447A-874B-220D506CC1A5} = {FA430451-63A3-41F8-9473-17A5E420A6EB}
		{D98AD6FB-1EC5-4336-9D24-70029E254E10} = {FA430451-63A3-41F8-9473-17A5E420A6EB}
		{A2521F15-63B7-491B-B1A8-E1411BC00465} = {2288EC4E-6D4F-48F0-ADF2-38567A94F682}
		{26933CC9-5982-488C-914D-A803207E56CD} = {2288EC4E-6D4F-48F0-ADF2-38567A94F682}
		{3035C11F-FEF4-444E-9048-2F1D023A7BA9} = {FA430451-63A3-41F8-9473-17A5E420A6EB}
	EndGlobalSection
	GlobalSection(ExtensibilityGlobals) = postSolution
		SolutionGuid = {C75BA78F-4526-4B2D-BA4F-4B89135F265D}
	EndGlobalSection
EndGlobal
