
Microsoft Visual Studio Solution File, Format Version 12.00
# Visual Studio Version 17
VisualStudioVersion = 17.0.31903.59
MinimumVisualStudioVersion = 10.0.40219.1
Project("{9A19103F-16F7-4668-BE54-9A1E7A4F7556}") = "mv", "mv\mv.csproj", "{EBA5DC02-8BB3-4C2A-92D7-AFCA7AE27837}"
EndProject
Project("{9A19103F-16F7-4668-BE54-9A1E7A4F7556}") = "cat", "Cat\cat.csproj", "{0B46A852-0665-4D77-B774-0454FC43D0BF}"
EndProject
Project("{9A19103F-16F7-4668-BE54-9A1E7A4F7556}") = "ifconfig", "ifconfig\ifconfig.csproj", "{EA09BCEB-4F41-4E99-92EB-E38DBF00D42D}"
EndProject
Project("{9A19103F-16F7-4668-BE54-9A1E7A4F7556}") = "mkdir", "mkdir\mkdir.csproj", "{A10B50B7-D5C7-4E66-A1F5-E94ACFD2B418}"
EndProject
Project("{9A19103F-16F7-4668-BE54-9A1E7A4F7556}") = "PluginTemplate", "PluginTemplate\PluginTemplate.csproj", "{3593F39A-09FA-46D9-9C13-36DF207FF427}"
EndProject
Project("{9A19103F-16F7-4668-BE54-9A1E7A4F7556}") = "TestPluginLoader", "TestPluginLoader\TestPluginLoader.csproj", "{8E52DE19-C284-4889-9EE8-52602A1A81BA}"
EndProject
Project("{9A19103F-16F7-4668-BE54-9A1E7A4F7556}") = "ls", "ls\ls.csproj", "{81A7AD5B-7BE6-4109-A732-477901AECAA1}"
EndProject
Project("{9A19103F-16F7-4668-BE54-9A1E7A4F7556}") = "cd", "cd\cd.csproj", "{CA9A68FB-9C4E-41B4-9EB9-1A332CD5AE55}"
EndProject
Project("{9A19103F-16F7-4668-BE54-9A1E7A4F7556}") = "whoami", "whoami\whoami.csproj", "{00D436AC-1732-4CFA-9E19-52FECA604762}"
EndProject
Project("{9A19103F-16F7-4668-BE54-9A1E7A4F7556}") = "hostname", "hostname\hostname.csproj", "{D6E3D850-1CDA-4362-A8F0-D14FF3B321B7}"
EndProject
Project("{9A19103F-16F7-4668-BE54-9A1E7A4F7556}") = "pwd", "pwd\pwd.csproj", "{9B0C3BB3-D4A0-4124-8C2A-72919F5C34FF}"
EndProject
Project("{9A19103F-16F7-4668-BE54-9A1E7A4F7556}") = "rm", "rm\rm.csproj", "{D0A87AE5-3C29-44E6-9218-1432AAD633B1}"
EndProject
Project("{9A19103F-16F7-4668-BE54-9A1E7A4F7556}") = "cp", "cp\cp.csproj", "{3FA2255C-4BA9-4621-A77F-5F3706D5742F}"
EndProject
Project("{9A19103F-16F7-4668-BE54-9A1E7A4F7556}") = "ps", "ps\ps.csproj", "{47F05EF1-6378-407D-A82D-ED9A08666ED5}"
EndProject
Project("{9A19103F-16F7-4668-BE54-9A1E7A4F7556}") = "rmdir", "rmdir\rmdir.csproj", "{A2D65F02-C09F-4A0B-9336-A50DFA15D8F7}"
EndProject
Project("{9A19103F-16F7-4668-BE54-9A1E7A4F7556}") = "tail", "tail\tail.csproj", "{CBDF41B0-049C-4280-A0CA-1B19A3A3D18D}"
EndProject
Project("{9A19103F-16F7-4668-BE54-9A1E7A4F7556}") = "env", "env\env.csproj", "{98E60EDF-4CAE-445C-ACD0-0CCA565B2B95}"
EndProject
Project("{9A19103F-16F7-4668-BE54-9A1E7A4F7556}") = "wget", "wget\wget.csproj", "{69039451-CDB4-498C-B5B2-FDE532B41685}"
EndProject
Project("{9A19103F-16F7-4668-BE54-9A1E7A4F7556}") = "load-pe", "load-pe\load-pe.csproj", "{25F3CB03-08F8-4FDC-BFC4-C61C69F9B047}"
EndProject
Project("{9A19103F-16F7-4668-BE54-9A1E7A4F7556}") = "get-clipboard", "get-clipboard\get-clipboard.csproj", "{5B2ADAD7-0413-49DE-967F-4CC3C251FE86}"
EndProject
Project("{9A19103F-16F7-4668-BE54-9A1E7A4F7556}") = "nslookup", "nslookup\nslookup.csproj", "{9E19A44D-86BB-443E-8E67-169CA38E7785}"
EndProject
Project("{9A19103F-16F7-4668-BE54-9A1E7A4F7556}") = "drives", "drives\drives.csproj", "{809214C4-594B-497A-8FBD-9007B9BD486A}"
EndProject
Project("{9A19103F-16F7-4668-BE54-9A1E7A4F7556}") = "uptime", "uptime\uptime.csproj", "{94C0B911-E1B4-4539-A00D-417E4BB970FB}"
EndProject
Project("{9A19103F-16F7-4668-BE54-9A1E7A4F7556}") = "kill", "kill\kill.csproj", "{3ACF4B39-3024-4FC2-8E68-CD6DC847D112}"
EndProject
Project("{9A19103F-16F7-4668-BE54-9A1E7A4F7556}") = "get-domainusers", "get-domainusers\get-domainusers.csproj", "{D0422467-642C-4F4A-9E2F-694894102792}"
EndProject
Project("{FAE04EC0-301F-11D3-BF4B-00C04F79EFBC}") = "dsquery", "dsquery\dsquery.csproj", "{60232825-FDFE-449A-8A3C-D238F90F2892}"
EndProject
Global
	GlobalSection(SolutionConfigurationPlatforms) = preSolution
		Debug|Any CPU = Debug|Any CPU
		Release|Any CPU = Release|Any CPU
	EndGlobalSection
	GlobalSection(ProjectConfigurationPlatforms) = postSolution
		{EBA5DC02-8BB3-4C2A-92D7-AFCA7AE27837}.Debug|Any CPU.ActiveCfg = Debug|Any CPU
		{EBA5DC02-8BB3-4C2A-92D7-AFCA7AE27837}.Debug|Any CPU.Build.0 = Debug|Any CPU
		{EBA5DC02-8BB3-4C2A-92D7-AFCA7AE27837}.Release|Any CPU.ActiveCfg = Release|Any CPU
		{EBA5DC02-8BB3-4C2A-92D7-AFCA7AE27837}.Release|Any CPU.Build.0 = Release|Any CPU
		{0B46A852-0665-4D77-B774-0454FC43D0BF}.Debug|Any CPU.ActiveCfg = Debug|Any CPU
		{0B46A852-0665-4D77-B774-0454FC43D0BF}.Debug|Any CPU.Build.0 = Debug|Any CPU
		{0B46A852-0665-4D77-B774-0454FC43D0BF}.Release|Any CPU.ActiveCfg = Release|Any CPU
		{0B46A852-0665-4D77-B774-0454FC43D0BF}.Release|Any CPU.Build.0 = Release|Any CPU
		{EA09BCEB-4F41-4E99-92EB-E38DBF00D42D}.Debug|Any CPU.ActiveCfg = Debug|Any CPU
		{EA09BCEB-4F41-4E99-92EB-E38DBF00D42D}.Debug|Any CPU.Build.0 = Debug|Any CPU
		{EA09BCEB-4F41-4E99-92EB-E38DBF00D42D}.Release|Any CPU.ActiveCfg = Release|Any CPU
		{EA09BCEB-4F41-4E99-92EB-E38DBF00D42D}.Release|Any CPU.Build.0 = Release|Any CPU
		{A10B50B7-D5C7-4E66-A1F5-E94ACFD2B418}.Debug|Any CPU.ActiveCfg = Debug|Any CPU
		{A10B50B7-D5C7-4E66-A1F5-E94ACFD2B418}.Debug|Any CPU.Build.0 = Debug|Any CPU
		{A10B50B7-D5C7-4E66-A1F5-E94ACFD2B418}.Release|Any CPU.ActiveCfg = Release|Any CPU
		{A10B50B7-D5C7-4E66-A1F5-E94ACFD2B418}.Release|Any CPU.Build.0 = Release|Any CPU
		{3593F39A-09FA-46D9-9C13-36DF207FF427}.Debug|Any CPU.ActiveCfg = Debug|Any CPU
		{3593F39A-09FA-46D9-9C13-36DF207FF427}.Debug|Any CPU.Build.0 = Debug|Any CPU
		{3593F39A-09FA-46D9-9C13-36DF207FF427}.Release|Any CPU.ActiveCfg = Release|Any CPU
		{3593F39A-09FA-46D9-9C13-36DF207FF427}.Release|Any CPU.Build.0 = Release|Any CPU
		{8E52DE19-C284-4889-9EE8-52602A1A81BA}.Debug|Any CPU.ActiveCfg = Debug|Any CPU
		{8E52DE19-C284-4889-9EE8-52602A1A81BA}.Debug|Any CPU.Build.0 = Debug|Any CPU
		{8E52DE19-C284-4889-9EE8-52602A1A81BA}.Release|Any CPU.ActiveCfg = Release|Any CPU
		{8E52DE19-C284-4889-9EE8-52602A1A81BA}.Release|Any CPU.Build.0 = Release|Any CPU
		{81A7AD5B-7BE6-4109-A732-477901AECAA1}.Debug|Any CPU.ActiveCfg = Debug|Any CPU
		{81A7AD5B-7BE6-4109-A732-477901AECAA1}.Debug|Any CPU.Build.0 = Debug|Any CPU
		{81A7AD5B-7BE6-4109-A732-477901AECAA1}.Release|Any CPU.ActiveCfg = Release|Any CPU
		{81A7AD5B-7BE6-4109-A732-477901AECAA1}.Release|Any CPU.Build.0 = Release|Any CPU
		{CA9A68FB-9C4E-41B4-9EB9-1A332CD5AE55}.Debug|Any CPU.ActiveCfg = Debug|Any CPU
		{CA9A68FB-9C4E-41B4-9EB9-1A332CD5AE55}.Debug|Any CPU.Build.0 = Debug|Any CPU
		{CA9A68FB-9C4E-41B4-9EB9-1A332CD5AE55}.Release|Any CPU.ActiveCfg = Release|Any CPU
		{CA9A68FB-9C4E-41B4-9EB9-1A332CD5AE55}.Release|Any CPU.Build.0 = Release|Any CPU
		{00D436AC-1732-4CFA-9E19-52FECA604762}.Debug|Any CPU.ActiveCfg = Debug|Any CPU
		{00D436AC-1732-4CFA-9E19-52FECA604762}.Debug|Any CPU.Build.0 = Debug|Any CPU
		{00D436AC-1732-4CFA-9E19-52FECA604762}.Release|Any CPU.ActiveCfg = Release|Any CPU
		{00D436AC-1732-4CFA-9E19-52FECA604762}.Release|Any CPU.Build.0 = Release|Any CPU
		{D6E3D850-1CDA-4362-A8F0-D14FF3B321B7}.Debug|Any CPU.ActiveCfg = Debug|Any CPU
		{D6E3D850-1CDA-4362-A8F0-D14FF3B321B7}.Debug|Any CPU.Build.0 = Debug|Any CPU
		{D6E3D850-1CDA-4362-A8F0-D14FF3B321B7}.Release|Any CPU.ActiveCfg = Release|Any CPU
		{D6E3D850-1CDA-4362-A8F0-D14FF3B321B7}.Release|Any CPU.Build.0 = Release|Any CPU
		{9B0C3BB3-D4A0-4124-8C2A-72919F5C34FF}.Debug|Any CPU.ActiveCfg = Debug|Any CPU
		{9B0C3BB3-D4A0-4124-8C2A-72919F5C34FF}.Debug|Any CPU.Build.0 = Debug|Any CPU
		{9B0C3BB3-D4A0-4124-8C2A-72919F5C34FF}.Release|Any CPU.ActiveCfg = Release|Any CPU
		{9B0C3BB3-D4A0-4124-8C2A-72919F5C34FF}.Release|Any CPU.Build.0 = Release|Any CPU
		{D0A87AE5-3C29-44E6-9218-1432AAD633B1}.Debug|Any CPU.ActiveCfg = Debug|Any CPU
		{D0A87AE5-3C29-44E6-9218-1432AAD633B1}.Debug|Any CPU.Build.0 = Debug|Any CPU
		{D0A87AE5-3C29-44E6-9218-1432AAD633B1}.Release|Any CPU.ActiveCfg = Release|Any CPU
		{D0A87AE5-3C29-44E6-9218-1432AAD633B1}.Release|Any CPU.Build.0 = Release|Any CPU
		{3FA2255C-4BA9-4621-A77F-5F3706D5742F}.Debug|Any CPU.ActiveCfg = Debug|Any CPU
		{3FA2255C-4BA9-4621-A77F-5F3706D5742F}.Debug|Any CPU.Build.0 = Debug|Any CPU
		{3FA2255C-4BA9-4621-A77F-5F3706D5742F}.Release|Any CPU.ActiveCfg = Release|Any CPU
		{3FA2255C-4BA9-4621-A77F-5F3706D5742F}.Release|Any CPU.Build.0 = Release|Any CPU
		{47F05EF1-6378-407D-A82D-ED9A08666ED5}.Debug|Any CPU.ActiveCfg = Debug|Any CPU
		{47F05EF1-6378-407D-A82D-ED9A08666ED5}.Debug|Any CPU.Build.0 = Debug|Any CPU
		{47F05EF1-6378-407D-A82D-ED9A08666ED5}.Release|Any CPU.ActiveCfg = Release|Any CPU
		{47F05EF1-6378-407D-A82D-ED9A08666ED5}.Release|Any CPU.Build.0 = Release|Any CPU
		{A2D65F02-C09F-4A0B-9336-A50DFA15D8F7}.Debug|Any CPU.ActiveCfg = Debug|Any CPU
		{A2D65F02-C09F-4A0B-9336-A50DFA15D8F7}.Debug|Any CPU.Build.0 = Debug|Any CPU
		{A2D65F02-C09F-4A0B-9336-A50DFA15D8F7}.Release|Any CPU.ActiveCfg = Release|Any CPU
		{A2D65F02-C09F-4A0B-9336-A50DFA15D8F7}.Release|Any CPU.Build.0 = Release|Any CPU
		{CBDF41B0-049C-4280-A0CA-1B19A3A3D18D}.Debug|Any CPU.ActiveCfg = Debug|Any CPU
		{CBDF41B0-049C-4280-A0CA-1B19A3A3D18D}.Debug|Any CPU.Build.0 = Debug|Any CPU
		{CBDF41B0-049C-4280-A0CA-1B19A3A3D18D}.Release|Any CPU.ActiveCfg = Release|Any CPU
		{CBDF41B0-049C-4280-A0CA-1B19A3A3D18D}.Release|Any CPU.Build.0 = Release|Any CPU
		{98E60EDF-4CAE-445C-ACD0-0CCA565B2B95}.Debug|Any CPU.ActiveCfg = Debug|Any CPU
		{98E60EDF-4CAE-445C-ACD0-0CCA565B2B95}.Debug|Any CPU.Build.0 = Debug|Any CPU
		{98E60EDF-4CAE-445C-ACD0-0CCA565B2B95}.Release|Any CPU.ActiveCfg = Release|Any CPU
		{98E60EDF-4CAE-445C-ACD0-0CCA565B2B95}.Release|Any CPU.Build.0 = Release|Any CPU
		{69039451-CDB4-498C-B5B2-FDE532B41685}.Debug|Any CPU.ActiveCfg = Debug|Any CPU
		{69039451-CDB4-498C-B5B2-FDE532B41685}.Debug|Any CPU.Build.0 = Debug|Any CPU
		{69039451-CDB4-498C-B5B2-FDE532B41685}.Release|Any CPU.ActiveCfg = Release|Any CPU
		{69039451-CDB4-498C-B5B2-FDE532B41685}.Release|Any CPU.Build.0 = Release|Any CPU
		{25F3CB03-08F8-4FDC-BFC4-C61C69F9B047}.Debug|Any CPU.ActiveCfg = Debug|Any CPU
		{25F3CB03-08F8-4FDC-BFC4-C61C69F9B047}.Debug|Any CPU.Build.0 = Debug|Any CPU
		{25F3CB03-08F8-4FDC-BFC4-C61C69F9B047}.Release|Any CPU.ActiveCfg = Release|Any CPU
		{25F3CB03-08F8-4FDC-BFC4-C61C69F9B047}.Release|Any CPU.Build.0 = Release|Any CPU
		{5B2ADAD7-0413-49DE-967F-4CC3C251FE86}.Debug|Any CPU.ActiveCfg = Debug|Any CPU
		{5B2ADAD7-0413-49DE-967F-4CC3C251FE86}.Debug|Any CPU.Build.0 = Debug|Any CPU
		{5B2ADAD7-0413-49DE-967F-4CC3C251FE86}.Release|Any CPU.ActiveCfg = Release|Any CPU
		{5B2ADAD7-0413-49DE-967F-4CC3C251FE86}.Release|Any CPU.Build.0 = Release|Any CPU
		{9E19A44D-86BB-443E-8E67-169CA38E7785}.Debug|Any CPU.ActiveCfg = Debug|Any CPU
		{9E19A44D-86BB-443E-8E67-169CA38E7785}.Debug|Any CPU.Build.0 = Debug|Any CPU
		{9E19A44D-86BB-443E-8E67-169CA38E7785}.Release|Any CPU.ActiveCfg = Release|Any CPU
		{9E19A44D-86BB-443E-8E67-169CA38E7785}.Release|Any CPU.Build.0 = Release|Any CPU
		{809214C4-594B-497A-8FBD-9007B9BD486A}.Debug|Any CPU.ActiveCfg = Debug|Any CPU
		{809214C4-594B-497A-8FBD-9007B9BD486A}.Debug|Any CPU.Build.0 = Debug|Any CPU
		{809214C4-594B-497A-8FBD-9007B9BD486A}.Release|Any CPU.ActiveCfg = Release|Any CPU
		{809214C4-594B-497A-8FBD-9007B9BD486A}.Release|Any CPU.Build.0 = Release|Any CPU
		{94C0B911-E1B4-4539-A00D-417E4BB970FB}.Debug|Any CPU.ActiveCfg = Debug|Any CPU
		{94C0B911-E1B4-4539-A00D-417E4BB970FB}.Debug|Any CPU.Build.0 = Debug|Any CPU
		{94C0B911-E1B4-4539-A00D-417E4BB970FB}.Release|Any CPU.ActiveCfg = Release|Any CPU
		{94C0B911-E1B4-4539-A00D-417E4BB970FB}.Release|Any CPU.Build.0 = Release|Any CPU
		{3ACF4B39-3024-4FC2-8E68-CD6DC847D112}.Debug|Any CPU.ActiveCfg = Debug|Any CPU
		{3ACF4B39-3024-4FC2-8E68-CD6DC847D112}.Debug|Any CPU.Build.0 = Debug|Any CPU
		{3ACF4B39-3024-4FC2-8E68-CD6DC847D112}.Release|Any CPU.ActiveCfg = Release|Any CPU
		{3ACF4B39-3024-4FC2-8E68-CD6DC847D112}.Release|Any CPU.Build.0 = Release|Any CPU
		{D0422467-642C-4F4A-9E2F-694894102792}.Debug|Any CPU.ActiveCfg = Debug|Any CPU
		{D0422467-642C-4F4A-9E2F-694894102792}.Debug|Any CPU.Build.0 = Debug|Any CPU
		{D0422467-642C-4F4A-9E2F-694894102792}.Release|Any CPU.ActiveCfg = Release|Any CPU
		{D0422467-642C-4F4A-9E2F-694894102792}.Release|Any CPU.Build.0 = Release|Any CPU
		{60232825-FDFE-449A-8A3C-D238F90F2892}.Debug|Any CPU.ActiveCfg = Debug|Any CPU
		{60232825-FDFE-449A-8A3C-D238F90F2892}.Debug|Any CPU.Build.0 = Debug|Any CPU
		{60232825-FDFE-449A-8A3C-D238F90F2892}.Release|Any CPU.ActiveCfg = Release|Any CPU
		{60232825-FDFE-449A-8A3C-D238F90F2892}.Release|Any CPU.Build.0 = Release|Any CPU
	EndGlobalSection
	GlobalSection(SolutionProperties) = preSolution
		HideSolutionNode = FALSE
	EndGlobalSection
	GlobalSection(ExtensibilityGlobals) = postSolution
		SolutionGuid = {CDD99BCC-9B5F-47B6-B5DF-150FCD169A2B}
	EndGlobalSection
EndGlobal
